PODS:
  - Alamofire (5.12.2)
  - IJKPlayerKit (1.1.0)
  - IQKeyboardCore (1.0.9)
  - IQKeyboardManagerSwift (8.0.3):
    - IQKeyboardManagerSwift/Appearance (= 8.0.3)
    - IQKeyboardManagerSwift/Core (= 8.0.3)
    - IQKeyboardManagerSwift/IQKeyboardReturnManager (= 8.0.3)
    - IQKeyboardManagerSwift/IQKeyboardToolbarManager (= 8.0.3)
    - IQKeyboardManagerSwift/IQTextView (= 8.0.3)
    - IQKeyboardManagerSwift/Resign (= 8.0.3)
  - IQKeyboardManagerSwift/Appearance (8.0.3):
    - IQKeyboardManagerSwift/Core
    - IQTextInputViewNotification
  - IQKeyboardManagerSwift/Core (8.0.3):
    - IQKeyboardNotification
    - IQTextInputViewNotification
  - IQKeyboardManagerSwift/IQKeyboardReturnManager (8.0.3):
    - IQKeyboardReturnManager
  - IQKeyboardManagerSwift/IQKeyboardToolbarManager (8.0.3):
    - IQKeyboardManagerSwift/Core
    - IQKeyboardToolbarManager
  - IQKeyboardManagerSwift/IQTextView (8.0.3):
    - IQTextView
  - IQKeyboardManagerSwift/Resign (8.0.3):
    - IQKeyboardManagerSwift/Core
    - IQTextInputViewNotification
  - IQKeyboardNotification (1.0.7)
  - IQKeyboardReturnManager (1.0.6):
    - IQKeyboardCore
  - IQKeyboardToolbar (1.1.5):
    - IQKeyboardToolbar/Core (= 1.1.5)
  - IQKeyboardToolbar/Core (1.1.5):
    - IQKeyboardCore
    - IQKeyboardToolbar/Placeholderable
  - IQKeyboardToolbar/Placeholderable (1.1.5)
  - IQKeyboardToolbarManager (1.1.6):
    - IQKeyboardToolbar
    - IQTextInputViewNotification
  - IQTextInputViewNotification (1.0.9):
    - IQKeyboardCore
  - IQTextView (1.0.5):
    - IQKeyboardToolbar/Placeholderable
  - Kingfisher (8.12.0)
  - KingfisherWebP (1.7.3):
    - Kingfisher (~> 8.0)
    - libwebp (>= 1.1.0)
  - libwebp (1.6.0):
    - libwebp/demux (= 1.6.0)
    - libwebp/mux (= 1.6.0)
    - libwebp/sharpyuv (= 1.6.0)
    - libwebp/webp (= 1.6.0)
  - libwebp/demux (1.6.0):
    - libwebp/webp
  - libwebp/mux (1.6.0):
    - libwebp/demux
  - libwebp/sharpyuv (1.6.0)
  - libwebp/webp (1.6.0):
    - libwebp/sharpyuv
  - Masonry (1.1.0)
  - Moya (15.0.0):
    - Moya/Core (= 15.0.0)
  - Moya/Core (15.0.0):
    - Alamofire (~> 5.0)
  - SDWebImage (5.21.7):
    - SDWebImage/Core (= 5.21.7)
  - SDWebImage/Core (5.21.7)
  - SDWebImageWebPCoder (0.15.0):
    - libwebp (~> 1.0)
    - SDWebImage/Core (~> 5.17)
  - SnapKit (5.7.1)
  - WYBasisKit-ObjC (26.9.0):
    - WYBasisKit-ObjC/Activity (= 26.9.0)
    - WYBasisKit-ObjC/AudioKit (= 26.9.0)
    - WYBasisKit-ObjC/Authorization (= 26.9.0)
    - WYBasisKit-ObjC/Codable (= 26.9.0)
    - WYBasisKit-ObjC/Config (= 26.9.0)
    - WYBasisKit-ObjC/EventHandler (= 26.9.0)
    - WYBasisKit-ObjC/Extension (= 26.9.0)
    - WYBasisKit-ObjC/Imports (= 26.9.0)
    - WYBasisKit-ObjC/Layout (= 26.9.0)
    - WYBasisKit-ObjC/Localizable (= 26.9.0)
    - WYBasisKit-ObjC/LogManager (= 26.9.0)
    - WYBasisKit-ObjC/MacroDefinition (= 26.9.0)
    - WYBasisKit-ObjC/Networking (= 26.9.0)
    - WYBasisKit-ObjC/Storage (= 26.9.0)
  - WYBasisKit-ObjC/Activity (26.9.0):
    - WYBasisKit-ObjC/Imports (= 26.9.0)
    - WYBasisKit-swift (= 26.9.0)
  - WYBasisKit-ObjC/AudioKit (26.9.0):
    - WYBasisKit-ObjC/Imports (= 26.9.0)
    - WYBasisKit-swift (= 26.9.0)
  - WYBasisKit-ObjC/Authorization (26.9.0):
    - WYBasisKit-ObjC/Authorization/Biometric (= 26.9.0)
    - WYBasisKit-ObjC/Authorization/Camera (= 26.9.0)
    - WYBasisKit-ObjC/Authorization/Contacts (= 26.9.0)
    - WYBasisKit-ObjC/Authorization/Location (= 26.9.0)
    - WYBasisKit-ObjC/Authorization/Microphone (= 26.9.0)
    - WYBasisKit-ObjC/Authorization/PhotoAlbums (= 26.9.0)
    - WYBasisKit-ObjC/Authorization/SpeechRecognition (= 26.9.0)
  - WYBasisKit-ObjC/Authorization/Biometric (26.9.0):
    - WYBasisKit-ObjC/Imports (= 26.9.0)
    - WYBasisKit-swift (= 26.9.0)
  - WYBasisKit-ObjC/Authorization/Camera (26.9.0):
    - WYBasisKit-ObjC/Imports (= 26.9.0)
    - WYBasisKit-swift (= 26.9.0)
  - WYBasisKit-ObjC/Authorization/Contacts (26.9.0):
    - WYBasisKit-ObjC/Imports (= 26.9.0)
    - WYBasisKit-swift (= 26.9.0)
  - WYBasisKit-ObjC/Authorization/Location (26.9.0):
    - WYBasisKit-ObjC/Imports (= 26.9.0)
    - WYBasisKit-swift (= 26.9.0)
  - WYBasisKit-ObjC/Authorization/Microphone (26.9.0):
    - WYBasisKit-ObjC/Imports (= 26.9.0)
    - WYBasisKit-swift (= 26.9.0)
  - WYBasisKit-ObjC/Authorization/PhotoAlbums (26.9.0):
    - WYBasisKit-ObjC/Imports (= 26.9.0)
    - WYBasisKit-swift (= 26.9.0)
  - WYBasisKit-ObjC/Authorization/SpeechRecognition (26.9.0):
    - WYBasisKit-ObjC/Imports (= 26.9.0)
    - WYBasisKit-swift (= 26.9.0)
  - WYBasisKit-ObjC/Codable (26.9.0):
    - WYBasisKit-ObjC/Imports (= 26.9.0)
    - WYBasisKit-swift (= 26.9.0)
  - WYBasisKit-ObjC/Config (26.9.0):
    - WYBasisKit-ObjC/Imports (= 26.9.0)
    - WYBasisKit-swift (= 26.9.0)
  - WYBasisKit-ObjC/EventHandler (26.9.0):
    - WYBasisKit-ObjC/Imports (= 26.9.0)
    - WYBasisKit-swift (= 26.9.0)
  - WYBasisKit-ObjC/Extension (26.9.0):
    - WYBasisKit-ObjC/Config (= 26.9.0)
    - WYBasisKit-ObjC/Imports (= 26.9.0)
    - WYBasisKit-swift (= 26.9.0)
  - WYBasisKit-ObjC/Imports (26.9.0):
    - WYBasisKit-ObjC/MacroDefinition (= 26.9.0)
  - WYBasisKit-ObjC/Layout (26.9.0):
    - WYBasisKit-ObjC/Layout/AirBubbleView (= 26.9.0)
    - WYBasisKit-ObjC/Layout/ContentScrollView (= 26.9.0)
    - WYBasisKit-ObjC/Layout/MediaPlayer (= 26.9.0)
    - WYBasisKit-ObjC/Layout/PagingView (= 26.9.0)
    - WYBasisKit-ObjC/Layout/SoundWavesView (= 26.9.0)
  - WYBasisKit-ObjC/Layout/AirBubbleView (26.9.0):
    - WYBasisKit-swift (= 26.9.0)
  - WYBasisKit-ObjC/Layout/ContentScrollView (26.9.0):
    - WYBasisKit-ObjC/Imports (= 26.9.0)
    - WYBasisKit-swift (= 26.9.0)
  - WYBasisKit-ObjC/Layout/MediaPlayer (26.9.0):
    - WYBasisKit-ObjC/Imports (= 26.9.0)
    - WYBasisKit-swift (= 26.9.0)
  - WYBasisKit-ObjC/Layout/PagingView (26.9.0):
    - WYBasisKit-ObjC/Imports (= 26.9.0)
    - WYBasisKit-swift (= 26.9.0)
  - WYBasisKit-ObjC/Layout/SoundWavesView (26.9.0):
    - WYBasisKit-swift (= 26.9.0)
  - WYBasisKit-ObjC/Localizable (26.9.0):
    - WYBasisKit-ObjC/Config (= 26.9.0)
    - WYBasisKit-ObjC/Imports (= 26.9.0)
    - WYBasisKit-swift (= 26.9.0)
  - WYBasisKit-ObjC/LogManager (26.9.0):
    - WYBasisKit-ObjC/Imports (= 26.9.0)
    - WYBasisKit-swift (= 26.9.0)
  - WYBasisKit-ObjC/MacroDefinition (26.9.0)
  - WYBasisKit-ObjC/Networking (26.9.0):
    - WYBasisKit-ObjC/Codable (= 26.9.0)
    - WYBasisKit-ObjC/Imports (= 26.9.0)
    - WYBasisKit-ObjC/Storage (= 26.9.0)
    - WYBasisKit-swift (= 26.9.0)
  - WYBasisKit-ObjC/Storage (26.9.0):
    - WYBasisKit-ObjC/Imports (= 26.9.0)
    - WYBasisKit-swift (= 26.9.0)
  - WYBasisKit-swift (26.9.0):
    - WYBasisKit-swift/Activity (= 26.9.0)
    - WYBasisKit-swift/AudioKit (= 26.9.0)
    - WYBasisKit-swift/Authorization (= 26.9.0)
    - WYBasisKit-swift/Codable (= 26.9.0)
    - WYBasisKit-swift/Config (= 26.9.0)
    - WYBasisKit-swift/EventHandler (= 26.9.0)
    - WYBasisKit-swift/Extension (= 26.9.0)
    - WYBasisKit-swift/Layout (= 26.9.0)
    - WYBasisKit-swift/Localizable (= 26.9.0)
    - WYBasisKit-swift/LogManager (= 26.9.0)
    - WYBasisKit-swift/MethodSwizzler (= 26.9.0)
    - WYBasisKit-swift/Networking (= 26.9.0)
    - WYBasisKit-swift/Storage (= 26.9.0)
  - WYBasisKit-swift/Activity (26.9.0):
    - WYBasisKit-swift/Localizable
    - WYBasisKit-swift/LogManager
    - WYBasisKit-swift/MethodSwizzler
  - WYBasisKit-swift/AudioKit (26.9.0):
    - WYBasisKit-swift/Authorization/Microphone
  - WYBasisKit-swift/Authorization (26.9.0):
    - WYBasisKit-swift/Authorization/Biometric (= 26.9.0)
    - WYBasisKit-swift/Authorization/Camera (= 26.9.0)
    - WYBasisKit-swift/Authorization/Contacts (= 26.9.0)
    - WYBasisKit-swift/Authorization/Location (= 26.9.0)
    - WYBasisKit-swift/Authorization/Microphone (= 26.9.0)
    - WYBasisKit-swift/Authorization/PhotoAlbums (= 26.9.0)
    - WYBasisKit-swift/Authorization/SpeechRecognition (= 26.9.0)
  - WYBasisKit-swift/Authorization/Biometric (26.9.0):
    - WYBasisKit-swift/Localizable
    - WYBasisKit-swift/LogManager
  - WYBasisKit-swift/Authorization/Camera (26.9.0):
    - WYBasisKit-swift/Localizable
    - WYBasisKit-swift/LogManager
  - WYBasisKit-swift/Authorization/Contacts (26.9.0):
    - WYBasisKit-swift/Localizable
    - WYBasisKit-swift/LogManager
  - WYBasisKit-swift/Authorization/Location (26.9.0):
    - WYBasisKit-swift/Localizable
    - WYBasisKit-swift/LogManager
  - WYBasisKit-swift/Authorization/Microphone (26.9.0):
    - WYBasisKit-swift/Localizable
    - WYBasisKit-swift/LogManager
  - WYBasisKit-swift/Authorization/PhotoAlbums (26.9.0):
    - WYBasisKit-swift/Localizable
    - WYBasisKit-swift/LogManager
  - WYBasisKit-swift/Authorization/SpeechRecognition (26.9.0):
    - WYBasisKit-swift/Localizable
    - WYBasisKit-swift/LogManager
  - WYBasisKit-swift/Codable (26.9.0)
  - WYBasisKit-swift/Config (26.9.0)
  - WYBasisKit-swift/EventHandler (26.9.0)
  - WYBasisKit-swift/Extension (26.9.0):
    - WYBasisKit-swift/Config
    - WYBasisKit-swift/Localizable
    - WYBasisKit-swift/LogManager
    - WYBasisKit-swift/MethodSwizzler
  - WYBasisKit-swift/Layout (26.9.0):
    - WYBasisKit-swift/Layout/AirBubbleView (= 26.9.0)
    - WYBasisKit-swift/Layout/ChatView (= 26.9.0)
    - WYBasisKit-swift/Layout/ContentScrollView (= 26.9.0)
    - WYBasisKit-swift/Layout/MediaPlayer (= 26.9.0)
    - WYBasisKit-swift/Layout/PagingView (= 26.9.0)
    - WYBasisKit-swift/Layout/SoundWavesView (= 26.9.0)
  - WYBasisKit-swift/Layout/AirBubbleView (26.9.0):
    - WYBasisKit-swift/Localizable
    - WYBasisKit-swift/LogManager
    - WYBasisKit-swift/MethodSwizzler
  - WYBasisKit-swift/Layout/ChatView (26.9.0):
    - Kingfisher
    - SnapKit
    - WYBasisKit-swift/AudioKit
    - WYBasisKit-swift/Authorization/Microphone
    - WYBasisKit-swift/Extension
    - WYBasisKit-swift/Layout/AirBubbleView
    - WYBasisKit-swift/Layout/SoundWavesView
    - WYBasisKit-swift/Localizable
    - WYBasisKit-swift/LogManager
    - WYBasisKit-swift/Storage
  - WYBasisKit-swift/Layout/ContentScrollView (26.9.0):
    - WYBasisKit-swift/Localizable
    - WYBasisKit-swift/LogManager
    - WYBasisKit-swift/MethodSwizzler
  - WYBasisKit-swift/Layout/MediaPlayer (26.9.0):
    - IJKPlayerKit (= 1.1.0)
  - WYBasisKit-swift/Layout/PagingView (26.9.0):
    - WYBasisKit-swift/LogManager
    - WYBasisKit-swift/MethodSwizzler
  - WYBasisKit-swift/Layout/SoundWavesView (26.9.0)
  - WYBasisKit-swift/Localizable (26.9.0):
    - WYBasisKit-swift/Config
  - WYBasisKit-swift/LogManager (26.9.0):
    - WYBasisKit-swift/Localizable
  - WYBasisKit-swift/MethodSwizzler (26.9.0):
    - WYBasisKit-swift/Localizable
    - WYBasisKit-swift/LogManager
  - WYBasisKit-swift/Networking (26.9.0):
    - Moya
    - WYBasisKit-swift/Codable
    - WYBasisKit-swift/Localizable
    - WYBasisKit-swift/Storage
  - WYBasisKit-swift/Storage (26.9.0)
  - WYBasisKit-SwiftUI (26.3.0):
    - WYBasisKit-SwiftUI/Extension (= 26.3.0)
  - WYBasisKit-SwiftUI/Extension (26.3.0)

DEPENDENCIES:
  - IQKeyboardManagerSwift
  - Kingfisher
  - KingfisherWebP
  - Masonry
  - Moya
  - SDWebImage
  - SDWebImageWebPCoder
  - SnapKit
  - WYBasisKit-ObjC (from `WYBasisKit/WYBasisKit/WYBasisKit`)
  - WYBasisKit-swift (from `WYBasisKit/WYBasisKit/WYBasisKit`)
  - WYBasisKit-SwiftUI (from `WYBasisKit/WYBasisKit/WYBasisKit`)

SPEC REPOS:
  https://github.com/CocoaPods/Specs.git:
    - Alamofire
    - IJKPlayerKit
    - IQKeyboardCore
    - IQKeyboardManagerSwift
    - IQKeyboardNotification
    - IQKeyboardReturnManager
    - IQKeyboardToolbar
    - IQKeyboardToolbarManager
    - IQTextInputViewNotification
    - IQTextView
    - Kingfisher
    - KingfisherWebP
    - libwebp
    - Masonry
    - Moya
    - SDWebImage
    - SDWebImageWebPCoder
    - SnapKit

EXTERNAL SOURCES:
  WYBasisKit-ObjC:
    :path: WYBasisKit/WYBasisKit/WYBasisKit
  WYBasisKit-swift:
    :path: WYBasisKit/WYBasisKit/WYBasisKit
  WYBasisKit-SwiftUI:
    :path: WYBasisKit/WYBasisKit/WYBasisKit

SPEC CHECKSUMS:
  Alamofire: c5f37d8f438dc1d7fd3ff767f2f80fd01ca381d7
  IJKPlayerKit: 7880d6d13f1a2b7aa2dd43b9eae6f5acfe39b14a
  IQKeyboardCore: 250a88dfc713b2ecbe1dce250811d054fc016959
  IQKeyboardManagerSwift: 7f6a9a1e2285732d3ff5f485ff921215253ea77e
  IQKeyboardNotification: 3b9bc812a5af2cf97df08a363d9daa9fc0dc1848
  IQKeyboardReturnManager: fcbf51fc68d7536fc1fbcca5231c4e82576b12ac
  IQKeyboardToolbar: b0f26e43b9e806e961fde2344fe379ae193236b9
  IQKeyboardToolbarManager: 242e858cc74e06e00aa989bea1355b24d4397854
  IQTextInputViewNotification: 3b9fb27a16e7ee8958cc9092cfb07a1a9e1fd559
  IQTextView: ae13b4922f22e6f027f62c557d9f4f236b19d5c7
  Kingfisher: 64e06c7d1a9851ecff9d1b14f92ad01141263dae
  KingfisherWebP: 064869d5f1201396ec121dcc4c9cfbdba6ecb900
  libwebp: af5937a13536ef73f3784d69cc342b98961acf33
  Masonry: 678fab65091a9290e40e2832a55e7ab731aad201
  Moya: 138f0573e53411fb3dc17016add0b748dfbd78ee
  SDWebImage: e9fc87c1aab89a8ab1bbd74eba378c6f53be8abf
  SDWebImageWebPCoder: 0e06e365080397465cc73a7a9b472d8a3bd0f377
  SnapKit: d612e99e678a2d3b95bf60b0705ed0a35c03484a
  WYBasisKit-ObjC: 51328a7eea22f4258612026aa876184b659965c0
  WYBasisKit-swift: 2f1fac1eb8d853415418199022daeb132cf4d384
  WYBasisKit-SwiftUI: 6ee148e94228e05b40b53db09fcc991ab24bbd6c

PODFILE CHECKSUM: 159ba921c457cc6a5dca4797a43155800f9f5976

COCOAPODS: 1.16.2
