PODS:
  - Alamofire (5.6.4)
  - HandyJSON (5.0.2)
  - IQKeyboardManagerSwift (6.5.11)
  - Kingfisher (7.6.2)
  - Moya (15.0.0):
    - Moya/Core (= 15.0.0)
  - Moya/Core (15.0.0):
    - Alamofire (~> 5.0)
  - ReachabilitySwift (5.0.0)
  - SnapKit (5.6.0)

DEPENDENCIES:
  - HandyJSON
  - IQKeyboardManagerSwift
  - Kingfisher
  - Moya
  - ReachabilitySwift
  - SnapKit

SPEC REPOS:
  https://github.com/CocoaPods/Specs.git:
    - Alamofire
    - HandyJSON
    - IQKeyboardManagerSwift
    - Kingfisher
    - Moya
    - ReachabilitySwift
    - SnapKit

SPEC CHECKSUMS:
  Alamofire: 4e95d97098eacb88856099c4fc79b526a299e48c
  HandyJSON: 9e4e236f5d2dbefad5155a77417bbea438201c03
  IQKeyboardManagerSwift: c7955c0bdbf7b2eb29bb7daaa44e3d90f55a9a85
  Kingfisher: 6c5449c6450c5239166510ba04afe374a98afc4f
  Moya: 138f0573e53411fb3dc17016add0b748dfbd78ee
  ReachabilitySwift: 985039c6f7b23a1da463388634119492ff86c825
  SnapKit: e01d52ebb8ddbc333eefe2132acf85c8227d9c25

PODFILE CHECKSUM: 332329c8ff02ba4c76a07d7e54d2bce19257a141

COCOAPODS: 1.11.3
