PODS:
  - Alamofire (5.7.1)
  - HandyJSON (5.0.2)
  - IQKeyboardManagerSwift (6.5.11)
  - Kingfisher (7.7.0)
  - Moya (15.0.0):
    - Moya/Core (= 15.0.0)
  - Moya/Core (15.0.0):
    - Alamofire (~> 5.0)
  - SnapKit (5.6.0)
  - WYBasisKit (1.2.9):
    - WYBasisKit/Extension (= 1.2.9)
  - WYBasisKit/Activity (1.2.9):
    - WYBasisKit/Localizable
  - WYBasisKit/Authorization (1.2.9):
    - WYBasisKit/Authorization/Biometric (= 1.2.9)
    - WYBasisKit/Authorization/Camera (= 1.2.9)
    - WYBasisKit/Authorization/Contacts (= 1.2.9)
    - WYBasisKit/Authorization/Microphone (= 1.2.9)
    - WYBasisKit/Authorization/PhotoAlbums (= 1.2.9)
    - WYBasisKit/Authorization/SpeechRecognition (= 1.2.9)
  - WYBasisKit/Authorization/Biometric (1.2.9):
    - WYBasisKit/Localizable
  - WYBasisKit/Authorization/Camera (1.2.9):
    - WYBasisKit/Localizable
  - WYBasisKit/Authorization/Contacts (1.2.9):
    - WYBasisKit/Localizable
  - WYBasisKit/Authorization/Microphone (1.2.9):
    - WYBasisKit/Localizable
  - WYBasisKit/Authorization/PhotoAlbums (1.2.9):
    - WYBasisKit/Localizable
  - WYBasisKit/Authorization/SpeechRecognition (1.2.9):
    - WYBasisKit/Localizable
  - WYBasisKit/Config (1.2.9)
  - WYBasisKit/Extension (1.2.9):
    - WYBasisKit/Config
    - WYBasisKit/Localizable
  - WYBasisKit/Layout (1.2.9):
    - WYBasisKit/Layout/BannerView (= 1.2.9)
    - WYBasisKit/Layout/PagingView (= 1.2.9)
    - WYBasisKit/Layout/ScrollText (= 1.2.9)
  - WYBasisKit/Layout/BannerView (1.2.9):
    - Kingfisher
    - WYBasisKit/Localizable
  - WYBasisKit/Layout/PagingView (1.2.9):
    - SnapKit
  - WYBasisKit/Layout/ScrollText (1.2.9):
    - SnapKit
    - WYBasisKit/Localizable
  - WYBasisKit/Localizable (1.2.9):
    - WYBasisKit/Config
  - WYBasisKit/Networking (1.2.9):
    - HandyJSON
    - Moya
    - WYBasisKit/Localizable
    - WYBasisKit/Storage
  - WYBasisKit/Storage (1.2.9)
  - WYLivePlayer (1.0.0):
    - Kingfisher
    - SnapKit

DEPENDENCIES:
  - IQKeyboardManagerSwift
  - WYBasisKit
  - WYBasisKit/Activity
  - WYBasisKit/Authorization
  - WYBasisKit/Layout
  - WYBasisKit/Localizable
  - WYBasisKit/Networking
  - WYBasisKit/Storage
  - WYLivePlayer

SPEC REPOS:
  https://github.com/CocoaPods/Specs.git:
    - Alamofire
    - HandyJSON
    - IQKeyboardManagerSwift
    - Kingfisher
    - Moya
    - SnapKit
    - WYBasisKit
    - WYLivePlayer

SPEC CHECKSUMS:
  Alamofire: 0123a34370cb170936ae79a8df46cc62b2edeb88
  HandyJSON: 9e4e236f5d2dbefad5155a77417bbea438201c03
  IQKeyboardManagerSwift: c7955c0bdbf7b2eb29bb7daaa44e3d90f55a9a85
  Kingfisher: f043ac666dfc96c1f37604f93effb45a7ee3a3e1
  Moya: 138f0573e53411fb3dc17016add0b748dfbd78ee
  SnapKit: e01d52ebb8ddbc333eefe2132acf85c8227d9c25
  WYBasisKit: e71c013072f963e6f57eb344d2538d989696237b
  WYLivePlayer: cc4a80531488cad20ca45ebe58f529f31bbc44d9

PODFILE CHECKSUM: 8ee7e441b8fc46ae0f908233b8ac043bf7da41d7

COCOAPODS: 1.11.3
