// !$*UTF8*$!
{
	archiveVersion = 1;
	classes = {
	};
	objectVersion = 51;
	objects = {

/* Begin PBXBuildFile section */
		1F04CF5A25820501002B8B11 /* WYTestView.swift in Sources */ = {isa = PBXBuildFile; fileRef = 1F04CF5925820501002B8B11 /* WYTestView.swift */; };
		1F24689A25B13DB700E02F78 /* WYProtocolManager.swift in Sources */ = {isa = PBXBuildFile; fileRef = 1F24689925B13DB700E02F78 /* WYProtocolManager.swift */; };
		1F2468A025B13DFB00E02F78 /* WYCollectionViewFlowLayout.swift in Sources */ = {isa = PBXBuildFile; fileRef = 1F24689E25B13DFB00E02F78 /* WYCollectionViewFlowLayout.swift */; };
		1F2468A825B17B6C00E02F78 /* WYTestRichTextController.swift in Sources */ = {isa = PBXBuildFile; fileRef = 1F2468A725B17B6C00E02F78 /* WYTestRichTextController.swift */; };
		1F2723302588869200E78AE0 /* WYTestBannerController.swift in Sources */ = {isa = PBXBuildFile; fileRef = 1F27232F2588869200E78AE0 /* WYTestBannerController.swift */; };
		1F3CEEB325773CE200955712 /* Foundation+JSONLog.m in Sources */ = {isa = PBXBuildFile; fileRef = 1F3CEEB225773CE200955712 /* Foundation+JSONLog.m */; };
		1F4A0E49256B4A52002E932D /* WYNetworkConfig.swift in Sources */ = {isa = PBXBuildFile; fileRef = 1F4A0E48256B4A52002E932D /* WYNetworkConfig.swift */; };
		1F4A73DD25C25FA300ED1FCF /* WYMultilevelTableViewController.swift in Sources */ = {isa = PBXBuildFile; fileRef = 1F4A73DC25C25FA300ED1FCF /* WYMultilevelTableViewController.swift */; };
		1F5C3E4D25787E7D00E0DBFF /* WYTabBarController.swift in Sources */ = {isa = PBXBuildFile; fileRef = 1F5C3E4C25787E7D00E0DBFF /* WYTabBarController.swift */; };
		1F5C3E5025787EB400E0DBFF /* WYLeftController.swift in Sources */ = {isa = PBXBuildFile; fileRef = 1F5C3E4F25787EB400E0DBFF /* WYLeftController.swift */; };
		1F5C3E5325787EC500E0DBFF /* WYCenterController.swift in Sources */ = {isa = PBXBuildFile; fileRef = 1F5C3E5225787EC500E0DBFF /* WYCenterController.swift */; };
		1F5C3E5625787ED300E0DBFF /* WYRightController.swift in Sources */ = {isa = PBXBuildFile; fileRef = 1F5C3E5525787ED300E0DBFF /* WYRightController.swift */; };
		1F5C3E612578B61B00E0DBFF /* UIApplication.swift in Sources */ = {isa = PBXBuildFile; fileRef = 1F5C3E602578B61B00E0DBFF /* UIApplication.swift */; };
		1F5C3E942578CD5400E0DBFF /* WYLocalizableManager.swift in Sources */ = {isa = PBXBuildFile; fileRef = 1F5C3E932578CD5400E0DBFF /* WYLocalizableManager.swift */; };
		1F952EF425806EB100F03251 /* README.md in Resources */ = {isa = PBXBuildFile; fileRef = 1F952EF225806EB100F03251 /* README.md */; };
		1F952EF525806EB100F03251 /* WYBasisKit.podspec in Resources */ = {isa = PBXBuildFile; fileRef = 1F952EF325806EB100F03251 /* WYBasisKit.podspec */; };
		1F952EF825807ACE00F03251 /* WYConstMethod.swift in Sources */ = {isa = PBXBuildFile; fileRef = 1F952EF725807ACE00F03251 /* WYConstMethod.swift */; };
		1F952EFC25807F5600F03251 /* WYEnums.swift in Sources */ = {isa = PBXBuildFile; fileRef = 1F952EFB25807F5600F03251 /* WYEnums.swift */; };
		1F9717FE25B55CB600CA7A33 /* WYWaterfallsFlowLayout.swift in Sources */ = {isa = PBXBuildFile; fileRef = 1F9717FD25B55CB600CA7A33 /* WYWaterfallsFlowLayout.swift */; };
		1F99DCC8257DCFAE003D2408 /* WYPagingView.swift in Sources */ = {isa = PBXBuildFile; fileRef = 1F99DCC7257DCFAE003D2408 /* WYPagingView.swift */; };
		1F9B22BB258747830099AC92 /* WYBannerView.swift in Sources */ = {isa = PBXBuildFile; fileRef = 1F9B22BA258747830099AC92 /* WYBannerView.swift */; };
		1FA6B68B25CD1B3400005170 /* WYWaterfallParagraphLayout.swift in Sources */ = {isa = PBXBuildFile; fileRef = 1FA6B68A25CD1B3400005170 /* WYWaterfallParagraphLayout.swift */; };
		3B3DC2F1D41BE472909DAAC1 /* libPods-WYBasisKit.a in Frameworks */ = {isa = PBXBuildFile; fileRef = DC30AAA7963EADDE72D26FBC /* libPods-WYBasisKit.a */; };
		AA327F032569179F00CF5CBE /* WYBasisKitConfig.swift in Sources */ = {isa = PBXBuildFile; fileRef = AA327F022569179F00CF5CBE /* WYBasisKitConfig.swift */; };
		AA484EB324FA262100B39D60 /* AppDelegate.swift in Sources */ = {isa = PBXBuildFile; fileRef = AA484EB224FA262100B39D60 /* AppDelegate.swift */; };
		AA484EBA24FA262100B39D60 /* Main.storyboard in Resources */ = {isa = PBXBuildFile; fileRef = AA484EB824FA262100B39D60 /* Main.storyboard */; };
		AA484EBC24FA262500B39D60 /* Assets.xcassets in Resources */ = {isa = PBXBuildFile; fileRef = AA484EBB24FA262500B39D60 /* Assets.xcassets */; };
		AA484EBF24FA262500B39D60 /* LaunchScreen.storyboard in Resources */ = {isa = PBXBuildFile; fileRef = AA484EBD24FA262500B39D60 /* LaunchScreen.storyboard */; };
		AA771BCF2568F834002C748B /* UIImage.swift in Sources */ = {isa = PBXBuildFile; fileRef = AA771B942568F834002C748B /* UIImage.swift */; };
		AA771BD02568F834002C748B /* NSMutableAttributedString.swift in Sources */ = {isa = PBXBuildFile; fileRef = AA771B962568F834002C748B /* NSMutableAttributedString.swift */; };
		AA771BD12568F834002C748B /* UIColor.swift in Sources */ = {isa = PBXBuildFile; fileRef = AA771B982568F834002C748B /* UIColor.swift */; };
		AA771BD22568F834002C748B /* UIAlertController.swift in Sources */ = {isa = PBXBuildFile; fileRef = AA771B9A2568F834002C748B /* UIAlertController.swift */; };
		AA771BD32568F834002C748B /* WYCountdown.swift in Sources */ = {isa = PBXBuildFile; fileRef = AA771B9C2568F834002C748B /* WYCountdown.swift */; };
		AA771BD42568F834002C748B /* UIFont.swift in Sources */ = {isa = PBXBuildFile; fileRef = AA771B9E2568F834002C748B /* UIFont.swift */; };
		AA771BD52568F834002C748B /* UIDevice.swift in Sources */ = {isa = PBXBuildFile; fileRef = AA771BA02568F834002C748B /* UIDevice.swift */; };
		AA771BD62568F834002C748B /* UIViewController.swift in Sources */ = {isa = PBXBuildFile; fileRef = AA771BA22568F834002C748B /* UIViewController.swift */; };
		AA771BD72568F834002C748B /* UINavigationController.swift in Sources */ = {isa = PBXBuildFile; fileRef = AA771BA42568F834002C748B /* UINavigationController.swift */; };
		AA771BD82568F834002C748B /* WYBiometric.swift in Sources */ = {isa = PBXBuildFile; fileRef = AA771BA62568F834002C748B /* WYBiometric.swift */; };
		AA771BD92568F834002C748B /* WYAuthorize.swift in Sources */ = {isa = PBXBuildFile; fileRef = AA771BA82568F834002C748B /* WYAuthorize.swift */; };
		AA771BDA2568F834002C748B /* NumberFormatter.swift in Sources */ = {isa = PBXBuildFile; fileRef = AA771BAA2568F834002C748B /* NumberFormatter.swift */; };
		AA771BDB2568F834002C748B /* String.swift in Sources */ = {isa = PBXBuildFile; fileRef = AA771BAC2568F834002C748B /* String.swift */; };
		AA771BDC2568F834002C748B /* NSObject.swift in Sources */ = {isa = PBXBuildFile; fileRef = AA771BAE2568F834002C748B /* NSObject.swift */; };
		AA771BDE2568F834002C748B /* UILabel.swift in Sources */ = {isa = PBXBuildFile; fileRef = AA771BB32568F834002C748B /* UILabel.swift */; };
		AA771BE02568F834002C748B /* UIButton.swift in Sources */ = {isa = PBXBuildFile; fileRef = AA771BB72568F834002C748B /* UIButton.swift */; };
		AA771BE22568F834002C748B /* UIView.swift in Sources */ = {isa = PBXBuildFile; fileRef = AA771BBA2568F834002C748B /* UIView.swift */; };
		AA771BE32568F834002C748B /* UITableView.swift in Sources */ = {isa = PBXBuildFile; fileRef = AA771BBD2568F834002C748B /* UITableView.swift */; };
		AA771BE42568F834002C748B /* UITextField.swift in Sources */ = {isa = PBXBuildFile; fileRef = AA771BBF2568F834002C748B /* UITextField.swift */; };
		AA771BE62568F834002C748B /* WYNetworkManager.swift in Sources */ = {isa = PBXBuildFile; fileRef = AA771BC22568F834002C748B /* WYNetworkManager.swift */; };
		AA771BE72568F834002C748B /* WYNetworkServer.swift in Sources */ = {isa = PBXBuildFile; fileRef = AA771BC32568F834002C748B /* WYNetworkServer.swift */; };
		AA771BE82568F834002C748B /* WYConstDefinition.swift in Sources */ = {isa = PBXBuildFile; fileRef = AA771BC52568F834002C748B /* WYConstDefinition.swift */; };
		AA771BEA2568F834002C748B /* WYScrollText.swift in Sources */ = {isa = PBXBuildFile; fileRef = AA771BC92568F834002C748B /* WYScrollText.swift */; };
		AA771BEB2568F834002C748B /* WYBoolJudge.swift in Sources */ = {isa = PBXBuildFile; fileRef = AA771BCB2568F834002C748B /* WYBoolJudge.swift */; };
		AA771C1825691433002C748B /* WYLocalizable.strings in Resources */ = {isa = PBXBuildFile; fileRef = AA771C1A25691433002C748B /* WYLocalizable.strings */; };
		AA9CF8232584B47B008A7DE1 /* WYLeftControllerHeaderView.swift in Sources */ = {isa = PBXBuildFile; fileRef = AA9CF8222584B47B008A7DE1 /* WYLeftControllerHeaderView.swift */; };
		AA9CF82A2584B97C008A7DE1 /* WYTestDarkNightModeController.swift in Sources */ = {isa = PBXBuildFile; fileRef = AA9CF8292584B97C008A7DE1 /* WYTestDarkNightModeController.swift */; };
		AA9CF82D2584C262008A7DE1 /* WYTestAnimationController.swift in Sources */ = {isa = PBXBuildFile; fileRef = AA9CF82C2584C262008A7DE1 /* WYTestAnimationController.swift */; };
		AA9CF8302584C456008A7DE1 /* WYTestVisualController.swift in Sources */ = {isa = PBXBuildFile; fileRef = AA9CF82F2584C456008A7DE1 /* WYTestVisualController.swift */; };
		AAC3825A25A1874500B2D41C /* WYBannerView.bundle in Resources */ = {isa = PBXBuildFile; fileRef = AAC3825925A1874500B2D41C /* WYBannerView.bundle */; };
/* End PBXBuildFile section */

/* Begin PBXFileReference section */
		1F04CF5925820501002B8B11 /* WYTestView.swift */ = {isa = PBXFileReference; lastKnownFileType = sourcecode.swift; path = WYTestView.swift; sourceTree = "<group>"; };
		1F24689925B13DB700E02F78 /* WYProtocolManager.swift */ = {isa = PBXFileReference; fileEncoding = 4; lastKnownFileType = sourcecode.swift; path = WYProtocolManager.swift; sourceTree = "<group>"; };
		1F24689E25B13DFB00E02F78 /* WYCollectionViewFlowLayout.swift */ = {isa = PBXFileReference; fileEncoding = 4; lastKnownFileType = sourcecode.swift; path = WYCollectionViewFlowLayout.swift; sourceTree = "<group>"; };
		1F2468A725B17B6C00E02F78 /* WYTestRichTextController.swift */ = {isa = PBXFileReference; lastKnownFileType = sourcecode.swift; path = WYTestRichTextController.swift; sourceTree = "<group>"; };
		1F27232F2588869200E78AE0 /* WYTestBannerController.swift */ = {isa = PBXFileReference; lastKnownFileType = sourcecode.swift; path = WYTestBannerController.swift; sourceTree = "<group>"; };
		1F3CEEB225773CE200955712 /* Foundation+JSONLog.m */ = {isa = PBXFileReference; fileEncoding = 4; lastKnownFileType = sourcecode.c.objc; path = "Foundation+JSONLog.m"; sourceTree = "<group>"; };
		1F4A0E48256B4A52002E932D /* WYNetworkConfig.swift */ = {isa = PBXFileReference; lastKnownFileType = sourcecode.swift; path = WYNetworkConfig.swift; sourceTree = "<group>"; };
		1F4A73DC25C25FA300ED1FCF /* WYMultilevelTableViewController.swift */ = {isa = PBXFileReference; lastKnownFileType = sourcecode.swift; path = WYMultilevelTableViewController.swift; sourceTree = "<group>"; };
		1F5C3E4C25787E7D00E0DBFF /* WYTabBarController.swift */ = {isa = PBXFileReference; lastKnownFileType = sourcecode.swift; path = WYTabBarController.swift; sourceTree = "<group>"; };
		1F5C3E4F25787EB400E0DBFF /* WYLeftController.swift */ = {isa = PBXFileReference; lastKnownFileType = sourcecode.swift; path = WYLeftController.swift; sourceTree = "<group>"; };
		1F5C3E5225787EC500E0DBFF /* WYCenterController.swift */ = {isa = PBXFileReference; lastKnownFileType = sourcecode.swift; path = WYCenterController.swift; sourceTree = "<group>"; };
		1F5C3E5525787ED300E0DBFF /* WYRightController.swift */ = {isa = PBXFileReference; lastKnownFileType = sourcecode.swift; path = WYRightController.swift; sourceTree = "<group>"; };
		1F5C3E602578B61B00E0DBFF /* UIApplication.swift */ = {isa = PBXFileReference; lastKnownFileType = sourcecode.swift; path = UIApplication.swift; sourceTree = "<group>"; };
		1F5C3E932578CD5400E0DBFF /* WYLocalizableManager.swift */ = {isa = PBXFileReference; fileEncoding = 4; lastKnownFileType = sourcecode.swift; path = WYLocalizableManager.swift; sourceTree = "<group>"; };
		1F6AA1C325A6D56F00AADEE3 /* WYBasisKit.entitlements */ = {isa = PBXFileReference; lastKnownFileType = text.plist.entitlements; path = WYBasisKit.entitlements; sourceTree = "<group>"; };
		1F952EF225806EB100F03251 /* README.md */ = {isa = PBXFileReference; fileEncoding = 4; lastKnownFileType = net.daringfireball.markdown; path = README.md; sourceTree = SOURCE_ROOT; };
		1F952EF325806EB100F03251 /* WYBasisKit.podspec */ = {isa = PBXFileReference; lastKnownFileType = text; path = WYBasisKit.podspec; sourceTree = SOURCE_ROOT; };
		1F952EF725807ACE00F03251 /* WYConstMethod.swift */ = {isa = PBXFileReference; lastKnownFileType = sourcecode.swift; path = WYConstMethod.swift; sourceTree = "<group>"; };
		1F952EFB25807F5600F03251 /* WYEnums.swift */ = {isa = PBXFileReference; lastKnownFileType = sourcecode.swift; path = WYEnums.swift; sourceTree = "<group>"; };
		1F9717FD25B55CB600CA7A33 /* WYWaterfallsFlowLayout.swift */ = {isa = PBXFileReference; lastKnownFileType = sourcecode.swift; path = WYWaterfallsFlowLayout.swift; sourceTree = "<group>"; };
		1F99DCC7257DCFAE003D2408 /* WYPagingView.swift */ = {isa = PBXFileReference; lastKnownFileType = sourcecode.swift; path = WYPagingView.swift; sourceTree = "<group>"; };
		1F9B22BA258747830099AC92 /* WYBannerView.swift */ = {isa = PBXFileReference; fileEncoding = 4; lastKnownFileType = sourcecode.swift; path = WYBannerView.swift; sourceTree = "<group>"; };
		1FA6B68A25CD1B3400005170 /* WYWaterfallParagraphLayout.swift */ = {isa = PBXFileReference; fileEncoding = 4; lastKnownFileType = sourcecode.swift; path = WYWaterfallParagraphLayout.swift; sourceTree = "<group>"; };
		75FD4F7DFBF58D8B82417F4D /* Pods-WYBasisKit.release.xcconfig */ = {isa = PBXFileReference; includeInIndex = 1; lastKnownFileType = text.xcconfig; name = "Pods-WYBasisKit.release.xcconfig"; path = "Target Support Files/Pods-WYBasisKit/Pods-WYBasisKit.release.xcconfig"; sourceTree = "<group>"; };
		95FF853B47A9BDC19CFD8BF0 /* Pods-WYBasisKit.debug.xcconfig */ = {isa = PBXFileReference; includeInIndex = 1; lastKnownFileType = text.xcconfig; name = "Pods-WYBasisKit.debug.xcconfig"; path = "Target Support Files/Pods-WYBasisKit/Pods-WYBasisKit.debug.xcconfig"; sourceTree = "<group>"; };
		AA327F022569179F00CF5CBE /* WYBasisKitConfig.swift */ = {isa = PBXFileReference; lastKnownFileType = sourcecode.swift; path = WYBasisKitConfig.swift; sourceTree = "<group>"; };
		AA484EAF24FA262100B39D60 /* WYBasisKit.app */ = {isa = PBXFileReference; explicitFileType = wrapper.application; includeInIndex = 0; path = WYBasisKit.app; sourceTree = BUILT_PRODUCTS_DIR; };
		AA484EB224FA262100B39D60 /* AppDelegate.swift */ = {isa = PBXFileReference; lastKnownFileType = sourcecode.swift; path = AppDelegate.swift; sourceTree = "<group>"; };
		AA484EB924FA262100B39D60 /* Base */ = {isa = PBXFileReference; lastKnownFileType = file.storyboard; name = Base; path = Base.lproj/Main.storyboard; sourceTree = "<group>"; };
		AA484EBB24FA262500B39D60 /* Assets.xcassets */ = {isa = PBXFileReference; lastKnownFileType = folder.assetcatalog; path = Assets.xcassets; sourceTree = "<group>"; };
		AA484EBE24FA262500B39D60 /* Base */ = {isa = PBXFileReference; lastKnownFileType = file.storyboard; name = Base; path = Base.lproj/LaunchScreen.storyboard; sourceTree = "<group>"; };
		AA484EC024FA262500B39D60 /* Info.plist */ = {isa = PBXFileReference; lastKnownFileType = text.plist.xml; path = Info.plist; sourceTree = "<group>"; };
		AA771B942568F834002C748B /* UIImage.swift */ = {isa = PBXFileReference; fileEncoding = 4; lastKnownFileType = sourcecode.swift; path = UIImage.swift; sourceTree = "<group>"; };
		AA771B962568F834002C748B /* NSMutableAttributedString.swift */ = {isa = PBXFileReference; fileEncoding = 4; lastKnownFileType = sourcecode.swift; path = NSMutableAttributedString.swift; sourceTree = "<group>"; };
		AA771B982568F834002C748B /* UIColor.swift */ = {isa = PBXFileReference; fileEncoding = 4; lastKnownFileType = sourcecode.swift; path = UIColor.swift; sourceTree = "<group>"; };
		AA771B9A2568F834002C748B /* UIAlertController.swift */ = {isa = PBXFileReference; fileEncoding = 4; lastKnownFileType = sourcecode.swift; path = UIAlertController.swift; sourceTree = "<group>"; };
		AA771B9C2568F834002C748B /* WYCountdown.swift */ = {isa = PBXFileReference; fileEncoding = 4; lastKnownFileType = sourcecode.swift; path = WYCountdown.swift; sourceTree = "<group>"; };
		AA771B9E2568F834002C748B /* UIFont.swift */ = {isa = PBXFileReference; fileEncoding = 4; lastKnownFileType = sourcecode.swift; path = UIFont.swift; sourceTree = "<group>"; };
		AA771BA02568F834002C748B /* UIDevice.swift */ = {isa = PBXFileReference; fileEncoding = 4; lastKnownFileType = sourcecode.swift; path = UIDevice.swift; sourceTree = "<group>"; };
		AA771BA22568F834002C748B /* UIViewController.swift */ = {isa = PBXFileReference; fileEncoding = 4; lastKnownFileType = sourcecode.swift; path = UIViewController.swift; sourceTree = "<group>"; };
		AA771BA42568F834002C748B /* UINavigationController.swift */ = {isa = PBXFileReference; fileEncoding = 4; lastKnownFileType = sourcecode.swift; path = UINavigationController.swift; sourceTree = "<group>"; };
		AA771BA62568F834002C748B /* WYBiometric.swift */ = {isa = PBXFileReference; fileEncoding = 4; lastKnownFileType = sourcecode.swift; path = WYBiometric.swift; sourceTree = "<group>"; };
		AA771BA82568F834002C748B /* WYAuthorize.swift */ = {isa = PBXFileReference; fileEncoding = 4; lastKnownFileType = sourcecode.swift; path = WYAuthorize.swift; sourceTree = "<group>"; };
		AA771BAA2568F834002C748B /* NumberFormatter.swift */ = {isa = PBXFileReference; fileEncoding = 4; lastKnownFileType = sourcecode.swift; path = NumberFormatter.swift; sourceTree = "<group>"; };
		AA771BAC2568F834002C748B /* String.swift */ = {isa = PBXFileReference; fileEncoding = 4; lastKnownFileType = sourcecode.swift; path = String.swift; sourceTree = "<group>"; };
		AA771BAE2568F834002C748B /* NSObject.swift */ = {isa = PBXFileReference; fileEncoding = 4; lastKnownFileType = sourcecode.swift; path = NSObject.swift; sourceTree = "<group>"; };
		AA771BB32568F834002C748B /* UILabel.swift */ = {isa = PBXFileReference; fileEncoding = 4; lastKnownFileType = sourcecode.swift; path = UILabel.swift; sourceTree = "<group>"; };
		AA771BB72568F834002C748B /* UIButton.swift */ = {isa = PBXFileReference; fileEncoding = 4; lastKnownFileType = sourcecode.swift; path = UIButton.swift; sourceTree = "<group>"; };
		AA771BBA2568F834002C748B /* UIView.swift */ = {isa = PBXFileReference; fileEncoding = 4; lastKnownFileType = sourcecode.swift; path = UIView.swift; sourceTree = "<group>"; };
		AA771BBD2568F834002C748B /* UITableView.swift */ = {isa = PBXFileReference; fileEncoding = 4; lastKnownFileType = sourcecode.swift; path = UITableView.swift; sourceTree = "<group>"; };
		AA771BBF2568F834002C748B /* UITextField.swift */ = {isa = PBXFileReference; fileEncoding = 4; lastKnownFileType = sourcecode.swift; path = UITextField.swift; sourceTree = "<group>"; };
		AA771BC22568F834002C748B /* WYNetworkManager.swift */ = {isa = PBXFileReference; fileEncoding = 4; lastKnownFileType = sourcecode.swift; path = WYNetworkManager.swift; sourceTree = "<group>"; };
		AA771BC32568F834002C748B /* WYNetworkServer.swift */ = {isa = PBXFileReference; fileEncoding = 4; lastKnownFileType = sourcecode.swift; path = WYNetworkServer.swift; sourceTree = "<group>"; };
		AA771BC52568F834002C748B /* WYConstDefinition.swift */ = {isa = PBXFileReference; fileEncoding = 4; lastKnownFileType = sourcecode.swift; path = WYConstDefinition.swift; sourceTree = "<group>"; };
		AA771BC92568F834002C748B /* WYScrollText.swift */ = {isa = PBXFileReference; fileEncoding = 4; lastKnownFileType = sourcecode.swift; path = WYScrollText.swift; sourceTree = "<group>"; };
		AA771BCB2568F834002C748B /* WYBoolJudge.swift */ = {isa = PBXFileReference; fileEncoding = 4; lastKnownFileType = sourcecode.swift; path = WYBoolJudge.swift; sourceTree = "<group>"; };
		AA771C12256913D1002C748B /* zh-Hans */ = {isa = PBXFileReference; lastKnownFileType = text.plist.strings; name = "zh-Hans"; path = "zh-Hans.lproj/Main.strings"; sourceTree = "<group>"; };
		AA771C13256913D1002C748B /* zh-Hans */ = {isa = PBXFileReference; lastKnownFileType = text.plist.strings; name = "zh-Hans"; path = "zh-Hans.lproj/LaunchScreen.strings"; sourceTree = "<group>"; };
		AA771C1925691433002C748B /* en */ = {isa = PBXFileReference; lastKnownFileType = text.plist.strings; name = en; path = en.lproj/WYLocalizable.strings; sourceTree = "<group>"; };
		AA771C1B2569143C002C748B /* zh-Hans */ = {isa = PBXFileReference; lastKnownFileType = text.plist.strings; name = "zh-Hans"; path = "zh-Hans.lproj/WYLocalizable.strings"; sourceTree = "<group>"; };
		AA771C1E25691483002C748B /* en */ = {isa = PBXFileReference; lastKnownFileType = text.plist.strings; name = en; path = en.lproj/Main.strings; sourceTree = "<group>"; };
		AA771C2B25691494002C748B /* en */ = {isa = PBXFileReference; lastKnownFileType = text.plist.strings; name = en; path = en.lproj/LaunchScreen.strings; sourceTree = "<group>"; };
		AA9CF8222584B47B008A7DE1 /* WYLeftControllerHeaderView.swift */ = {isa = PBXFileReference; lastKnownFileType = sourcecode.swift; path = WYLeftControllerHeaderView.swift; sourceTree = "<group>"; };
		AA9CF8292584B97C008A7DE1 /* WYTestDarkNightModeController.swift */ = {isa = PBXFileReference; lastKnownFileType = sourcecode.swift; path = WYTestDarkNightModeController.swift; sourceTree = "<group>"; };
		AA9CF82C2584C262008A7DE1 /* WYTestAnimationController.swift */ = {isa = PBXFileReference; lastKnownFileType = sourcecode.swift; path = WYTestAnimationController.swift; sourceTree = "<group>"; };
		AA9CF82F2584C456008A7DE1 /* WYTestVisualController.swift */ = {isa = PBXFileReference; lastKnownFileType = sourcecode.swift; path = WYTestVisualController.swift; sourceTree = "<group>"; };
		AAC3825925A1874500B2D41C /* WYBannerView.bundle */ = {isa = PBXFileReference; lastKnownFileType = "wrapper.plug-in"; path = WYBannerView.bundle; sourceTree = "<group>"; };
		DC30AAA7963EADDE72D26FBC /* libPods-WYBasisKit.a */ = {isa = PBXFileReference; explicitFileType = archive.ar; includeInIndex = 0; path = "libPods-WYBasisKit.a"; sourceTree = BUILT_PRODUCTS_DIR; };
/* End PBXFileReference section */

/* Begin PBXFrameworksBuildPhase section */
		AA484EAC24FA262100B39D60 /* Frameworks */ = {
			isa = PBXFrameworksBuildPhase;
			buildActionMask = 2147483647;
			files = (
				3B3DC2F1D41BE472909DAAC1 /* libPods-WYBasisKit.a in Frameworks */,
			);
			runOnlyForDeploymentPostprocessing = 0;
		};
/* End PBXFrameworksBuildPhase section */

/* Begin PBXGroup section */
		1F24689725B13D9D00E02F78 /* Optional */ = {
			isa = PBXGroup;
			children = (
				1F24689C25B13DEF00E02F78 /* UICollectionViewFlowLayout */,
				1F24689825B13DB700E02F78 /* ProtocolManager */,
			);
			path = Optional;
			sourceTree = "<group>";
		};
		1F24689825B13DB700E02F78 /* ProtocolManager */ = {
			isa = PBXGroup;
			children = (
				1F24689925B13DB700E02F78 /* WYProtocolManager.swift */,
			);
			path = ProtocolManager;
			sourceTree = "<group>";
		};
		1F24689C25B13DEF00E02F78 /* UICollectionViewFlowLayout */ = {
			isa = PBXGroup;
			children = (
				1F24689E25B13DFB00E02F78 /* WYCollectionViewFlowLayout.swift */,
				1F9717FD25B55CB600CA7A33 /* WYWaterfallsFlowLayout.swift */,
				1FA6B68A25CD1B3400005170 /* WYWaterfallParagraphLayout.swift */,
			);
			path = UICollectionViewFlowLayout;
			sourceTree = "<group>";
		};
		1F3CEEB125773CA500955712 /* CNLog */ = {
			isa = PBXGroup;
			children = (
				1F3CEEB225773CE200955712 /* Foundation+JSONLog.m */,
			);
			path = CNLog;
			sourceTree = "<group>";
		};
		1F5C3E5F2578B60C00E0DBFF /* UIApplication */ = {
			isa = PBXGroup;
			children = (
				1F5C3E602578B61B00E0DBFF /* UIApplication.swift */,
			);
			path = UIApplication;
			sourceTree = "<group>";
		};
		1F952EEA25806CE200F03251 /* Other */ = {
			isa = PBXGroup;
			children = (
				1F952EF225806EB100F03251 /* README.md */,
				1F952EF325806EB100F03251 /* WYBasisKit.podspec */,
			);
			path = Other;
			sourceTree = "<group>";
		};
		1F99DCC6257DCECB003D2408 /* PagingView */ = {
			isa = PBXGroup;
			children = (
				1F99DCC7257DCFAE003D2408 /* WYPagingView.swift */,
			);
			path = PagingView;
			sourceTree = "<group>";
		};
		1F9B22B9258747770099AC92 /* BannerView */ = {
			isa = PBXGroup;
			children = (
				1F9B22BA258747830099AC92 /* WYBannerView.swift */,
				AAC3825925A1874500B2D41C /* WYBannerView.bundle */,
			);
			path = BannerView;
			sourceTree = "<group>";
		};
		35AF068E98BFDE2CA01A3CDB /* Pods */ = {
			isa = PBXGroup;
			children = (
				95FF853B47A9BDC19CFD8BF0 /* Pods-WYBasisKit.debug.xcconfig */,
				75FD4F7DFBF58D8B82417F4D /* Pods-WYBasisKit.release.xcconfig */,
			);
			path = Pods;
			sourceTree = "<group>";
		};
		94F8A53F1CB5643B124486A8 /* Frameworks */ = {
			isa = PBXGroup;
			children = (
				DC30AAA7963EADDE72D26FBC /* libPods-WYBasisKit.a */,
			);
			name = Frameworks;
			sourceTree = "<group>";
		};
		AA484EA624FA262100B39D60 = {
			isa = PBXGroup;
			children = (
				AA771B912568F834002C748B /* WYBasisKit */,
				AA484EB124FA262100B39D60 /* Examples */,
				1F952EEA25806CE200F03251 /* Other */,
				AA484EB024FA262100B39D60 /* Products */,
				35AF068E98BFDE2CA01A3CDB /* Pods */,
				94F8A53F1CB5643B124486A8 /* Frameworks */,
			);
			sourceTree = "<group>";
		};
		AA484EB024FA262100B39D60 /* Products */ = {
			isa = PBXGroup;
			children = (
				AA484EAF24FA262100B39D60 /* WYBasisKit.app */,
			);
			name = Products;
			sourceTree = "<group>";
		};
		AA484EB124FA262100B39D60 /* Examples */ = {
			isa = PBXGroup;
			children = (
				AA9CF8262584B757008A7DE1 /* View */,
				AA9CF8252584B74F008A7DE1 /* Controller */,
				AA484EB224FA262100B39D60 /* AppDelegate.swift */,
				1F5C3E4C25787E7D00E0DBFF /* WYTabBarController.swift */,
				AA484EB824FA262100B39D60 /* Main.storyboard */,
				AA484EBB24FA262500B39D60 /* Assets.xcassets */,
				AA484EBD24FA262500B39D60 /* LaunchScreen.storyboard */,
				AA484EC024FA262500B39D60 /* Info.plist */,
			);
			path = Examples;
			sourceTree = "<group>";
		};
		AA771B912568F834002C748B /* WYBasisKit */ = {
			isa = PBXGroup;
			children = (
				1F6AA1C325A6D56F00AADEE3 /* WYBasisKit.entitlements */,
				AA771C0D25691241002C748B /* Config */,
				AA771BF62568F91F002C748B /* Extension */,
				AA771B922568F834002C748B /* Practical */,
				AA771BB12568F834002C748B /* Layout */,
				AA771BC02568F834002C748B /* Networking */,
				1F24689725B13D9D00E02F78 /* Optional */,
			);
			path = WYBasisKit;
			sourceTree = "<group>";
		};
		AA771B922568F834002C748B /* Practical */ = {
			isa = PBXGroup;
			children = (
				1F3CEEB125773CA500955712 /* CNLog */,
				AA771BCA2568F834002C748B /* BoolJudge */,
				AA771B9B2568F834002C748B /* Countdown */,
				AA771BA52568F834002C748B /* Biometric */,
				AA771BA72568F834002C748B /* Authorize */,
				AA771BC42568F834002C748B /* ConstDefinition */,
			);
			path = Practical;
			sourceTree = "<group>";
		};
		AA771B932568F834002C748B /* UIImage */ = {
			isa = PBXGroup;
			children = (
				AA771B942568F834002C748B /* UIImage.swift */,
			);
			path = UIImage;
			sourceTree = "<group>";
		};
		AA771B952568F834002C748B /* NSMutableAttributedString */ = {
			isa = PBXGroup;
			children = (
				AA771B962568F834002C748B /* NSMutableAttributedString.swift */,
			);
			path = NSMutableAttributedString;
			sourceTree = "<group>";
		};
		AA771B972568F834002C748B /* UIColor */ = {
			isa = PBXGroup;
			children = (
				AA771B982568F834002C748B /* UIColor.swift */,
			);
			path = UIColor;
			sourceTree = "<group>";
		};
		AA771B992568F834002C748B /* UIAlertController */ = {
			isa = PBXGroup;
			children = (
				AA771B9A2568F834002C748B /* UIAlertController.swift */,
			);
			path = UIAlertController;
			sourceTree = "<group>";
		};
		AA771B9B2568F834002C748B /* Countdown */ = {
			isa = PBXGroup;
			children = (
				AA771B9C2568F834002C748B /* WYCountdown.swift */,
			);
			path = Countdown;
			sourceTree = "<group>";
		};
		AA771B9D2568F834002C748B /* UIFont */ = {
			isa = PBXGroup;
			children = (
				AA771B9E2568F834002C748B /* UIFont.swift */,
			);
			path = UIFont;
			sourceTree = "<group>";
		};
		AA771B9F2568F834002C748B /* UIDevice */ = {
			isa = PBXGroup;
			children = (
				AA771BA02568F834002C748B /* UIDevice.swift */,
			);
			path = UIDevice;
			sourceTree = "<group>";
		};
		AA771BA12568F834002C748B /* UIViewController */ = {
			isa = PBXGroup;
			children = (
				AA771BA22568F834002C748B /* UIViewController.swift */,
			);
			path = UIViewController;
			sourceTree = "<group>";
		};
		AA771BA32568F834002C748B /* UINavigationController */ = {
			isa = PBXGroup;
			children = (
				AA771BA42568F834002C748B /* UINavigationController.swift */,
			);
			path = UINavigationController;
			sourceTree = "<group>";
		};
		AA771BA52568F834002C748B /* Biometric */ = {
			isa = PBXGroup;
			children = (
				AA771BA62568F834002C748B /* WYBiometric.swift */,
			);
			path = Biometric;
			sourceTree = "<group>";
		};
		AA771BA72568F834002C748B /* Authorize */ = {
			isa = PBXGroup;
			children = (
				AA771BA82568F834002C748B /* WYAuthorize.swift */,
			);
			path = Authorize;
			sourceTree = "<group>";
		};
		AA771BA92568F834002C748B /* NumberFormatter */ = {
			isa = PBXGroup;
			children = (
				AA771BAA2568F834002C748B /* NumberFormatter.swift */,
			);
			path = NumberFormatter;
			sourceTree = "<group>";
		};
		AA771BAB2568F834002C748B /* String */ = {
			isa = PBXGroup;
			children = (
				AA771BAC2568F834002C748B /* String.swift */,
			);
			path = String;
			sourceTree = "<group>";
		};
		AA771BAD2568F834002C748B /* NSObject */ = {
			isa = PBXGroup;
			children = (
				AA771BAE2568F834002C748B /* NSObject.swift */,
			);
			path = NSObject;
			sourceTree = "<group>";
		};
		AA771BB12568F834002C748B /* Layout */ = {
			isa = PBXGroup;
			children = (
				1F9B22B9258747770099AC92 /* BannerView */,
				1F99DCC6257DCECB003D2408 /* PagingView */,
				AA771BC82568F834002C748B /* ScrollText */,
			);
			path = Layout;
			sourceTree = "<group>";
		};
		AA771BB22568F834002C748B /* UILabel */ = {
			isa = PBXGroup;
			children = (
				AA771BB32568F834002C748B /* UILabel.swift */,
			);
			path = UILabel;
			sourceTree = "<group>";
		};
		AA771BB62568F834002C748B /* UIButton */ = {
			isa = PBXGroup;
			children = (
				AA771BB72568F834002C748B /* UIButton.swift */,
			);
			path = UIButton;
			sourceTree = "<group>";
		};
		AA771BB82568F834002C748B /* UIView */ = {
			isa = PBXGroup;
			children = (
				AA771BBA2568F834002C748B /* UIView.swift */,
			);
			path = UIView;
			sourceTree = "<group>";
		};
		AA771BBC2568F834002C748B /* UITableView */ = {
			isa = PBXGroup;
			children = (
				AA771BBD2568F834002C748B /* UITableView.swift */,
			);
			path = UITableView;
			sourceTree = "<group>";
		};
		AA771BBE2568F834002C748B /* UITextField */ = {
			isa = PBXGroup;
			children = (
				AA771BBF2568F834002C748B /* UITextField.swift */,
			);
			path = UITextField;
			sourceTree = "<group>";
		};
		AA771BC02568F834002C748B /* Networking */ = {
			isa = PBXGroup;
			children = (
				1F4A0E48256B4A52002E932D /* WYNetworkConfig.swift */,
				AA771BC32568F834002C748B /* WYNetworkServer.swift */,
				AA771BC22568F834002C748B /* WYNetworkManager.swift */,
			);
			path = Networking;
			sourceTree = "<group>";
		};
		AA771BC42568F834002C748B /* ConstDefinition */ = {
			isa = PBXGroup;
			children = (
				AA771BC52568F834002C748B /* WYConstDefinition.swift */,
				1F952EF725807ACE00F03251 /* WYConstMethod.swift */,
			);
			path = ConstDefinition;
			sourceTree = "<group>";
		};
		AA771BC82568F834002C748B /* ScrollText */ = {
			isa = PBXGroup;
			children = (
				AA771BC92568F834002C748B /* WYScrollText.swift */,
			);
			path = ScrollText;
			sourceTree = "<group>";
		};
		AA771BCA2568F834002C748B /* BoolJudge */ = {
			isa = PBXGroup;
			children = (
				AA771BCB2568F834002C748B /* WYBoolJudge.swift */,
			);
			path = BoolJudge;
			sourceTree = "<group>";
		};
		AA771BF62568F91F002C748B /* Extension */ = {
			isa = PBXGroup;
			children = (
				1F5C3E5F2578B60C00E0DBFF /* UIApplication */,
				AA771BBC2568F834002C748B /* UITableView */,
				AA771BBE2568F834002C748B /* UITextField */,
				AA771BB82568F834002C748B /* UIView */,
				AA771BB62568F834002C748B /* UIButton */,
				AA771BB22568F834002C748B /* UILabel */,
				AA771BAB2568F834002C748B /* String */,
				AA771B9D2568F834002C748B /* UIFont */,
				AA771B972568F834002C748B /* UIColor */,
				AA771B932568F834002C748B /* UIImage */,
				AA771B9F2568F834002C748B /* UIDevice */,
				AA771BAD2568F834002C748B /* NSObject */,
				AA771BA92568F834002C748B /* NumberFormatter */,
				AA771BA12568F834002C748B /* UIViewController */,
				AA771B992568F834002C748B /* UIAlertController */,
				AA771BA32568F834002C748B /* UINavigationController */,
				AA771B952568F834002C748B /* NSMutableAttributedString */,
			);
			path = Extension;
			sourceTree = "<group>";
		};
		AA771C0D25691241002C748B /* Config */ = {
			isa = PBXGroup;
			children = (
				1F952EFB25807F5600F03251 /* WYEnums.swift */,
				AA327F022569179F00CF5CBE /* WYBasisKitConfig.swift */,
				1F5C3E932578CD5400E0DBFF /* WYLocalizableManager.swift */,
				AA771C1A25691433002C748B /* WYLocalizable.strings */,
			);
			path = Config;
			sourceTree = "<group>";
		};
		AA9CF8252584B74F008A7DE1 /* Controller */ = {
			isa = PBXGroup;
			children = (
				1F5C3E4F25787EB400E0DBFF /* WYLeftController.swift */,
				AA9CF8292584B97C008A7DE1 /* WYTestDarkNightModeController.swift */,
				AA9CF82C2584C262008A7DE1 /* WYTestAnimationController.swift */,
				AA9CF82F2584C456008A7DE1 /* WYTestVisualController.swift */,
				1F5C3E5225787EC500E0DBFF /* WYCenterController.swift */,
				1F5C3E5525787ED300E0DBFF /* WYRightController.swift */,
				1F27232F2588869200E78AE0 /* WYTestBannerController.swift */,
				1F2468A725B17B6C00E02F78 /* WYTestRichTextController.swift */,
				1F4A73DC25C25FA300ED1FCF /* WYMultilevelTableViewController.swift */,
			);
			path = Controller;
			sourceTree = "<group>";
		};
		AA9CF8262584B757008A7DE1 /* View */ = {
			isa = PBXGroup;
			children = (
				1F04CF5925820501002B8B11 /* WYTestView.swift */,
				AA9CF8222584B47B008A7DE1 /* WYLeftControllerHeaderView.swift */,
			);
			path = View;
			sourceTree = "<group>";
		};
/* End PBXGroup section */

/* Begin PBXNativeTarget section */
		AA484EAE24FA262100B39D60 /* WYBasisKit */ = {
			isa = PBXNativeTarget;
			buildConfigurationList = AA484EC324FA262500B39D60 /* Build configuration list for PBXNativeTarget "WYBasisKit" */;
			buildPhases = (
				628FE432824F2B641BF911FF /* [CP] Check Pods Manifest.lock */,
				AA484EAB24FA262100B39D60 /* Sources */,
				AA484EAC24FA262100B39D60 /* Frameworks */,
				AA484EAD24FA262100B39D60 /* Resources */,
				A6D8563D533F2C9847008E18 /* [CP] Copy Pods Resources */,
			);
			buildRules = (
			);
			dependencies = (
			);
			name = WYBasisKit;
			productName = WYBasisKit;
			productReference = AA484EAF24FA262100B39D60 /* WYBasisKit.app */;
			productType = "com.apple.product-type.application";
		};
/* End PBXNativeTarget section */

/* Begin PBXProject section */
		AA484EA724FA262100B39D60 /* Project object */ = {
			isa = PBXProject;
			attributes = {
				CLASSPREFIX = WY;
				LastSwiftUpdateCheck = 1160;
				LastUpgradeCheck = 1160;
				ORGANIZATIONNAME = "jacke·xu";
				TargetAttributes = {
					AA484EAE24FA262100B39D60 = {
						CreatedOnToolsVersion = 11.6;
						LastSwiftMigration = 1220;
					};
				};
			};
			buildConfigurationList = AA484EAA24FA262100B39D60 /* Build configuration list for PBXProject "WYBasisKit" */;
			compatibilityVersion = "Xcode 9.3";
			developmentRegion = en;
			hasScannedForEncodings = 0;
			knownRegions = (
				en,
				Base,
				"zh-Hans",
			);
			mainGroup = AA484EA624FA262100B39D60;
			productRefGroup = AA484EB024FA262100B39D60 /* Products */;
			projectDirPath = "";
			projectRoot = "";
			targets = (
				AA484EAE24FA262100B39D60 /* WYBasisKit */,
			);
		};
/* End PBXProject section */

/* Begin PBXResourcesBuildPhase section */
		AA484EAD24FA262100B39D60 /* Resources */ = {
			isa = PBXResourcesBuildPhase;
			buildActionMask = 2147483647;
			files = (
				AA484EBF24FA262500B39D60 /* LaunchScreen.storyboard in Resources */,
				AA484EBC24FA262500B39D60 /* Assets.xcassets in Resources */,
				1F952EF425806EB100F03251 /* README.md in Resources */,
				AAC3825A25A1874500B2D41C /* WYBannerView.bundle in Resources */,
				AA484EBA24FA262100B39D60 /* Main.storyboard in Resources */,
				1F952EF525806EB100F03251 /* WYBasisKit.podspec in Resources */,
				AA771C1825691433002C748B /* WYLocalizable.strings in Resources */,
			);
			runOnlyForDeploymentPostprocessing = 0;
		};
/* End PBXResourcesBuildPhase section */

/* Begin PBXShellScriptBuildPhase section */
		628FE432824F2B641BF911FF /* [CP] Check Pods Manifest.lock */ = {
			isa = PBXShellScriptBuildPhase;
			buildActionMask = 2147483647;
			files = (
			);
			inputFileListPaths = (
			);
			inputPaths = (
				"${PODS_PODFILE_DIR_PATH}/Podfile.lock",
				"${PODS_ROOT}/Manifest.lock",
			);
			name = "[CP] Check Pods Manifest.lock";
			outputFileListPaths = (
			);
			outputPaths = (
				"$(DERIVED_FILE_DIR)/Pods-WYBasisKit-checkManifestLockResult.txt",
			);
			runOnlyForDeploymentPostprocessing = 0;
			shellPath = /bin/sh;
			shellScript = "diff \"${PODS_PODFILE_DIR_PATH}/Podfile.lock\" \"${PODS_ROOT}/Manifest.lock\" > /dev/null\nif [ $? != 0 ] ; then\n    # print error to STDERR\n    echo \"error: The sandbox is not in sync with the Podfile.lock. Run 'pod install' or update your CocoaPods installation.\" >&2\n    exit 1\nfi\n# This output is used by Xcode 'outputs' to avoid re-running this script phase.\necho \"SUCCESS\" > \"${SCRIPT_OUTPUT_FILE_0}\"\n";
			showEnvVarsInLog = 0;
		};
		A6D8563D533F2C9847008E18 /* [CP] Copy Pods Resources */ = {
			isa = PBXShellScriptBuildPhase;
			buildActionMask = 2147483647;
			files = (
			);
			inputFileListPaths = (
				"${PODS_ROOT}/Target Support Files/Pods-WYBasisKit/Pods-WYBasisKit-resources-${CONFIGURATION}-input-files.xcfilelist",
			);
			name = "[CP] Copy Pods Resources";
			outputFileListPaths = (
				"${PODS_ROOT}/Target Support Files/Pods-WYBasisKit/Pods-WYBasisKit-resources-${CONFIGURATION}-output-files.xcfilelist",
			);
			runOnlyForDeploymentPostprocessing = 0;
			shellPath = /bin/sh;
			shellScript = "\"${PODS_ROOT}/Target Support Files/Pods-WYBasisKit/Pods-WYBasisKit-resources.sh\"\n";
			showEnvVarsInLog = 0;
		};
/* End PBXShellScriptBuildPhase section */

/* Begin PBXSourcesBuildPhase section */
		AA484EAB24FA262100B39D60 /* Sources */ = {
			isa = PBXSourcesBuildPhase;
			buildActionMask = 2147483647;
			files = (
				1F4A0E49256B4A52002E932D /* WYNetworkConfig.swift in Sources */,
				AA771BDE2568F834002C748B /* UILabel.swift in Sources */,
				AA771BD42568F834002C748B /* UIFont.swift in Sources */,
				AA771BD02568F834002C748B /* NSMutableAttributedString.swift in Sources */,
				1F5C3E5325787EC500E0DBFF /* WYCenterController.swift in Sources */,
				AA771BE72568F834002C748B /* WYNetworkServer.swift in Sources */,
				1F5C3E5025787EB400E0DBFF /* WYLeftController.swift in Sources */,
				AA771BD62568F834002C748B /* UIViewController.swift in Sources */,
				AA771BE82568F834002C748B /* WYConstDefinition.swift in Sources */,
				AA771BD92568F834002C748B /* WYAuthorize.swift in Sources */,
				AA771BEA2568F834002C748B /* WYScrollText.swift in Sources */,
				AA771BDC2568F834002C748B /* NSObject.swift in Sources */,
				1F4A73DD25C25FA300ED1FCF /* WYMultilevelTableViewController.swift in Sources */,
				1F5C3E612578B61B00E0DBFF /* UIApplication.swift in Sources */,
				1F2723302588869200E78AE0 /* WYTestBannerController.swift in Sources */,
				AA771BE32568F834002C748B /* UITableView.swift in Sources */,
				1F2468A025B13DFB00E02F78 /* WYCollectionViewFlowLayout.swift in Sources */,
				AA771BDA2568F834002C748B /* NumberFormatter.swift in Sources */,
				1F3CEEB325773CE200955712 /* Foundation+JSONLog.m in Sources */,
				AA771BD22568F834002C748B /* UIAlertController.swift in Sources */,
				1F5C3E5625787ED300E0DBFF /* WYRightController.swift in Sources */,
				AA327F032569179F00CF5CBE /* WYBasisKitConfig.swift in Sources */,
				AA771BD52568F834002C748B /* UIDevice.swift in Sources */,
				1F5C3E942578CD5400E0DBFF /* WYLocalizableManager.swift in Sources */,
				AA771BE22568F834002C748B /* UIView.swift in Sources */,
				AA9CF8302584C456008A7DE1 /* WYTestVisualController.swift in Sources */,
				1F04CF5A25820501002B8B11 /* WYTestView.swift in Sources */,
				AA771BD12568F834002C748B /* UIColor.swift in Sources */,
				AA9CF8232584B47B008A7DE1 /* WYLeftControllerHeaderView.swift in Sources */,
				1F99DCC8257DCFAE003D2408 /* WYPagingView.swift in Sources */,
				AA771BE42568F834002C748B /* UITextField.swift in Sources */,
				AA771BD72568F834002C748B /* UINavigationController.swift in Sources */,
				1F9B22BB258747830099AC92 /* WYBannerView.swift in Sources */,
				1F2468A825B17B6C00E02F78 /* WYTestRichTextController.swift in Sources */,
				AA484EB324FA262100B39D60 /* AppDelegate.swift in Sources */,
				1F952EFC25807F5600F03251 /* WYEnums.swift in Sources */,
				AA771BEB2568F834002C748B /* WYBoolJudge.swift in Sources */,
				1FA6B68B25CD1B3400005170 /* WYWaterfallParagraphLayout.swift in Sources */,
				1F952EF825807ACE00F03251 /* WYConstMethod.swift in Sources */,
				AA771BCF2568F834002C748B /* UIImage.swift in Sources */,
				AA9CF82A2584B97C008A7DE1 /* WYTestDarkNightModeController.swift in Sources */,
				AA771BD82568F834002C748B /* WYBiometric.swift in Sources */,
				1F9717FE25B55CB600CA7A33 /* WYWaterfallsFlowLayout.swift in Sources */,
				AA9CF82D2584C262008A7DE1 /* WYTestAnimationController.swift in Sources */,
				AA771BE62568F834002C748B /* WYNetworkManager.swift in Sources */,
				AA771BD32568F834002C748B /* WYCountdown.swift in Sources */,
				1F5C3E4D25787E7D00E0DBFF /* WYTabBarController.swift in Sources */,
				AA771BDB2568F834002C748B /* String.swift in Sources */,
				1F24689A25B13DB700E02F78 /* WYProtocolManager.swift in Sources */,
				AA771BE02568F834002C748B /* UIButton.swift in Sources */,
			);
			runOnlyForDeploymentPostprocessing = 0;
		};
/* End PBXSourcesBuildPhase section */

/* Begin PBXVariantGroup section */
		AA484EB824FA262100B39D60 /* Main.storyboard */ = {
			isa = PBXVariantGroup;
			children = (
				AA484EB924FA262100B39D60 /* Base */,
				AA771C12256913D1002C748B /* zh-Hans */,
				AA771C1E25691483002C748B /* en */,
			);
			name = Main.storyboard;
			sourceTree = "<group>";
		};
		AA484EBD24FA262500B39D60 /* LaunchScreen.storyboard */ = {
			isa = PBXVariantGroup;
			children = (
				AA484EBE24FA262500B39D60 /* Base */,
				AA771C13256913D1002C748B /* zh-Hans */,
				AA771C2B25691494002C748B /* en */,
			);
			name = LaunchScreen.storyboard;
			sourceTree = "<group>";
		};
		AA771C1A25691433002C748B /* WYLocalizable.strings */ = {
			isa = PBXVariantGroup;
			children = (
				AA771C1925691433002C748B /* en */,
				AA771C1B2569143C002C748B /* zh-Hans */,
			);
			name = WYLocalizable.strings;
			sourceTree = "<group>";
		};
/* End PBXVariantGroup section */

/* Begin XCBuildConfiguration section */
		AA484EC124FA262500B39D60 /* Debug */ = {
			isa = XCBuildConfiguration;
			buildSettings = {
				ALWAYS_SEARCH_USER_PATHS = NO;
				CLANG_ANALYZER_LOCALIZABILITY_NONLOCALIZED = YES;
				CLANG_ANALYZER_NONNULL = YES;
				CLANG_ANALYZER_NUMBER_OBJECT_CONVERSION = YES_AGGRESSIVE;
				CLANG_CXX_LANGUAGE_STANDARD = "gnu++14";
				CLANG_CXX_LIBRARY = "libc++";
				CLANG_ENABLE_MODULES = YES;
				CLANG_ENABLE_OBJC_ARC = YES;
				CLANG_ENABLE_OBJC_WEAK = YES;
				CLANG_WARN_BLOCK_CAPTURE_AUTORELEASING = YES;
				CLANG_WARN_BOOL_CONVERSION = YES;
				CLANG_WARN_COMMA = YES;
				CLANG_WARN_CONSTANT_CONVERSION = YES;
				CLANG_WARN_DEPRECATED_OBJC_IMPLEMENTATIONS = YES;
				CLANG_WARN_DIRECT_OBJC_ISA_USAGE = YES_ERROR;
				CLANG_WARN_DOCUMENTATION_COMMENTS = YES;
				CLANG_WARN_EMPTY_BODY = YES;
				CLANG_WARN_ENUM_CONVERSION = YES;
				CLANG_WARN_INFINITE_RECURSION = YES;
				CLANG_WARN_INT_CONVERSION = YES;
				CLANG_WARN_NON_LITERAL_NULL_CONVERSION = YES;
				CLANG_WARN_OBJC_IMPLICIT_RETAIN_SELF = YES;
				CLANG_WARN_OBJC_LITERAL_CONVERSION = YES;
				CLANG_WARN_OBJC_ROOT_CLASS = YES_ERROR;
				CLANG_WARN_RANGE_LOOP_ANALYSIS = YES;
				CLANG_WARN_STRICT_PROTOTYPES = YES;
				CLANG_WARN_SUSPICIOUS_MOVE = YES;
				CLANG_WARN_UNGUARDED_AVAILABILITY = YES_AGGRESSIVE;
				CLANG_WARN_UNREACHABLE_CODE = YES;
				CLANG_WARN__DUPLICATE_METHOD_MATCH = YES;
				COPY_PHASE_STRIP = NO;
				DEBUG_INFORMATION_FORMAT = dwarf;
				ENABLE_STRICT_OBJC_MSGSEND = YES;
				ENABLE_TESTABILITY = YES;
				GCC_C_LANGUAGE_STANDARD = gnu11;
				GCC_DYNAMIC_NO_PIC = NO;
				GCC_NO_COMMON_BLOCKS = YES;
				GCC_OPTIMIZATION_LEVEL = 0;
				GCC_PREPROCESSOR_DEFINITIONS = (
					"DEBUG=1",
					"$(inherited)",
				);
				GCC_WARN_64_TO_32_BIT_CONVERSION = YES;
				GCC_WARN_ABOUT_RETURN_TYPE = YES_ERROR;
				GCC_WARN_UNDECLARED_SELECTOR = YES;
				GCC_WARN_UNINITIALIZED_AUTOS = YES_AGGRESSIVE;
				GCC_WARN_UNUSED_FUNCTION = YES;
				GCC_WARN_UNUSED_VARIABLE = YES;
				IPHONEOS_DEPLOYMENT_TARGET = 13.6;
				MTL_ENABLE_DEBUG_INFO = INCLUDE_SOURCE;
				MTL_FAST_MATH = YES;
				ONLY_ACTIVE_ARCH = YES;
				SDKROOT = iphoneos;
				SWIFT_ACTIVE_COMPILATION_CONDITIONS = DEBUG;
				SWIFT_OPTIMIZATION_LEVEL = "-Onone";
			};
			name = Debug;
		};
		AA484EC224FA262500B39D60 /* Release */ = {
			isa = XCBuildConfiguration;
			buildSettings = {
				ALWAYS_SEARCH_USER_PATHS = NO;
				CLANG_ANALYZER_LOCALIZABILITY_NONLOCALIZED = YES;
				CLANG_ANALYZER_NONNULL = YES;
				CLANG_ANALYZER_NUMBER_OBJECT_CONVERSION = YES_AGGRESSIVE;
				CLANG_CXX_LANGUAGE_STANDARD = "gnu++14";
				CLANG_CXX_LIBRARY = "libc++";
				CLANG_ENABLE_MODULES = YES;
				CLANG_ENABLE_OBJC_ARC = YES;
				CLANG_ENABLE_OBJC_WEAK = YES;
				CLANG_WARN_BLOCK_CAPTURE_AUTORELEASING = YES;
				CLANG_WARN_BOOL_CONVERSION = YES;
				CLANG_WARN_COMMA = YES;
				CLANG_WARN_CONSTANT_CONVERSION = YES;
				CLANG_WARN_DEPRECATED_OBJC_IMPLEMENTATIONS = YES;
				CLANG_WARN_DIRECT_OBJC_ISA_USAGE = YES_ERROR;
				CLANG_WARN_DOCUMENTATION_COMMENTS = YES;
				CLANG_WARN_EMPTY_BODY = YES;
				CLANG_WARN_ENUM_CONVERSION = YES;
				CLANG_WARN_INFINITE_RECURSION = YES;
				CLANG_WARN_INT_CONVERSION = YES;
				CLANG_WARN_NON_LITERAL_NULL_CONVERSION = YES;
				CLANG_WARN_OBJC_IMPLICIT_RETAIN_SELF = YES;
				CLANG_WARN_OBJC_LITERAL_CONVERSION = YES;
				CLANG_WARN_OBJC_ROOT_CLASS = YES_ERROR;
				CLANG_WARN_RANGE_LOOP_ANALYSIS = YES;
				CLANG_WARN_STRICT_PROTOTYPES = YES;
				CLANG_WARN_SUSPICIOUS_MOVE = YES;
				CLANG_WARN_UNGUARDED_AVAILABILITY = YES_AGGRESSIVE;
				CLANG_WARN_UNREACHABLE_CODE = YES;
				CLANG_WARN__DUPLICATE_METHOD_MATCH = YES;
				COPY_PHASE_STRIP = NO;
				DEBUG_INFORMATION_FORMAT = "dwarf-with-dsym";
				ENABLE_NS_ASSERTIONS = NO;
				ENABLE_STRICT_OBJC_MSGSEND = YES;
				GCC_C_LANGUAGE_STANDARD = gnu11;
				GCC_NO_COMMON_BLOCKS = YES;
				GCC_WARN_64_TO_32_BIT_CONVERSION = YES;
				GCC_WARN_ABOUT_RETURN_TYPE = YES_ERROR;
				GCC_WARN_UNDECLARED_SELECTOR = YES;
				GCC_WARN_UNINITIALIZED_AUTOS = YES_AGGRESSIVE;
				GCC_WARN_UNUSED_FUNCTION = YES;
				GCC_WARN_UNUSED_VARIABLE = YES;
				IPHONEOS_DEPLOYMENT_TARGET = 13.6;
				MTL_ENABLE_DEBUG_INFO = NO;
				MTL_FAST_MATH = YES;
				SDKROOT = iphoneos;
				SWIFT_COMPILATION_MODE = wholemodule;
				SWIFT_OPTIMIZATION_LEVEL = "-O";
				VALIDATE_PRODUCT = YES;
			};
			name = Release;
		};
		AA484EC424FA262500B39D60 /* Debug */ = {
			isa = XCBuildConfiguration;
			baseConfigurationReference = 95FF853B47A9BDC19CFD8BF0 /* Pods-WYBasisKit.debug.xcconfig */;
			buildSettings = {
				ASSETCATALOG_COMPILER_APPICON_NAME = AppIcon;
				CLANG_ENABLE_MODULES = YES;
				CODE_SIGN_ENTITLEMENTS = WYBasisKit/WYBasisKit.entitlements;
				CODE_SIGN_STYLE = Automatic;
				DEVELOPMENT_TEAM = TC77GVY4C9;
				INFOPLIST_FILE = Examples/Info.plist;
				IPHONEOS_DEPLOYMENT_TARGET = 10.0;
				LD_RUNPATH_SEARCH_PATHS = (
					"$(inherited)",
					"@executable_path/Frameworks",
				);
				PRODUCT_BUNDLE_IDENTIFIER = "com.jacke-xu.WYBasisKit";
				PRODUCT_NAME = "$(TARGET_NAME)";
				SUPPORTS_MACCATALYST = NO;
				SWIFT_OPTIMIZATION_LEVEL = "-Onone";
				SWIFT_VERSION = 5.0;
				TARGETED_DEVICE_FAMILY = 1;
			};
			name = Debug;
		};
		AA484EC524FA262500B39D60 /* Release */ = {
			isa = XCBuildConfiguration;
			baseConfigurationReference = 75FD4F7DFBF58D8B82417F4D /* Pods-WYBasisKit.release.xcconfig */;
			buildSettings = {
				ASSETCATALOG_COMPILER_APPICON_NAME = AppIcon;
				CLANG_ENABLE_MODULES = YES;
				CODE_SIGN_ENTITLEMENTS = WYBasisKit/WYBasisKit.entitlements;
				CODE_SIGN_STYLE = Automatic;
				DEVELOPMENT_TEAM = TC77GVY4C9;
				INFOPLIST_FILE = Examples/Info.plist;
				IPHONEOS_DEPLOYMENT_TARGET = 10.0;
				LD_RUNPATH_SEARCH_PATHS = (
					"$(inherited)",
					"@executable_path/Frameworks",
				);
				PRODUCT_BUNDLE_IDENTIFIER = "com.jacke-xu.WYBasisKit";
				PRODUCT_NAME = "$(TARGET_NAME)";
				SUPPORTS_MACCATALYST = NO;
				SWIFT_VERSION = 5.0;
				TARGETED_DEVICE_FAMILY = 1;
			};
			name = Release;
		};
/* End XCBuildConfiguration section */

/* Begin XCConfigurationList section */
		AA484EAA24FA262100B39D60 /* Build configuration list for PBXProject "WYBasisKit" */ = {
			isa = XCConfigurationList;
			buildConfigurations = (
				AA484EC124FA262500B39D60 /* Debug */,
				AA484EC224FA262500B39D60 /* Release */,
			);
			defaultConfigurationIsVisible = 0;
			defaultConfigurationName = Release;
		};
		AA484EC324FA262500B39D60 /* Build configuration list for PBXNativeTarget "WYBasisKit" */ = {
			isa = XCConfigurationList;
			buildConfigurations = (
				AA484EC424FA262500B39D60 /* Debug */,
				AA484EC524FA262500B39D60 /* Release */,
			);
			defaultConfigurationIsVisible = 0;
			defaultConfigurationName = Release;
		};
/* End XCConfigurationList section */
	};
	rootObject = AA484EA724FA262100B39D60 /* Project object */;
}
