// !$*UTF8*$!
{
	archiveVersion = 1;
	classes = {
	};
	objectVersion = 50;
	objects = {

/* Begin PBXBuildFile section */
		1F059B0E227C2D09006AB1BB /* UIDevice+WY_Extension.swift in Sources */ = {isa = PBXBuildFile; fileRef = 1F059B0D227C2D09006AB1BB /* UIDevice+WY_Extension.swift */; };
		1F0F0C34223DFC9000E06F63 /* UIFont+WY_Extension.swift in Sources */ = {isa = PBXBuildFile; fileRef = 1F0F0C33223DFC9000E06F63 /* UIFont+WY_Extension.swift */; };
		1F2C7118223A2FDB00521AEF /* AppDelegate.swift in Sources */ = {isa = PBXBuildFile; fileRef = 1F2C7117223A2FDB00521AEF /* AppDelegate.swift */; };
		1F2C711D223A2FDB00521AEF /* Main.storyboard in Resources */ = {isa = PBXBuildFile; fileRef = 1F2C711B223A2FDB00521AEF /* Main.storyboard */; };
		1F2C711F223A2FDD00521AEF /* Assets.xcassets in Resources */ = {isa = PBXBuildFile; fileRef = 1F2C711E223A2FDD00521AEF /* Assets.xcassets */; };
		1F2C7122223A2FDD00521AEF /* LaunchScreen.storyboard in Resources */ = {isa = PBXBuildFile; fileRef = 1F2C7120223A2FDD00521AEF /* LaunchScreen.storyboard */; };
		1F2C712A223A31EE00521AEF /* MainViewController.swift in Sources */ = {isa = PBXBuildFile; fileRef = 1F2C7129223A31EE00521AEF /* MainViewController.swift */; };
		1F2C714A223A631300521AEF /* UIColor+WY_Extension.swift in Sources */ = {isa = PBXBuildFile; fileRef = 1F2C7149223A631300521AEF /* UIColor+WY_Extension.swift */; };
		1F37360C227477F500DEA8B0 /* NSDecimalNumber+WY_Extension.swift in Sources */ = {isa = PBXBuildFile; fileRef = 1F37360B227477F500DEA8B0 /* NSDecimalNumber+WY_Extension.swift */; };
		1FD7D1D7227D508100D84117 /* DataConvert+WY_Extension.swift in Sources */ = {isa = PBXBuildFile; fileRef = 1FD7D1D6227D508100D84117 /* DataConvert+WY_Extension.swift */; };
		1FF80DBE225C4DE800F3C410 /* NetworkAPI.swift in Sources */ = {isa = PBXBuildFile; fileRef = 1FF80DBD225C4DE800F3C410 /* NetworkAPI.swift */; };
		1FF80DC1225C599700F3C410 /* ConstDefinition.swift in Sources */ = {isa = PBXBuildFile; fileRef = 1FF80DC0225C599700F3C410 /* ConstDefinition.swift */; };
/* End PBXBuildFile section */

/* Begin PBXFileReference section */
		1F059B0D227C2D09006AB1BB /* UIDevice+WY_Extension.swift */ = {isa = PBXFileReference; lastKnownFileType = sourcecode.swift; path = "UIDevice+WY_Extension.swift"; sourceTree = "<group>"; };
		1F0F0C33223DFC9000E06F63 /* UIFont+WY_Extension.swift */ = {isa = PBXFileReference; lastKnownFileType = sourcecode.swift; path = "UIFont+WY_Extension.swift"; sourceTree = "<group>"; };
		1F2C7114223A2FDB00521AEF /* WYBasisKit.app */ = {isa = PBXFileReference; explicitFileType = wrapper.application; includeInIndex = 0; path = WYBasisKit.app; sourceTree = BUILT_PRODUCTS_DIR; };
		1F2C7117223A2FDB00521AEF /* AppDelegate.swift */ = {isa = PBXFileReference; lastKnownFileType = sourcecode.swift; path = AppDelegate.swift; sourceTree = "<group>"; };
		1F2C711C223A2FDB00521AEF /* Base */ = {isa = PBXFileReference; lastKnownFileType = file.storyboard; name = Base; path = Base.lproj/Main.storyboard; sourceTree = "<group>"; };
		1F2C711E223A2FDD00521AEF /* Assets.xcassets */ = {isa = PBXFileReference; lastKnownFileType = folder.assetcatalog; path = Assets.xcassets; sourceTree = "<group>"; };
		1F2C7121223A2FDD00521AEF /* Base */ = {isa = PBXFileReference; lastKnownFileType = file.storyboard; name = Base; path = Base.lproj/LaunchScreen.storyboard; sourceTree = "<group>"; };
		1F2C7123223A2FDD00521AEF /* Info.plist */ = {isa = PBXFileReference; lastKnownFileType = text.plist.xml; path = Info.plist; sourceTree = "<group>"; };
		1F2C7129223A31EE00521AEF /* MainViewController.swift */ = {isa = PBXFileReference; lastKnownFileType = sourcecode.swift; path = MainViewController.swift; sourceTree = "<group>"; };
		1F2C7149223A631300521AEF /* UIColor+WY_Extension.swift */ = {isa = PBXFileReference; lastKnownFileType = sourcecode.swift; path = "UIColor+WY_Extension.swift"; sourceTree = "<group>"; };
		1F37360B227477F500DEA8B0 /* NSDecimalNumber+WY_Extension.swift */ = {isa = PBXFileReference; lastKnownFileType = sourcecode.swift; path = "NSDecimalNumber+WY_Extension.swift"; sourceTree = "<group>"; };
		1FD7D1D6227D508100D84117 /* DataConvert+WY_Extension.swift */ = {isa = PBXFileReference; lastKnownFileType = sourcecode.swift; path = "DataConvert+WY_Extension.swift"; sourceTree = "<group>"; };
		1FF80DBD225C4DE800F3C410 /* NetworkAPI.swift */ = {isa = PBXFileReference; lastKnownFileType = sourcecode.swift; path = NetworkAPI.swift; sourceTree = "<group>"; };
		1FF80DC0225C599700F3C410 /* ConstDefinition.swift */ = {isa = PBXFileReference; lastKnownFileType = sourcecode.swift; path = ConstDefinition.swift; sourceTree = "<group>"; };
/* End PBXFileReference section */

/* Begin PBXFrameworksBuildPhase section */
		1F2C7111223A2FDB00521AEF /* Frameworks */ = {
			isa = PBXFrameworksBuildPhase;
			buildActionMask = 2147483647;
			files = (
			);
			runOnlyForDeploymentPostprocessing = 0;
		};
/* End PBXFrameworksBuildPhase section */

/* Begin PBXGroup section */
		1F059B0C227C2CD0006AB1BB /* UIDevice */ = {
			isa = PBXGroup;
			children = (
				1F059B0D227C2D09006AB1BB /* UIDevice+WY_Extension.swift */,
			);
			path = UIDevice;
			sourceTree = "<group>";
		};
		1F0F0C35223DFC9700E06F63 /* UIFont */ = {
			isa = PBXGroup;
			children = (
				1F0F0C33223DFC9000E06F63 /* UIFont+WY_Extension.swift */,
			);
			path = UIFont;
			sourceTree = "<group>";
		};
		1F2C710B223A2FDB00521AEF = {
			isa = PBXGroup;
			children = (
				1F2C7116223A2FDB00521AEF /* WYBasisKit */,
				1F2C7115223A2FDB00521AEF /* Products */,
			);
			sourceTree = "<group>";
		};
		1F2C7115223A2FDB00521AEF /* Products */ = {
			isa = PBXGroup;
			children = (
				1F2C7114223A2FDB00521AEF /* WYBasisKit.app */,
			);
			name = Products;
			sourceTree = "<group>";
		};
		1F2C7116223A2FDB00521AEF /* WYBasisKit */ = {
			isa = PBXGroup;
			children = (
				1F2C712B223A537C00521AEF /* WYBasisKit */,
				1F2C7117223A2FDB00521AEF /* AppDelegate.swift */,
				1F2C7129223A31EE00521AEF /* MainViewController.swift */,
				1F2C711B223A2FDB00521AEF /* Main.storyboard */,
				1F2C711E223A2FDD00521AEF /* Assets.xcassets */,
				1F2C7120223A2FDD00521AEF /* LaunchScreen.storyboard */,
				1F2C7123223A2FDD00521AEF /* Info.plist */,
			);
			path = WYBasisKit;
			sourceTree = "<group>";
		};
		1F2C712B223A537C00521AEF /* WYBasisKit */ = {
			isa = PBXGroup;
			children = (
				1FF80DBF225C594400F3C410 /* ConstDefinition */,
				1F2C7136223A53F500521AEF /* Practical */,
			);
			path = WYBasisKit;
			sourceTree = "<group>";
		};
		1F2C7136223A53F500521AEF /* Practical */ = {
			isa = PBXGroup;
			children = (
				1FD7D1D5227D4F7300D84117 /* DataConvert */,
				1F059B0C227C2CD0006AB1BB /* UIDevice */,
				1F3736062274759200DEA8B0 /* NSDecimalNumber */,
				1F0F0C35223DFC9700E06F63 /* UIFont */,
				1F2C7148223A61C000521AEF /* UIColor */,
			);
			path = Practical;
			sourceTree = "<group>";
		};
		1F2C7148223A61C000521AEF /* UIColor */ = {
			isa = PBXGroup;
			children = (
				1F2C7149223A631300521AEF /* UIColor+WY_Extension.swift */,
			);
			path = UIColor;
			sourceTree = "<group>";
		};
		1F3736062274759200DEA8B0 /* NSDecimalNumber */ = {
			isa = PBXGroup;
			children = (
				1F37360B227477F500DEA8B0 /* NSDecimalNumber+WY_Extension.swift */,
			);
			path = NSDecimalNumber;
			sourceTree = "<group>";
		};
		1FD7D1D5227D4F7300D84117 /* DataConvert */ = {
			isa = PBXGroup;
			children = (
				1FD7D1D6227D508100D84117 /* DataConvert+WY_Extension.swift */,
			);
			path = DataConvert;
			sourceTree = "<group>";
		};
		1FF80DBF225C594400F3C410 /* ConstDefinition */ = {
			isa = PBXGroup;
			children = (
				1FF80DBD225C4DE800F3C410 /* NetworkAPI.swift */,
				1FF80DC0225C599700F3C410 /* ConstDefinition.swift */,
			);
			path = ConstDefinition;
			sourceTree = "<group>";
		};
/* End PBXGroup section */

/* Begin PBXNativeTarget section */
		1F2C7113223A2FDB00521AEF /* WYBasisKit */ = {
			isa = PBXNativeTarget;
			buildConfigurationList = 1F2C7126223A2FDD00521AEF /* Build configuration list for PBXNativeTarget "WYBasisKit" */;
			buildPhases = (
				1F2C7110223A2FDB00521AEF /* Sources */,
				1F2C7111223A2FDB00521AEF /* Frameworks */,
				1F2C7112223A2FDB00521AEF /* Resources */,
			);
			buildRules = (
			);
			dependencies = (
			);
			name = WYBasisKit;
			productName = WYBasisKit;
			productReference = 1F2C7114223A2FDB00521AEF /* WYBasisKit.app */;
			productType = "com.apple.product-type.application";
		};
/* End PBXNativeTarget section */

/* Begin PBXProject section */
		1F2C710C223A2FDB00521AEF /* Project object */ = {
			isa = PBXProject;
			attributes = {
				LastSwiftUpdateCheck = 1010;
				LastUpgradeCheck = 1010;
				ORGANIZATIONNAME = "jacke-xu";
				TargetAttributes = {
					1F2C7113223A2FDB00521AEF = {
						CreatedOnToolsVersion = 10.1;
						LastSwiftMigration = 1020;
					};
				};
			};
			buildConfigurationList = 1F2C710F223A2FDB00521AEF /* Build configuration list for PBXProject "WYBasisKit" */;
			compatibilityVersion = "Xcode 9.3";
			developmentRegion = en;
			hasScannedForEncodings = 0;
			knownRegions = (
				en,
				Base,
			);
			mainGroup = 1F2C710B223A2FDB00521AEF;
			productRefGroup = 1F2C7115223A2FDB00521AEF /* Products */;
			projectDirPath = "";
			projectRoot = "";
			targets = (
				1F2C7113223A2FDB00521AEF /* WYBasisKit */,
			);
		};
/* End PBXProject section */

/* Begin PBXResourcesBuildPhase section */
		1F2C7112223A2FDB00521AEF /* Resources */ = {
			isa = PBXResourcesBuildPhase;
			buildActionMask = 2147483647;
			files = (
				1F2C7122223A2FDD00521AEF /* LaunchScreen.storyboard in Resources */,
				1F2C711F223A2FDD00521AEF /* Assets.xcassets in Resources */,
				1F2C711D223A2FDB00521AEF /* Main.storyboard in Resources */,
			);
			runOnlyForDeploymentPostprocessing = 0;
		};
/* End PBXResourcesBuildPhase section */

/* Begin PBXSourcesBuildPhase section */
		1F2C7110223A2FDB00521AEF /* Sources */ = {
			isa = PBXSourcesBuildPhase;
			buildActionMask = 2147483647;
			files = (
				1F0F0C34223DFC9000E06F63 /* UIFont+WY_Extension.swift in Sources */,
				1FF80DC1225C599700F3C410 /* ConstDefinition.swift in Sources */,
				1FF80DBE225C4DE800F3C410 /* NetworkAPI.swift in Sources */,
				1FD7D1D7227D508100D84117 /* DataConvert+WY_Extension.swift in Sources */,
				1F059B0E227C2D09006AB1BB /* UIDevice+WY_Extension.swift in Sources */,
				1F2C712A223A31EE00521AEF /* MainViewController.swift in Sources */,
				1F37360C227477F500DEA8B0 /* NSDecimalNumber+WY_Extension.swift in Sources */,
				1F2C7118223A2FDB00521AEF /* AppDelegate.swift in Sources */,
				1F2C714A223A631300521AEF /* UIColor+WY_Extension.swift in Sources */,
			);
			runOnlyForDeploymentPostprocessing = 0;
		};
/* End PBXSourcesBuildPhase section */

/* Begin PBXVariantGroup section */
		1F2C711B223A2FDB00521AEF /* Main.storyboard */ = {
			isa = PBXVariantGroup;
			children = (
				1F2C711C223A2FDB00521AEF /* Base */,
			);
			name = Main.storyboard;
			sourceTree = "<group>";
		};
		1F2C7120223A2FDD00521AEF /* LaunchScreen.storyboard */ = {
			isa = PBXVariantGroup;
			children = (
				1F2C7121223A2FDD00521AEF /* Base */,
			);
			name = LaunchScreen.storyboard;
			sourceTree = "<group>";
		};
/* End PBXVariantGroup section */

/* Begin XCBuildConfiguration section */
		1F2C7124223A2FDD00521AEF /* Debug */ = {
			isa = XCBuildConfiguration;
			buildSettings = {
				ALWAYS_SEARCH_USER_PATHS = NO;
				CLANG_ANALYZER_NONNULL = YES;
				CLANG_ANALYZER_NUMBER_OBJECT_CONVERSION = YES_AGGRESSIVE;
				CLANG_CXX_LANGUAGE_STANDARD = "gnu++14";
				CLANG_CXX_LIBRARY = "libc++";
				CLANG_ENABLE_MODULES = YES;
				CLANG_ENABLE_OBJC_ARC = YES;
				CLANG_ENABLE_OBJC_WEAK = YES;
				CLANG_WARN_BLOCK_CAPTURE_AUTORELEASING = YES;
				CLANG_WARN_BOOL_CONVERSION = YES;
				CLANG_WARN_COMMA = YES;
				CLANG_WARN_CONSTANT_CONVERSION = YES;
				CLANG_WARN_DEPRECATED_OBJC_IMPLEMENTATIONS = YES;
				CLANG_WARN_DIRECT_OBJC_ISA_USAGE = YES_ERROR;
				CLANG_WARN_DOCUMENTATION_COMMENTS = YES;
				CLANG_WARN_EMPTY_BODY = YES;
				CLANG_WARN_ENUM_CONVERSION = YES;
				CLANG_WARN_INFINITE_RECURSION = YES;
				CLANG_WARN_INT_CONVERSION = YES;
				CLANG_WARN_NON_LITERAL_NULL_CONVERSION = YES;
				CLANG_WARN_OBJC_IMPLICIT_RETAIN_SELF = YES;
				CLANG_WARN_OBJC_LITERAL_CONVERSION = YES;
				CLANG_WARN_OBJC_ROOT_CLASS = YES_ERROR;
				CLANG_WARN_RANGE_LOOP_ANALYSIS = YES;
				CLANG_WARN_STRICT_PROTOTYPES = YES;
				CLANG_WARN_SUSPICIOUS_MOVE = YES;
				CLANG_WARN_UNGUARDED_AVAILABILITY = YES_AGGRESSIVE;
				CLANG_WARN_UNREACHABLE_CODE = YES;
				CLANG_WARN__DUPLICATE_METHOD_MATCH = YES;
				CODE_SIGN_IDENTITY = "iPhone Developer";
				COPY_PHASE_STRIP = NO;
				DEBUG_INFORMATION_FORMAT = dwarf;
				ENABLE_STRICT_OBJC_MSGSEND = YES;
				ENABLE_TESTABILITY = YES;
				GCC_C_LANGUAGE_STANDARD = gnu11;
				GCC_DYNAMIC_NO_PIC = NO;
				GCC_NO_COMMON_BLOCKS = YES;
				GCC_OPTIMIZATION_LEVEL = 0;
				GCC_PREPROCESSOR_DEFINITIONS = (
					"DEBUG=1",
					"$(inherited)",
				);
				GCC_WARN_64_TO_32_BIT_CONVERSION = YES;
				GCC_WARN_ABOUT_RETURN_TYPE = YES_ERROR;
				GCC_WARN_UNDECLARED_SELECTOR = YES;
				GCC_WARN_UNINITIALIZED_AUTOS = YES_AGGRESSIVE;
				GCC_WARN_UNUSED_FUNCTION = YES;
				GCC_WARN_UNUSED_VARIABLE = YES;
				IPHONEOS_DEPLOYMENT_TARGET = 12.1;
				MTL_ENABLE_DEBUG_INFO = INCLUDE_SOURCE;
				MTL_FAST_MATH = YES;
				ONLY_ACTIVE_ARCH = YES;
				SDKROOT = iphoneos;
				SWIFT_ACTIVE_COMPILATION_CONDITIONS = DEBUG;
				SWIFT_OPTIMIZATION_LEVEL = "-Onone";
			};
			name = Debug;
		};
		1F2C7125223A2FDD00521AEF /* Release */ = {
			isa = XCBuildConfiguration;
			buildSettings = {
				ALWAYS_SEARCH_USER_PATHS = NO;
				CLANG_ANALYZER_NONNULL = YES;
				CLANG_ANALYZER_NUMBER_OBJECT_CONVERSION = YES_AGGRESSIVE;
				CLANG_CXX_LANGUAGE_STANDARD = "gnu++14";
				CLANG_CXX_LIBRARY = "libc++";
				CLANG_ENABLE_MODULES = YES;
				CLANG_ENABLE_OBJC_ARC = YES;
				CLANG_ENABLE_OBJC_WEAK = YES;
				CLANG_WARN_BLOCK_CAPTURE_AUTORELEASING = YES;
				CLANG_WARN_BOOL_CONVERSION = YES;
				CLANG_WARN_COMMA = YES;
				CLANG_WARN_CONSTANT_CONVERSION = YES;
				CLANG_WARN_DEPRECATED_OBJC_IMPLEMENTATIONS = YES;
				CLANG_WARN_DIRECT_OBJC_ISA_USAGE = YES_ERROR;
				CLANG_WARN_DOCUMENTATION_COMMENTS = YES;
				CLANG_WARN_EMPTY_BODY = YES;
				CLANG_WARN_ENUM_CONVERSION = YES;
				CLANG_WARN_INFINITE_RECURSION = YES;
				CLANG_WARN_INT_CONVERSION = YES;
				CLANG_WARN_NON_LITERAL_NULL_CONVERSION = YES;
				CLANG_WARN_OBJC_IMPLICIT_RETAIN_SELF = YES;
				CLANG_WARN_OBJC_LITERAL_CONVERSION = YES;
				CLANG_WARN_OBJC_ROOT_CLASS = YES_ERROR;
				CLANG_WARN_RANGE_LOOP_ANALYSIS = YES;
				CLANG_WARN_STRICT_PROTOTYPES = YES;
				CLANG_WARN_SUSPICIOUS_MOVE = YES;
				CLANG_WARN_UNGUARDED_AVAILABILITY = YES_AGGRESSIVE;
				CLANG_WARN_UNREACHABLE_CODE = YES;
				CLANG_WARN__DUPLICATE_METHOD_MATCH = YES;
				CODE_SIGN_IDENTITY = "iPhone Developer";
				COPY_PHASE_STRIP = NO;
				DEBUG_INFORMATION_FORMAT = "dwarf-with-dsym";
				ENABLE_NS_ASSERTIONS = NO;
				ENABLE_STRICT_OBJC_MSGSEND = YES;
				GCC_C_LANGUAGE_STANDARD = gnu11;
				GCC_NO_COMMON_BLOCKS = YES;
				GCC_WARN_64_TO_32_BIT_CONVERSION = YES;
				GCC_WARN_ABOUT_RETURN_TYPE = YES_ERROR;
				GCC_WARN_UNDECLARED_SELECTOR = YES;
				GCC_WARN_UNINITIALIZED_AUTOS = YES_AGGRESSIVE;
				GCC_WARN_UNUSED_FUNCTION = YES;
				GCC_WARN_UNUSED_VARIABLE = YES;
				IPHONEOS_DEPLOYMENT_TARGET = 12.1;
				MTL_ENABLE_DEBUG_INFO = NO;
				MTL_FAST_MATH = YES;
				SDKROOT = iphoneos;
				SWIFT_COMPILATION_MODE = wholemodule;
				SWIFT_OPTIMIZATION_LEVEL = "-O";
				VALIDATE_PRODUCT = YES;
			};
			name = Release;
		};
		1F2C7127223A2FDD00521AEF /* Debug */ = {
			isa = XCBuildConfiguration;
			buildSettings = {
				ASSETCATALOG_COMPILER_APPICON_NAME = AppIcon;
				CODE_SIGN_STYLE = Automatic;
				DEVELOPMENT_TEAM = JX362P6GEC;
				INFOPLIST_FILE = WYBasisKit/Info.plist;
				IPHONEOS_DEPLOYMENT_TARGET = 8.0;
				LD_RUNPATH_SEARCH_PATHS = (
					"$(inherited)",
					"@executable_path/Frameworks",
				);
				PRODUCT_BUNDLE_IDENTIFIER = "com.jacke-xu.WYBasisKit";
				PRODUCT_NAME = "$(TARGET_NAME)";
				SWIFT_VERSION = 5.0;
				TARGETED_DEVICE_FAMILY = 1;
			};
			name = Debug;
		};
		1F2C7128223A2FDD00521AEF /* Release */ = {
			isa = XCBuildConfiguration;
			buildSettings = {
				ASSETCATALOG_COMPILER_APPICON_NAME = AppIcon;
				CODE_SIGN_STYLE = Automatic;
				DEVELOPMENT_TEAM = JX362P6GEC;
				INFOPLIST_FILE = WYBasisKit/Info.plist;
				IPHONEOS_DEPLOYMENT_TARGET = 8.0;
				LD_RUNPATH_SEARCH_PATHS = (
					"$(inherited)",
					"@executable_path/Frameworks",
				);
				PRODUCT_BUNDLE_IDENTIFIER = "com.jacke-xu.WYBasisKit";
				PRODUCT_NAME = "$(TARGET_NAME)";
				SWIFT_VERSION = 5.0;
				TARGETED_DEVICE_FAMILY = 1;
			};
			name = Release;
		};
/* End XCBuildConfiguration section */

/* Begin XCConfigurationList section */
		1F2C710F223A2FDB00521AEF /* Build configuration list for PBXProject "WYBasisKit" */ = {
			isa = XCConfigurationList;
			buildConfigurations = (
				1F2C7124223A2FDD00521AEF /* Debug */,
				1F2C7125223A2FDD00521AEF /* Release */,
			);
			defaultConfigurationIsVisible = 0;
			defaultConfigurationName = Release;
		};
		1F2C7126223A2FDD00521AEF /* Build configuration list for PBXNativeTarget "WYBasisKit" */ = {
			isa = XCConfigurationList;
			buildConfigurations = (
				1F2C7127223A2FDD00521AEF /* Debug */,
				1F2C7128223A2FDD00521AEF /* Release */,
			);
			defaultConfigurationIsVisible = 0;
			defaultConfigurationName = Release;
		};
/* End XCConfigurationList section */
	};
	rootObject = 1F2C710C223A2FDB00521AEF /* Project object */;
}
