// !$*UTF8*$!
{
	archiveVersion = 1;
	classes = {
	};
	objectVersion = 54;
	objects = {

/* Begin PBXBuildFile section */
		580BB8AC2FF63F6900C1B986 /* WYTestAirBubbleController.swift in Sources */ = {isa = PBXBuildFile; fileRef = 580BB8AB2FF63F6900C1B986 /* WYTestAirBubbleController.swift */; };
		5814080D2EC83F1B0099D41B /* WYTestSideslipCellController.swift in Sources */ = {isa = PBXBuildFile; fileRef = 5814080C2EC83F1B0099D41B /* WYTestSideslipCellController.swift */; };
		58155BF62E6A7ABA00D957F3 /* 沙滩上的花.png in Resources */ = {isa = PBXBuildFile; fileRef = 58155BEF2E6A7ABA00D957F3 /* 沙滩上的花.png */; };
		58155BF72E6A7ABA00D957F3 /* 沙滩上的石头.png in Resources */ = {isa = PBXBuildFile; fileRef = 58155BF02E6A7ABA00D957F3 /* 沙滩上的石头.png */; };
		58155BF82E6A7ABA00D957F3 /* 啤酒.png in Resources */ = {isa = PBXBuildFile; fileRef = 58155BEB2E6A7ABA00D957F3 /* 啤酒.png */; };
		58155BF92E6A7ABA00D957F3 /* 红色花.png in Resources */ = {isa = PBXBuildFile; fileRef = 58155BE72E6A7ABA00D957F3 /* 红色花.png */; };
		58155BFB2E6A7ABA00D957F3 /* 帆船.png in Resources */ = {isa = PBXBuildFile; fileRef = 58155BE52E6A7ABA00D957F3 /* 帆船.png */; };
		58155BFC2E6A7ABA00D957F3 /* 红色爱心.png in Resources */ = {isa = PBXBuildFile; fileRef = 58155BE62E6A7ABA00D957F3 /* 红色爱心.png */; };
		58155BFD2E6A7ABA00D957F3 /* 沙滩.png in Resources */ = {isa = PBXBuildFile; fileRef = 58155BEE2E6A7ABA00D957F3 /* 沙滩.png */; };
		58155BFE2E6A7ABA00D957F3 /* 蓝色小屋.png in Resources */ = {isa = PBXBuildFile; fileRef = 58155BE82E6A7ABA00D957F3 /* 蓝色小屋.png */; };
		58155BFF2E6A7ABA00D957F3 /* 阳光蓝天下的花.png in Resources */ = {isa = PBXBuildFile; fileRef = 58155BF42E6A7ABA00D957F3 /* 阳光蓝天下的花.png */; };
		58155C002E6A7ABA00D957F3 /* 蓝天下的花.png in Resources */ = {isa = PBXBuildFile; fileRef = 58155BEA2E6A7ABA00D957F3 /* 蓝天下的花.png */; };
		58155C012E6A7ABA00D957F3 /* 窗花.png in Resources */ = {isa = PBXBuildFile; fileRef = 58155BE42E6A7ABA00D957F3 /* 窗花.png */; };
		58155C022E6A7ABA00D957F3 /* 蓝天下的红色花.png in Resources */ = {isa = PBXBuildFile; fileRef = 58155BE92E6A7ABA00D957F3 /* 蓝天下的红色花.png */; };
		58155C032E6A7ABA00D957F3 /* 墙上的花.png in Resources */ = {isa = PBXBuildFile; fileRef = 58155BEC2E6A7ABA00D957F3 /* 墙上的花.png */; };
		58155C042E6A7ABA00D957F3 /* 石头上的花.png in Resources */ = {isa = PBXBuildFile; fileRef = 58155BF12E6A7ABA00D957F3 /* 石头上的花.png */; };
		58155C052E6A7ABA00D957F3 /* 夕阳下的花.png in Resources */ = {isa = PBXBuildFile; fileRef = 58155BF22E6A7ABA00D957F3 /* 夕阳下的花.png */; };
		58155C062E6A7ABA00D957F3 /* 樱花.png in Resources */ = {isa = PBXBuildFile; fileRef = 58155BF52E6A7ABA00D957F3 /* 樱花.png */; };
		58155C072E6A7ABA00D957F3 /* 阳光和窗户.png in Resources */ = {isa = PBXBuildFile; fileRef = 58155BF32E6A7ABA00D957F3 /* 阳光和窗户.png */; };
		58155C082E6A7ABA00D957F3 /* 秋天的树.png in Resources */ = {isa = PBXBuildFile; fileRef = 58155BED2E6A7ABA00D957F3 /* 秋天的树.png */; };
		581955332E4DB9B800469F1A /* 世间美好与你环环相扣.mp3 in Resources */ = {isa = PBXBuildFile; fileRef = 581955322E4DB9B800469F1A /* 世间美好与你环环相扣.mp3 */; };
		582917412FB0C3E70006F98D /* NotoSans-Regular.ttf in Resources */ = {isa = PBXBuildFile; fileRef = 582917402FB0C3E70006F98D /* NotoSans-Regular.ttf */; };
		583234192E68382700EFCAD9 /* WYTestPagingViewController.swift in Sources */ = {isa = PBXBuildFile; fileRef = 583234182E68382700EFCAD9 /* WYTestPagingViewController.swift */; };
		584D750E2F723683006C05E7 /* WYTestImageRenderingController.swift in Sources */ = {isa = PBXBuildFile; fileRef = 584D750C2F723683006C05E7 /* WYTestImageRenderingController.swift */; };
		584D750F2F723683006C05E7 /* WYTestImageRenderingController.xib in Resources */ = {isa = PBXBuildFile; fileRef = 584D750D2F723683006C05E7 /* WYTestImageRenderingController.xib */; };
		584D751B2F7281E3006C05E7 /* 彩色花.webp in Resources */ = {isa = PBXBuildFile; fileRef = 584D751A2F7281E3006C05E7 /* 彩色花.webp */; };
		585B3AA22DF819DC00E6E08F /* WYSpeechRecognitionController.xib in Resources */ = {isa = PBXBuildFile; fileRef = 585B3A662DF819DC00E6E08F /* WYSpeechRecognitionController.xib */; };
		585B3AA32DF819DC00E6E08F /* [666].gif in Resources */ = {isa = PBXBuildFile; fileRef = 585B3A8C2DF819DC00E6E08F /* [666].gif */; };
		585B3AA42DF819DC00E6E08F /* 1650855755919.mp4 in Resources */ = {isa = PBXBuildFile; fileRef = 585B3A8D2DF819DC00E6E08F /* 1650855755919.mp4 */; };
		585B3AA52DF819DC00E6E08F /* 动图1.gif in Resources */ = {isa = PBXBuildFile; fileRef = 585B3A8E2DF819DC00E6E08F /* 动图1.gif */; };
		585B3AA62DF819DC00E6E08F /* 动图2.gif in Resources */ = {isa = PBXBuildFile; fileRef = 585B3A8F2DF819DC00E6E08F /* 动图2.gif */; };
		585B3AA72DF819DC00E6E08F /* apng_[666].png in Resources */ = {isa = PBXBuildFile; fileRef = 585B3A902DF819DC00E6E08F /* apng_[666].png */; };
		585B3AA82DF819DC00E6E08F /* apng格式图片1.png in Resources */ = {isa = PBXBuildFile; fileRef = 585B3A912DF819DC00E6E08F /* apng格式图片1.png */; };
		585B3AA92DF819DC00E6E08F /* apng格式图片2.png in Resources */ = {isa = PBXBuildFile; fileRef = 585B3A922DF819DC00E6E08F /* apng格式图片2.png */; };
		585B3AAA2DF819DC00E6E08F /* mpeg4_local.mp4 in Resources */ = {isa = PBXBuildFile; fileRef = 585B3A932DF819DC00E6E08F /* mpeg4_local.mp4 */; };
		585B3AAB2DF819DC00E6E08F /* [爱心].png in Resources */ = {isa = PBXBuildFile; fileRef = 585B3A952DF819DC00E6E08F /* [爱心].png */; };
		585B3AAC2DF819DC00E6E08F /* [唇].png in Resources */ = {isa = PBXBuildFile; fileRef = 585B3A962DF819DC00E6E08F /* [唇].png */; };
		585B3AAD2DF819DC00E6E08F /* [喝彩].png in Resources */ = {isa = PBXBuildFile; fileRef = 585B3A972DF819DC00E6E08F /* [喝彩].png */; };
		585B3AAE2DF819DC00E6E08F /* Assets.xcassets in Resources */ = {isa = PBXBuildFile; fileRef = 585B3A992DF819DC00E6E08F /* Assets.xcassets */; };
		585B3AB02DF819DC00E6E08F /* LaunchScreen.storyboard in Resources */ = {isa = PBXBuildFile; fileRef = 585B3A9C2DF819DC00E6E08F /* LaunchScreen.storyboard */; };
		585B3AB12DF819DC00E6E08F /* Main.storyboard in Resources */ = {isa = PBXBuildFile; fileRef = 585B3A9E2DF819DC00E6E08F /* Main.storyboard */; };
		585B3AB22DF819DC00E6E08F /* WYTestDarkNightModeController.swift in Sources */ = {isa = PBXBuildFile; fileRef = 585B3A4A2DF819DC00E6E08F /* WYTestDarkNightModeController.swift */; };
		585B3AB32DF819DC00E6E08F /* WYTestVisualController.swift in Sources */ = {isa = PBXBuildFile; fileRef = 585B3A4C2DF819DC00E6E08F /* WYTestVisualController.swift */; };
		585B3AB42DF819DC00E6E08F /* WYQRCodeController.swift in Sources */ = {isa = PBXBuildFile; fileRef = 585B3A4E2DF819DC00E6E08F /* WYQRCodeController.swift */; };
		585B3AB52DF819DC00E6E08F /* SDKRequest.swift in Sources */ = {isa = PBXBuildFile; fileRef = 585B3A502DF819DC00E6E08F /* SDKRequest.swift */; };
		585B3AB62DF819DC00E6E08F /* SDKRequestContext.swift in Sources */ = {isa = PBXBuildFile; fileRef = 585B3A512DF819DC00E6E08F /* SDKRequestContext.swift */; };
		585B3AB72DF819DC00E6E08F /* SDKResponse.swift in Sources */ = {isa = PBXBuildFile; fileRef = 585B3A522DF819DC00E6E08F /* SDKResponse.swift */; };
		585B3AB82DF819DC00E6E08F /* UserRequest.swift in Sources */ = {isa = PBXBuildFile; fileRef = 585B3A532DF819DC00E6E08F /* UserRequest.swift */; };
		585B3AB92DF819DC00E6E08F /* UserResponse.swift in Sources */ = {isa = PBXBuildFile; fileRef = 585B3A542DF819DC00E6E08F /* UserResponse.swift */; };
		585B3ABA2DF819DC00E6E08F /* WYGenericTypeController.swift in Sources */ = {isa = PBXBuildFile; fileRef = 585B3A552DF819DC00E6E08F /* WYGenericTypeController.swift */; };
		585B3ABB2DF819DC00E6E08F /* WYOffLineMethodController.swift in Sources */ = {isa = PBXBuildFile; fileRef = 585B3A572DF819DC00E6E08F /* WYOffLineMethodController.swift */; };
		585B3ABC2DF819DC00E6E08F /* WYTestInterfaceOrientationController.swift in Sources */ = {isa = PBXBuildFile; fileRef = 585B3A592DF819DC00E6E08F /* WYTestInterfaceOrientationController.swift */; };
		585B3ABD2DF819DC00E6E08F /* CollectionReusableFooterView.swift in Sources */ = {isa = PBXBuildFile; fileRef = 585B3A5B2DF819DC00E6E08F /* CollectionReusableFooterView.swift */; };
		585B3ABE2DF819DC00E6E08F /* CollectionReusableHeaderView.swift in Sources */ = {isa = PBXBuildFile; fileRef = 585B3A5C2DF819DC00E6E08F /* CollectionReusableHeaderView.swift */; };
		585B3ABF2DF819DC00E6E08F /* WYFlowLayoutAlignmentController.swift in Sources */ = {isa = PBXBuildFile; fileRef = 585B3A5D2DF819DC00E6E08F /* WYFlowLayoutAlignmentController.swift */; };
		585B3AC02DF819DC00E6E08F /* WYTestRequestController.swift in Sources */ = {isa = PBXBuildFile; fileRef = 585B3A5F2DF819DC00E6E08F /* WYTestRequestController.swift */; };
		585B3AC12DF819DC00E6E08F /* WYMultilevelTableViewController.swift in Sources */ = {isa = PBXBuildFile; fileRef = 585B3A612DF819DC00E6E08F /* WYMultilevelTableViewController.swift */; };
		585B3AC22DF819DC00E6E08F /* WYTestDownloadController.swift in Sources */ = {isa = PBXBuildFile; fileRef = 585B3A632DF819DC00E6E08F /* WYTestDownloadController.swift */; };
		585B3AC32DF819DC00E6E08F /* WYSpeechRecognitionController.swift in Sources */ = {isa = PBXBuildFile; fileRef = 585B3A652DF819DC00E6E08F /* WYSpeechRecognitionController.swift */; };
		585B3AC42DF819DC00E6E08F /* WYTestAnimationController.swift in Sources */ = {isa = PBXBuildFile; fileRef = 585B3A682DF819DC00E6E08F /* WYTestAnimationController.swift */; };
		585B3AC52DF819DC00E6E08F /* WYTestLiveStreamingController.swift in Sources */ = {isa = PBXBuildFile; fileRef = 585B3A6A2DF819DC00E6E08F /* WYTestLiveStreamingController.swift */; };
		585B3AC72DF819DC00E6E08F /* WYTestEdgeInsetsController.swift in Sources */ = {isa = PBXBuildFile; fileRef = 585B3A6E2DF819DC00E6E08F /* WYTestEdgeInsetsController.swift */; };
		585B3AC82DF819DC00E6E08F /* WYCenterController.swift in Sources */ = {isa = PBXBuildFile; fileRef = 585B3A702DF819DC00E6E08F /* WYCenterController.swift */; };
		585B3AC92DF819DC00E6E08F /* WYParseGifController.swift in Sources */ = {isa = PBXBuildFile; fileRef = 585B3A722DF819DC00E6E08F /* WYParseGifController.swift */; };
		585B3ACA2DF819DC00E6E08F /* WYTestChatController.swift in Sources */ = {isa = PBXBuildFile; fileRef = 585B3A742DF819DC00E6E08F /* WYTestChatController.swift */; };
		585B3ACB2DF819DC00E6E08F /* WYTestChatDataSource.swift in Sources */ = {isa = PBXBuildFile; fileRef = 585B3A752DF819DC00E6E08F /* WYTestChatDataSource.swift */; };
		585B3ACC2DF819DC00E6E08F /* WYMainController.swift in Sources */ = {isa = PBXBuildFile; fileRef = 585B3A772DF819DC00E6E08F /* WYMainController.swift */; };
		585B3ACD2DF819DC00E6E08F /* WYTestRichTextController.swift in Sources */ = {isa = PBXBuildFile; fileRef = 585B3A792DF819DC00E6E08F /* WYTestRichTextController.swift */; };
		585B3ACE2DF819DC00E6E08F /* WYRightController.swift in Sources */ = {isa = PBXBuildFile; fileRef = 585B3A7B2DF819DC00E6E08F /* WYRightController.swift */; };
		585B3ACF2DF819DC00E6E08F /* WYTableViewGroupedController.swift in Sources */ = {isa = PBXBuildFile; fileRef = 585B3A7D2DF819DC00E6E08F /* WYTableViewGroupedController.swift */; };
		585B3AD02DF819DC00E6E08F /* WYTableViewPlainController.swift in Sources */ = {isa = PBXBuildFile; fileRef = 585B3A7F2DF819DC00E6E08F /* WYTableViewPlainController.swift */; };
		585B3AD12DF819DC00E6E08F /* WYWebViewController.swift in Sources */ = {isa = PBXBuildFile; fileRef = 585B3A812DF819DC00E6E08F /* WYWebViewController.swift */; };
		585B3AD22DF819DC00E6E08F /* WYLeftControllerHeaderView.swift in Sources */ = {isa = PBXBuildFile; fileRef = 585B3A842DF819DC00E6E08F /* WYLeftControllerHeaderView.swift */; };
		585B3AD32DF819DC00E6E08F /* WYTestTableViewFooterView.swift in Sources */ = {isa = PBXBuildFile; fileRef = 585B3A852DF819DC00E6E08F /* WYTestTableViewFooterView.swift */; };
		585B3AD42DF819DC00E6E08F /* WYTestTableViewHeaderView.swift in Sources */ = {isa = PBXBuildFile; fileRef = 585B3A862DF819DC00E6E08F /* WYTestTableViewHeaderView.swift */; };
		585B3AD52DF819DC00E6E08F /* WYTestView.swift in Sources */ = {isa = PBXBuildFile; fileRef = 585B3A872DF819DC00E6E08F /* WYTestView.swift */; };
		585B3AD72DF819DC00E6E08F /* AppDelegate.swift in Sources */ = {isa = PBXBuildFile; fileRef = 585B3A982DF819DC00E6E08F /* AppDelegate.swift */; };
		585B3AD82DF819DC00E6E08F /* ViewController.swift in Sources */ = {isa = PBXBuildFile; fileRef = 585B3A9F2DF819DC00E6E08F /* ViewController.swift */; };
		585B3AD92DF819DC00E6E08F /* WYTabBarController.swift in Sources */ = {isa = PBXBuildFile; fileRef = 585B3AA02DF819DC00E6E08F /* WYTabBarController.swift */; };
		585E7C333017050B00C461A3 /* WYTestInfiniteSwitchController.swift in Sources */ = {isa = PBXBuildFile; fileRef = 585E7C323017050B00C461A3 /* WYTestInfiniteSwitchController.swift */; };
		5882EAF12E518A5D00638FD3 /* WYTestVibrateController.swift in Sources */ = {isa = PBXBuildFile; fileRef = 5882EAF02E518A5D00638FD3 /* WYTestVibrateController.swift */; };
		589B0A3C2E49CE12000DBD10 /* bird.gif in Resources */ = {isa = PBXBuildFile; fileRef = 589B0A3B2E49CE12000DBD10 /* bird.gif */; };
		58C3596A2F3C6159000E6EF0 /* WYTestCombineImagesController.swift in Sources */ = {isa = PBXBuildFile; fileRef = 58C359692F3C6159000E6EF0 /* WYTestCombineImagesController.swift */; };
		58CDEE5D2E34907800ACE975 /* WYLogController.swift in Sources */ = {isa = PBXBuildFile; fileRef = 58CDEE5C2E34907800ACE975 /* WYLogController.swift */; };
		58E712812E4B0CE90095E71C /* WYTestAudioController.swift in Sources */ = {isa = PBXBuildFile; fileRef = 58E712802E4B0CE90095E71C /* WYTestAudioController.swift */; };
		58EE7B0E2FB88B3E009AA0CC /* WYTestTextViewController.swift in Sources */ = {isa = PBXBuildFile; fileRef = 58EE7B0D2FB88B3E009AA0CC /* WYTestTextViewController.swift */; };
		58EE7B102FB990FB009AA0CC /* WYTestTextViewCell.swift in Sources */ = {isa = PBXBuildFile; fileRef = 58EE7B0F2FB990FB009AA0CC /* WYTestTextViewCell.swift */; };
		84EE766C2E1181D7E147705D /* Pods_SwiftVerify.framework in Frameworks */ = {isa = PBXBuildFile; fileRef = D62E6505DE49C40968A38E0D /* Pods_SwiftVerify.framework */; };
		AAA708702E1C11060040F2ED /* WYArchivedController.swift in Sources */ = {isa = PBXBuildFile; fileRef = AAA7086F2E1C11060040F2ED /* WYArchivedController.swift */; };
/* End PBXBuildFile section */

/* Begin PBXFileReference section */
		039BD45456A5083D50E3564E /* Pods-SwiftVerify.release.xcconfig */ = {isa = PBXFileReference; includeInIndex = 1; lastKnownFileType = text.xcconfig; name = "Pods-SwiftVerify.release.xcconfig"; path = "Target Support Files/Pods-SwiftVerify/Pods-SwiftVerify.release.xcconfig"; sourceTree = "<group>"; };
		0953BDDD566655048899DC64 /* Pods-SwiftVerify.debug.xcconfig */ = {isa = PBXFileReference; includeInIndex = 1; lastKnownFileType = text.xcconfig; name = "Pods-SwiftVerify.debug.xcconfig"; path = "Target Support Files/Pods-SwiftVerify/Pods-SwiftVerify.debug.xcconfig"; sourceTree = "<group>"; };
		2DB9925AC3DD1E2ABC6B0159 /* Pods-WYBasisKitVerify.release.xcconfig */ = {isa = PBXFileReference; includeInIndex = 1; lastKnownFileType = text.xcconfig; name = "Pods-WYBasisKitVerify.release.xcconfig"; path = "Target Support Files/Pods-WYBasisKitVerify/Pods-WYBasisKitVerify.release.xcconfig"; sourceTree = "<group>"; };
		36C6640364725F7848269A13 /* Pods-WYBasisKitVerify.debug.xcconfig */ = {isa = PBXFileReference; includeInIndex = 1; lastKnownFileType = text.xcconfig; name = "Pods-WYBasisKitVerify.debug.xcconfig"; path = "Target Support Files/Pods-WYBasisKitVerify/Pods-WYBasisKitVerify.debug.xcconfig"; sourceTree = "<group>"; };
		580BB8AB2FF63F6900C1B986 /* WYTestAirBubbleController.swift */ = {isa = PBXFileReference; lastKnownFileType = sourcecode.swift; path = WYTestAirBubbleController.swift; sourceTree = "<group>"; };
		5814080C2EC83F1B0099D41B /* WYTestSideslipCellController.swift */ = {isa = PBXFileReference; lastKnownFileType = sourcecode.swift; path = WYTestSideslipCellController.swift; sourceTree = "<group>"; };
		58155BE42E6A7ABA00D957F3 /* 窗花.png */ = {isa = PBXFileReference; lastKnownFileType = image.png; path = "窗花.png"; sourceTree = "<group>"; };
		58155BE52E6A7ABA00D957F3 /* 帆船.png */ = {isa = PBXFileReference; lastKnownFileType = image.png; path = "帆船.png"; sourceTree = "<group>"; };
		58155BE62E6A7ABA00D957F3 /* 红色爱心.png */ = {isa = PBXFileReference; lastKnownFileType = image.png; path = "红色爱心.png"; sourceTree = "<group>"; };
		58155BE72E6A7ABA00D957F3 /* 红色花.png */ = {isa = PBXFileReference; lastKnownFileType = image.png; path = "红色花.png"; sourceTree = "<group>"; };
		58155BE82E6A7ABA00D957F3 /* 蓝色小屋.png */ = {isa = PBXFileReference; lastKnownFileType = image.png; path = "蓝色小屋.png"; sourceTree = "<group>"; };
		58155BE92E6A7ABA00D957F3 /* 蓝天下的红色花.png */ = {isa = PBXFileReference; lastKnownFileType = image.png; path = "蓝天下的红色花.png"; sourceTree = "<group>"; };
		58155BEA2E6A7ABA00D957F3 /* 蓝天下的花.png */ = {isa = PBXFileReference; lastKnownFileType = image.png; path = "蓝天下的花.png"; sourceTree = "<group>"; };
		58155BEB2E6A7ABA00D957F3 /* 啤酒.png */ = {isa = PBXFileReference; lastKnownFileType = image.png; path = "啤酒.png"; sourceTree = "<group>"; };
		58155BEC2E6A7ABA00D957F3 /* 墙上的花.png */ = {isa = PBXFileReference; lastKnownFileType = image.png; path = "墙上的花.png"; sourceTree = "<group>"; };
		58155BED2E6A7ABA00D957F3 /* 秋天的树.png */ = {isa = PBXFileReference; lastKnownFileType = image.png; path = "秋天的树.png"; sourceTree = "<group>"; };
		58155BEE2E6A7ABA00D957F3 /* 沙滩.png */ = {isa = PBXFileReference; lastKnownFileType = image.png; path = "沙滩.png"; sourceTree = "<group>"; };
		58155BEF2E6A7ABA00D957F3 /* 沙滩上的花.png */ = {isa = PBXFileReference; lastKnownFileType = image.png; path = "沙滩上的花.png"; sourceTree = "<group>"; };
		58155BF02E6A7ABA00D957F3 /* 沙滩上的石头.png */ = {isa = PBXFileReference; lastKnownFileType = image.png; path = "沙滩上的石头.png"; sourceTree = "<group>"; };
		58155BF12E6A7ABA00D957F3 /* 石头上的花.png */ = {isa = PBXFileReference; lastKnownFileType = image.png; path = "石头上的花.png"; sourceTree = "<group>"; };
		58155BF22E6A7ABA00D957F3 /* 夕阳下的花.png */ = {isa = PBXFileReference; lastKnownFileType = image.png; path = "夕阳下的花.png"; sourceTree = "<group>"; };
		58155BF32E6A7ABA00D957F3 /* 阳光和窗户.png */ = {isa = PBXFileReference; lastKnownFileType = image.png; path = "阳光和窗户.png"; sourceTree = "<group>"; };
		58155BF42E6A7ABA00D957F3 /* 阳光蓝天下的花.png */ = {isa = PBXFileReference; lastKnownFileType = image.png; path = "阳光蓝天下的花.png"; sourceTree = "<group>"; };
		58155BF52E6A7ABA00D957F3 /* 樱花.png */ = {isa = PBXFileReference; lastKnownFileType = image.png; path = "樱花.png"; sourceTree = "<group>"; };
		581955322E4DB9B800469F1A /* 世间美好与你环环相扣.mp3 */ = {isa = PBXFileReference; lastKnownFileType = audio.mp3; path = "世间美好与你环环相扣.mp3"; sourceTree = "<group>"; };
		582732132E9F9AD900DAD1AA /* en */ = {isa = PBXFileReference; lastKnownFileType = text.plist.strings; name = en; path = en.lproj/Main.strings; sourceTree = "<group>"; };
		582732142E9F9B8500DAD1AA /* fr */ = {isa = PBXFileReference; lastKnownFileType = text.plist.strings; name = fr; path = fr.lproj/LaunchScreen.strings; sourceTree = "<group>"; };
		582732152E9F9B8500DAD1AA /* fr */ = {isa = PBXFileReference; lastKnownFileType = text.plist.strings; name = fr; path = fr.lproj/Main.strings; sourceTree = "<group>"; };
		582732162E9F9B8F00DAD1AA /* de */ = {isa = PBXFileReference; lastKnownFileType = text.plist.strings; name = de; path = de.lproj/LaunchScreen.strings; sourceTree = "<group>"; };
		582732172E9F9B8F00DAD1AA /* de */ = {isa = PBXFileReference; lastKnownFileType = text.plist.strings; name = de; path = de.lproj/Main.strings; sourceTree = "<group>"; };
		582732182E9F9BAD00DAD1AA /* it */ = {isa = PBXFileReference; lastKnownFileType = text.plist.strings; name = it; path = it.lproj/LaunchScreen.strings; sourceTree = "<group>"; };
		582732192E9F9BAD00DAD1AA /* it */ = {isa = PBXFileReference; lastKnownFileType = text.plist.strings; name = it; path = it.lproj/Main.strings; sourceTree = "<group>"; };
		5827321A2E9F9BBE00DAD1AA /* sv */ = {isa = PBXFileReference; lastKnownFileType = text.plist.strings; name = sv; path = sv.lproj/LaunchScreen.strings; sourceTree = "<group>"; };
		5827321B2E9F9BBE00DAD1AA /* sv */ = {isa = PBXFileReference; lastKnownFileType = text.plist.strings; name = sv; path = sv.lproj/Main.strings; sourceTree = "<group>"; };
		5827321C2E9F9BCD00DAD1AA /* nl */ = {isa = PBXFileReference; lastKnownFileType = text.plist.strings; name = nl; path = nl.lproj/LaunchScreen.strings; sourceTree = "<group>"; };
		5827321D2E9F9BCD00DAD1AA /* nl */ = {isa = PBXFileReference; lastKnownFileType = text.plist.strings; name = nl; path = nl.lproj/Main.strings; sourceTree = "<group>"; };
		5827321E2E9F9BDE00DAD1AA /* da */ = {isa = PBXFileReference; lastKnownFileType = text.plist.strings; name = da; path = da.lproj/LaunchScreen.strings; sourceTree = "<group>"; };
		5827321F2E9F9BDE00DAD1AA /* da */ = {isa = PBXFileReference; lastKnownFileType = text.plist.strings; name = da; path = da.lproj/Main.strings; sourceTree = "<group>"; };
		582732202E9F9BEB00DAD1AA /* el */ = {isa = PBXFileReference; lastKnownFileType = text.plist.strings; name = el; path = el.lproj/LaunchScreen.strings; sourceTree = "<group>"; };
		582732212E9F9BEB00DAD1AA /* el */ = {isa = PBXFileReference; lastKnownFileType = text.plist.strings; name = el; path = el.lproj/Main.strings; sourceTree = "<group>"; };
		582732222E9F9BFF00DAD1AA /* tr */ = {isa = PBXFileReference; lastKnownFileType = text.plist.strings; name = tr; path = tr.lproj/LaunchScreen.strings; sourceTree = "<group>"; };
		582732232E9F9BFF00DAD1AA /* tr */ = {isa = PBXFileReference; lastKnownFileType = text.plist.strings; name = tr; path = tr.lproj/Main.strings; sourceTree = "<group>"; };
		582732242E9F9C4D00DAD1AA /* la */ = {isa = PBXFileReference; lastKnownFileType = text.plist.strings; name = la; path = la.lproj/LaunchScreen.strings; sourceTree = "<group>"; };
		582732252E9F9C4D00DAD1AA /* la */ = {isa = PBXFileReference; lastKnownFileType = text.plist.strings; name = la; path = la.lproj/Main.strings; sourceTree = "<group>"; };
		582732262E9F9C8100DAD1AA /* pl */ = {isa = PBXFileReference; lastKnownFileType = text.plist.strings; name = pl; path = pl.lproj/LaunchScreen.strings; sourceTree = "<group>"; };
		582732272E9F9C8100DAD1AA /* pl */ = {isa = PBXFileReference; lastKnownFileType = text.plist.strings; name = pl; path = pl.lproj/Main.strings; sourceTree = "<group>"; };
		582732282E9F9CC100DAD1AA /* hu */ = {isa = PBXFileReference; lastKnownFileType = text.plist.strings; name = hu; path = hu.lproj/LaunchScreen.strings; sourceTree = "<group>"; };
		582732292E9F9CC100DAD1AA /* hu */ = {isa = PBXFileReference; lastKnownFileType = text.plist.strings; name = hu; path = hu.lproj/Main.strings; sourceTree = "<group>"; };
		5827322A2E9F9D1000DAD1AA /* nb */ = {isa = PBXFileReference; lastKnownFileType = text.plist.strings; name = nb; path = nb.lproj/LaunchScreen.strings; sourceTree = "<group>"; };
		5827322B2E9F9D1000DAD1AA /* nb */ = {isa = PBXFileReference; lastKnownFileType = text.plist.strings; name = nb; path = nb.lproj/Main.strings; sourceTree = "<group>"; };
		5827322C2E9F9D4900DAD1AA /* uk */ = {isa = PBXFileReference; lastKnownFileType = text.plist.strings; name = uk; path = uk.lproj/LaunchScreen.strings; sourceTree = "<group>"; };
		5827322D2E9F9D4900DAD1AA /* uk */ = {isa = PBXFileReference; lastKnownFileType = text.plist.strings; name = uk; path = uk.lproj/Main.strings; sourceTree = "<group>"; };
		5827322E2E9F9D5F00DAD1AA /* ru */ = {isa = PBXFileReference; lastKnownFileType = text.plist.strings; name = ru; path = ru.lproj/LaunchScreen.strings; sourceTree = "<group>"; };
		5827322F2E9F9D5F00DAD1AA /* ru */ = {isa = PBXFileReference; lastKnownFileType = text.plist.strings; name = ru; path = ru.lproj/Main.strings; sourceTree = "<group>"; };
		582732302E9F9DAD00DAD1AA /* es */ = {isa = PBXFileReference; lastKnownFileType = text.plist.strings; name = es; path = es.lproj/LaunchScreen.strings; sourceTree = "<group>"; };
		582732312E9F9DAD00DAD1AA /* es */ = {isa = PBXFileReference; lastKnownFileType = text.plist.strings; name = es; path = es.lproj/Main.strings; sourceTree = "<group>"; };
		582732322E9F9DDC00DAD1AA /* pt */ = {isa = PBXFileReference; lastKnownFileType = text.plist.strings; name = pt; path = pt.lproj/LaunchScreen.strings; sourceTree = "<group>"; };
		582732332E9F9DDC00DAD1AA /* pt */ = {isa = PBXFileReference; lastKnownFileType = text.plist.strings; name = pt; path = pt.lproj/Main.strings; sourceTree = "<group>"; };
		582732342E9F9DF800DAD1AA /* ja */ = {isa = PBXFileReference; lastKnownFileType = text.plist.strings; name = ja; path = ja.lproj/LaunchScreen.strings; sourceTree = "<group>"; };
		582732352E9F9DF800DAD1AA /* ja */ = {isa = PBXFileReference; lastKnownFileType = text.plist.strings; name = ja; path = ja.lproj/Main.strings; sourceTree = "<group>"; };
		582732362E9F9E0D00DAD1AA /* ko */ = {isa = PBXFileReference; lastKnownFileType = text.plist.strings; name = ko; path = ko.lproj/LaunchScreen.strings; sourceTree = "<group>"; };
		582732372E9F9E0D00DAD1AA /* ko */ = {isa = PBXFileReference; lastKnownFileType = text.plist.strings; name = ko; path = ko.lproj/Main.strings; sourceTree = "<group>"; };
		582732382E9F9E5300DAD1AA /* th */ = {isa = PBXFileReference; lastKnownFileType = text.plist.strings; name = th; path = th.lproj/LaunchScreen.strings; sourceTree = "<group>"; };
		582732392E9F9E5300DAD1AA /* th */ = {isa = PBXFileReference; lastKnownFileType = text.plist.strings; name = th; path = th.lproj/Main.strings; sourceTree = "<group>"; };
		5827323A2E9F9E7C00DAD1AA /* mn */ = {isa = PBXFileReference; lastKnownFileType = text.plist.strings; name = mn; path = mn.lproj/LaunchScreen.strings; sourceTree = "<group>"; };
		5827323B2E9F9E7C00DAD1AA /* mn */ = {isa = PBXFileReference; lastKnownFileType = text.plist.strings; name = mn; path = mn.lproj/Main.strings; sourceTree = "<group>"; };
		5827323C2E9FA37E00DAD1AA /* ms */ = {isa = PBXFileReference; lastKnownFileType = text.plist.strings; name = ms; path = ms.lproj/LaunchScreen.strings; sourceTree = "<group>"; };
		5827323D2E9FA37E00DAD1AA /* ms */ = {isa = PBXFileReference; lastKnownFileType = text.plist.strings; name = ms; path = ms.lproj/Main.strings; sourceTree = "<group>"; };
		5827323E2E9FA39E00DAD1AA /* id */ = {isa = PBXFileReference; lastKnownFileType = text.plist.strings; name = id; path = id.lproj/LaunchScreen.strings; sourceTree = "<group>"; };
		5827323F2E9FA39E00DAD1AA /* id */ = {isa = PBXFileReference; lastKnownFileType = text.plist.strings; name = id; path = id.lproj/Main.strings; sourceTree = "<group>"; };
		582732402E9FA3A800DAD1AA /* vi */ = {isa = PBXFileReference; lastKnownFileType = text.plist.strings; name = vi; path = vi.lproj/LaunchScreen.strings; sourceTree = "<group>"; };
		582732412E9FA3A800DAD1AA /* vi */ = {isa = PBXFileReference; lastKnownFileType = text.plist.strings; name = vi; path = vi.lproj/Main.strings; sourceTree = "<group>"; };
		582732422E9FA3B900DAD1AA /* hi */ = {isa = PBXFileReference; lastKnownFileType = text.plist.strings; name = hi; path = hi.lproj/LaunchScreen.strings; sourceTree = "<group>"; };
		582732432E9FA3B900DAD1AA /* hi */ = {isa = PBXFileReference; lastKnownFileType = text.plist.strings; name = hi; path = hi.lproj/Main.strings; sourceTree = "<group>"; };
		582732442E9FA3D200DAD1AA /* km */ = {isa = PBXFileReference; lastKnownFileType = text.plist.strings; name = km; path = km.lproj/LaunchScreen.strings; sourceTree = "<group>"; };
		582732452E9FA3D200DAD1AA /* km */ = {isa = PBXFileReference; lastKnownFileType = text.plist.strings; name = km; path = km.lproj/Main.strings; sourceTree = "<group>"; };
		582917402FB0C3E70006F98D /* NotoSans-Regular.ttf */ = {isa = PBXFileReference; lastKnownFileType = file; path = "NotoSans-Regular.ttf"; sourceTree = "<group>"; };
		583234182E68382700EFCAD9 /* WYTestPagingViewController.swift */ = {isa = PBXFileReference; lastKnownFileType = sourcecode.swift; path = WYTestPagingViewController.swift; sourceTree = "<group>"; };
		584D750C2F723683006C05E7 /* WYTestImageRenderingController.swift */ = {isa = PBXFileReference; lastKnownFileType = sourcecode.swift; path = WYTestImageRenderingController.swift; sourceTree = "<group>"; };
		584D750D2F723683006C05E7 /* WYTestImageRenderingController.xib */ = {isa = PBXFileReference; lastKnownFileType = file.xib; path = WYTestImageRenderingController.xib; sourceTree = "<group>"; };
		584D751A2F7281E3006C05E7 /* 彩色花.webp */ = {isa = PBXFileReference; lastKnownFileType = file; path = "彩色花.webp"; sourceTree = "<group>"; };
		585B35432DF8081800E6E08F /* SwiftVerify.app */ = {isa = PBXFileReference; explicitFileType = wrapper.application; includeInIndex = 0; path = SwiftVerify.app; sourceTree = BUILT_PRODUCTS_DIR; };
		585B3A4A2DF819DC00E6E08F /* WYTestDarkNightModeController.swift */ = {isa = PBXFileReference; lastKnownFileType = sourcecode.swift; path = WYTestDarkNightModeController.swift; sourceTree = "<group>"; };
		585B3A4C2DF819DC00E6E08F /* WYTestVisualController.swift */ = {isa = PBXFileReference; lastKnownFileType = sourcecode.swift; path = WYTestVisualController.swift; sourceTree = "<group>"; };
		585B3A4E2DF819DC00E6E08F /* WYQRCodeController.swift */ = {isa = PBXFileReference; lastKnownFileType = sourcecode.swift; path = WYQRCodeController.swift; sourceTree = "<group>"; };
		585B3A502DF819DC00E6E08F /* SDKRequest.swift */ = {isa = PBXFileReference; lastKnownFileType = sourcecode.swift; path = SDKRequest.swift; sourceTree = "<group>"; };
		585B3A512DF819DC00E6E08F /* SDKRequestContext.swift */ = {isa = PBXFileReference; lastKnownFileType = sourcecode.swift; path = SDKRequestContext.swift; sourceTree = "<group>"; };
		585B3A522DF819DC00E6E08F /* SDKResponse.swift */ = {isa = PBXFileReference; lastKnownFileType = sourcecode.swift; path = SDKResponse.swift; sourceTree = "<group>"; };
		585B3A532DF819DC00E6E08F /* UserRequest.swift */ = {isa = PBXFileReference; lastKnownFileType = sourcecode.swift; path = UserRequest.swift; sourceTree = "<group>"; };
		585B3A542DF819DC00E6E08F /* UserResponse.swift */ = {isa = PBXFileReference; lastKnownFileType = sourcecode.swift; path = UserResponse.swift; sourceTree = "<group>"; };
		585B3A552DF819DC00E6E08F /* WYGenericTypeController.swift */ = {isa = PBXFileReference; lastKnownFileType = sourcecode.swift; path = WYGenericTypeController.swift; sourceTree = "<group>"; };
		585B3A572DF819DC00E6E08F /* WYOffLineMethodController.swift */ = {isa = PBXFileReference; lastKnownFileType = sourcecode.swift; path = WYOffLineMethodController.swift; sourceTree = "<group>"; };
		585B3A592DF819DC00E6E08F /* WYTestInterfaceOrientationController.swift */ = {isa = PBXFileReference; lastKnownFileType = sourcecode.swift; path = WYTestInterfaceOrientationController.swift; sourceTree = "<group>"; };
		585B3A5B2DF819DC00E6E08F /* CollectionReusableFooterView.swift */ = {isa = PBXFileReference; lastKnownFileType = sourcecode.swift; path = CollectionReusableFooterView.swift; sourceTree = "<group>"; };
		585B3A5C2DF819DC00E6E08F /* CollectionReusableHeaderView.swift */ = {isa = PBXFileReference; lastKnownFileType = sourcecode.swift; path = CollectionReusableHeaderView.swift; sourceTree = "<group>"; };
		585B3A5D2DF819DC00E6E08F /* WYFlowLayoutAlignmentController.swift */ = {isa = PBXFileReference; lastKnownFileType = sourcecode.swift; path = WYFlowLayoutAlignmentController.swift; sourceTree = "<group>"; };
		585B3A5F2DF819DC00E6E08F /* WYTestRequestController.swift */ = {isa = PBXFileReference; lastKnownFileType = sourcecode.swift; path = WYTestRequestController.swift; sourceTree = "<group>"; };
		585B3A612DF819DC00E6E08F /* WYMultilevelTableViewController.swift */ = {isa = PBXFileReference; lastKnownFileType = sourcecode.swift; path = WYMultilevelTableViewController.swift; sourceTree = "<group>"; };
		585B3A632DF819DC00E6E08F /* WYTestDownloadController.swift */ = {isa = PBXFileReference; lastKnownFileType = sourcecode.swift; path = WYTestDownloadController.swift; sourceTree = "<group>"; };
		585B3A652DF819DC00E6E08F /* WYSpeechRecognitionController.swift */ = {isa = PBXFileReference; lastKnownFileType = sourcecode.swift; path = WYSpeechRecognitionController.swift; sourceTree = "<group>"; };
		585B3A662DF819DC00E6E08F /* WYSpeechRecognitionController.xib */ = {isa = PBXFileReference; lastKnownFileType = file.xib; path = WYSpeechRecognitionController.xib; sourceTree = "<group>"; };
		585B3A682DF819DC00E6E08F /* WYTestAnimationController.swift */ = {isa = PBXFileReference; lastKnownFileType = sourcecode.swift; path = WYTestAnimationController.swift; sourceTree = "<group>"; };
		585B3A6A2DF819DC00E6E08F /* WYTestLiveStreamingController.swift */ = {isa = PBXFileReference; lastKnownFileType = sourcecode.swift; path = WYTestLiveStreamingController.swift; sourceTree = "<group>"; };
		585B3A6E2DF819DC00E6E08F /* WYTestEdgeInsetsController.swift */ = {isa = PBXFileReference; lastKnownFileType = sourcecode.swift; path = WYTestEdgeInsetsController.swift; sourceTree = "<group>"; };
		585B3A702DF819DC00E6E08F /* WYCenterController.swift */ = {isa = PBXFileReference; lastKnownFileType = sourcecode.swift; path = WYCenterController.swift; sourceTree = "<group>"; };
		585B3A722DF819DC00E6E08F /* WYParseGifController.swift */ = {isa = PBXFileReference; lastKnownFileType = sourcecode.swift; path = WYParseGifController.swift; sourceTree = "<group>"; };
		585B3A742DF819DC00E6E08F /* WYTestChatController.swift */ = {isa = PBXFileReference; lastKnownFileType = sourcecode.swift; path = WYTestChatController.swift; sourceTree = "<group>"; };
		585B3A752DF819DC00E6E08F /* WYTestChatDataSource.swift */ = {isa = PBXFileReference; lastKnownFileType = sourcecode.swift; path = WYTestChatDataSource.swift; sourceTree = "<group>"; };
		585B3A772DF819DC00E6E08F /* WYMainController.swift */ = {isa = PBXFileReference; lastKnownFileType = sourcecode.swift; path = WYMainController.swift; sourceTree = "<group>"; };
		585B3A792DF819DC00E6E08F /* WYTestRichTextController.swift */ = {isa = PBXFileReference; lastKnownFileType = sourcecode.swift; path = WYTestRichTextController.swift; sourceTree = "<group>"; };
		585B3A7B2DF819DC00E6E08F /* WYRightController.swift */ = {isa = PBXFileReference; lastKnownFileType = sourcecode.swift; path = WYRightController.swift; sourceTree = "<group>"; };
		585B3A7D2DF819DC00E6E08F /* WYTableViewGroupedController.swift */ = {isa = PBXFileReference; lastKnownFileType = sourcecode.swift; path = WYTableViewGroupedController.swift; sourceTree = "<group>"; };
		585B3A7F2DF819DC00E6E08F /* WYTableViewPlainController.swift */ = {isa = PBXFileReference; lastKnownFileType = sourcecode.swift; path = WYTableViewPlainController.swift; sourceTree = "<group>"; };
		585B3A812DF819DC00E6E08F /* WYWebViewController.swift */ = {isa = PBXFileReference; lastKnownFileType = sourcecode.swift; path = WYWebViewController.swift; sourceTree = "<group>"; };
		585B3A842DF819DC00E6E08F /* WYLeftControllerHeaderView.swift */ = {isa = PBXFileReference; lastKnownFileType = sourcecode.swift; path = WYLeftControllerHeaderView.swift; sourceTree = "<group>"; };
		585B3A852DF819DC00E6E08F /* WYTestTableViewFooterView.swift */ = {isa = PBXFileReference; lastKnownFileType = sourcecode.swift; path = WYTestTableViewFooterView.swift; sourceTree = "<group>"; };
		585B3A862DF819DC00E6E08F /* WYTestTableViewHeaderView.swift */ = {isa = PBXFileReference; lastKnownFileType = sourcecode.swift; path = WYTestTableViewHeaderView.swift; sourceTree = "<group>"; };
		585B3A872DF819DC00E6E08F /* WYTestView.swift */ = {isa = PBXFileReference; lastKnownFileType = sourcecode.swift; path = WYTestView.swift; sourceTree = "<group>"; };
		585B3A8C2DF819DC00E6E08F /* [666].gif */ = {isa = PBXFileReference; lastKnownFileType = image.gif; path = "[666].gif"; sourceTree = "<group>"; };
		585B3A8D2DF819DC00E6E08F /* 1650855755919.mp4 */ = {isa = PBXFileReference; lastKnownFileType = file; path = 1650855755919.mp4; sourceTree = "<group>"; };
		585B3A8E2DF819DC00E6E08F /* 动图1.gif */ = {isa = PBXFileReference; lastKnownFileType = image.gif; path = "动图1.gif"; sourceTree = "<group>"; };
		585B3A8F2DF819DC00E6E08F /* 动图2.gif */ = {isa = PBXFileReference; lastKnownFileType = image.gif; path = "动图2.gif"; sourceTree = "<group>"; };
		585B3A902DF819DC00E6E08F /* apng_[666].png */ = {isa = PBXFileReference; lastKnownFileType = image.png; path = "apng_[666].png"; sourceTree = "<group>"; };
		585B3A912DF819DC00E6E08F /* apng格式图片1.png */ = {isa = PBXFileReference; lastKnownFileType = image.png; path = "apng格式图片1.png"; sourceTree = "<group>"; };
		585B3A922DF819DC00E6E08F /* apng格式图片2.png */ = {isa = PBXFileReference; lastKnownFileType = image.png; path = "apng格式图片2.png"; sourceTree = "<group>"; };
		585B3A932DF819DC00E6E08F /* mpeg4_local.mp4 */ = {isa = PBXFileReference; lastKnownFileType = file; path = mpeg4_local.mp4; sourceTree = "<group>"; };
		585B3A952DF819DC00E6E08F /* [爱心].png */ = {isa = PBXFileReference; lastKnownFileType = image.png; path = "[爱心].png"; sourceTree = "<group>"; };
		585B3A962DF819DC00E6E08F /* [唇].png */ = {isa = PBXFileReference; lastKnownFileType = image.png; path = "[唇].png"; sourceTree = "<group>"; };
		585B3A972DF819DC00E6E08F /* [喝彩].png */ = {isa = PBXFileReference; lastKnownFileType = image.png; path = "[喝彩].png"; sourceTree = "<group>"; };
		585B3A982DF819DC00E6E08F /* AppDelegate.swift */ = {isa = PBXFileReference; lastKnownFileType = sourcecode.swift; path = AppDelegate.swift; sourceTree = "<group>"; };
		585B3A992DF819DC00E6E08F /* Assets.xcassets */ = {isa = PBXFileReference; lastKnownFileType = folder.assetcatalog; path = Assets.xcassets; sourceTree = "<group>"; };
		585B3A9A2DF819DC00E6E08F /* Info.plist */ = {isa = PBXFileReference; lastKnownFileType = text.plist.xml; path = Info.plist; sourceTree = "<group>"; };
		585B3A9B2DF819DC00E6E08F /* Base */ = {isa = PBXFileReference; lastKnownFileType = file.storyboard; name = Base; path = Base.lproj/LaunchScreen.storyboard; sourceTree = "<group>"; };
		585B3A9D2DF819DC00E6E08F /* Base */ = {isa = PBXFileReference; lastKnownFileType = file.storyboard; name = Base; path = Base.lproj/Main.storyboard; sourceTree = "<group>"; };
		585B3A9F2DF819DC00E6E08F /* ViewController.swift */ = {isa = PBXFileReference; lastKnownFileType = sourcecode.swift; path = ViewController.swift; sourceTree = "<group>"; };
		585B3AA02DF819DC00E6E08F /* WYTabBarController.swift */ = {isa = PBXFileReference; lastKnownFileType = sourcecode.swift; path = WYTabBarController.swift; sourceTree = "<group>"; };
		585B3ADB2DF8201F00E6E08F /* zh-Hans */ = {isa = PBXFileReference; lastKnownFileType = text.plist.strings; name = "zh-Hans"; path = "zh-Hans.lproj/LaunchScreen.strings"; sourceTree = "<group>"; };
		585B3ADD2DF8202500E6E08F /* zh-Hant */ = {isa = PBXFileReference; lastKnownFileType = text.plist.strings; name = "zh-Hant"; path = "zh-Hant.lproj/LaunchScreen.strings"; sourceTree = "<group>"; };
		585E7C323017050B00C461A3 /* WYTestInfiniteSwitchController.swift */ = {isa = PBXFileReference; lastKnownFileType = sourcecode.swift; path = WYTestInfiniteSwitchController.swift; sourceTree = "<group>"; };
		5874BC852DF9176700703A4B /* zh-Hans */ = {isa = PBXFileReference; lastKnownFileType = text.plist.strings; name = "zh-Hans"; path = "zh-Hans.lproj/Main.strings"; sourceTree = "<group>"; };
		5874BC892DF9179300703A4B /* zh-Hant */ = {isa = PBXFileReference; lastKnownFileType = text.plist.strings; name = "zh-Hant"; path = "zh-Hant.lproj/Main.strings"; sourceTree = "<group>"; };
		5882EAF02E518A5D00638FD3 /* WYTestVibrateController.swift */ = {isa = PBXFileReference; lastKnownFileType = sourcecode.swift; path = WYTestVibrateController.swift; sourceTree = "<group>"; };
		589B0A3B2E49CE12000DBD10 /* bird.gif */ = {isa = PBXFileReference; lastKnownFileType = image.gif; path = bird.gif; sourceTree = "<group>"; };
		58C359692F3C6159000E6EF0 /* WYTestCombineImagesController.swift */ = {isa = PBXFileReference; lastKnownFileType = sourcecode.swift; path = WYTestCombineImagesController.swift; sourceTree = "<group>"; };
		58CDEE5C2E34907800ACE975 /* WYLogController.swift */ = {isa = PBXFileReference; lastKnownFileType = sourcecode.swift; path = WYLogController.swift; sourceTree = "<group>"; };
		58E712802E4B0CE90095E71C /* WYTestAudioController.swift */ = {isa = PBXFileReference; lastKnownFileType = sourcecode.swift; path = WYTestAudioController.swift; sourceTree = "<group>"; };
		58EE7B0D2FB88B3E009AA0CC /* WYTestTextViewController.swift */ = {isa = PBXFileReference; lastKnownFileType = sourcecode.swift; path = WYTestTextViewController.swift; sourceTree = "<group>"; };
		58EE7B0F2FB990FB009AA0CC /* WYTestTextViewCell.swift */ = {isa = PBXFileReference; lastKnownFileType = sourcecode.swift; path = WYTestTextViewCell.swift; sourceTree = "<group>"; };
		AAA7086F2E1C11060040F2ED /* WYArchivedController.swift */ = {isa = PBXFileReference; lastKnownFileType = sourcecode.swift; path = WYArchivedController.swift; sourceTree = "<group>"; };
		D62E6505DE49C40968A38E0D /* Pods_SwiftVerify.framework */ = {isa = PBXFileReference; explicitFileType = wrapper.framework; includeInIndex = 0; path = Pods_SwiftVerify.framework; sourceTree = BUILT_PRODUCTS_DIR; };
/* End PBXFileReference section */

/* Begin PBXFrameworksBuildPhase section */
		585B35402DF8081800E6E08F /* Frameworks */ = {
			isa = PBXFrameworksBuildPhase;
			buildActionMask = 2147483647;
			files = (
				84EE766C2E1181D7E147705D /* Pods_SwiftVerify.framework in Frameworks */,
			);
			runOnlyForDeploymentPostprocessing = 0;
		};
/* End PBXFrameworksBuildPhase section */

/* Begin PBXGroup section */
		1EB2A98F0CB06C73BD244955 /* Pods */ = {
			isa = PBXGroup;
			children = (
				36C6640364725F7848269A13 /* Pods-WYBasisKitVerify.debug.xcconfig */,
				2DB9925AC3DD1E2ABC6B0159 /* Pods-WYBasisKitVerify.release.xcconfig */,
				0953BDDD566655048899DC64 /* Pods-SwiftVerify.debug.xcconfig */,
				039BD45456A5083D50E3564E /* Pods-SwiftVerify.release.xcconfig */,
			);
			name = Pods;
			path = ../Pods;
			sourceTree = "<group>";
		};
		580BB8AA2FF63F3B00C1B986 /* 气泡图 */ = {
			isa = PBXGroup;
			children = (
				580BB8AB2FF63F6900C1B986 /* WYTestAirBubbleController.swift */,
			);
			path = "气泡图";
			sourceTree = "<group>";
		};
		5814080B2EC83EDF0099D41B /* TableViewCell侧滑 */ = {
			isa = PBXGroup;
			children = (
				5814080C2EC83F1B0099D41B /* WYTestSideslipCellController.swift */,
			);
			path = "TableViewCell侧滑";
			sourceTree = "<group>";
		};
		58155C0A2E6A7C3200D957F3 /* Tabbar */ = {
			isa = PBXGroup;
			children = (
				585B3A782DF819DC00E6E08F /* Main */,
				585B3A712DF819DC00E6E08F /* Center */,
				585B3A7C2DF819DC00E6E08F /* Right */,
			);
			path = Tabbar;
			sourceTree = "<group>";
		};
		583234172E68380100EFCAD9 /* 分页控制器 */ = {
			isa = PBXGroup;
			children = (
				583234182E68382700EFCAD9 /* WYTestPagingViewController.swift */,
			);
			path = "分页控制器";
			sourceTree = "<group>";
		};
		584D75092F723605006C05E7 /* 图片渲染 */ = {
			isa = PBXGroup;
			children = (
				584D750C2F723683006C05E7 /* WYTestImageRenderingController.swift */,
				584D750D2F723683006C05E7 /* WYTestImageRenderingController.xib */,
			);
			path = "图片渲染";
			sourceTree = "<group>";
		};
		585B353A2DF8081800E6E08F = {
			isa = PBXGroup;
			children = (
				585B3AA12DF819DC00E6E08F /* SwiftVerify */,
				585B35442DF8081800E6E08F /* Products */,
				1EB2A98F0CB06C73BD244955 /* Pods */,
				59C921CD84EA9D39B92C17B9 /* Frameworks */,
			);
			sourceTree = "<group>";
		};
		585B35442DF8081800E6E08F /* Products */ = {
			isa = PBXGroup;
			children = (
				585B35432DF8081800E6E08F /* SwiftVerify.app */,
			);
			name = Products;
			sourceTree = "<group>";
		};
		585B3A4B2DF819DC00E6E08F /* 暗夜、白昼模式 */ = {
			isa = PBXGroup;
			children = (
				585B3A4A2DF819DC00E6E08F /* WYTestDarkNightModeController.swift */,
			);
			path = "暗夜、白昼模式";
			sourceTree = "<group>";
		};
		585B3A4D2DF819DC00E6E08F /* 边框、圆角、阴影、渐变 */ = {
			isa = PBXGroup;
			children = (
				585B3A4C2DF819DC00E6E08F /* WYTestVisualController.swift */,
			);
			path = "边框、圆角、阴影、渐变";
			sourceTree = "<group>";
		};
		585B3A4F2DF819DC00E6E08F /* 二维码 */ = {
			isa = PBXGroup;
			children = (
				585B3A4E2DF819DC00E6E08F /* WYQRCodeController.swift */,
			);
			path = "二维码";
			sourceTree = "<group>";
		};
		585B3A562DF819DC00E6E08F /* 泛型 */ = {
			isa = PBXGroup;
			children = (
				585B3A502DF819DC00E6E08F /* SDKRequest.swift */,
				585B3A512DF819DC00E6E08F /* SDKRequestContext.swift */,
				585B3A522DF819DC00E6E08F /* SDKResponse.swift */,
				585B3A532DF819DC00E6E08F /* UserRequest.swift */,
				585B3A542DF819DC00E6E08F /* UserResponse.swift */,
				585B3A552DF819DC00E6E08F /* WYGenericTypeController.swift */,
			);
			path = "泛型";
			sourceTree = "<group>";
		};
		585B3A582DF819DC00E6E08F /* 离线方法调用 */ = {
			isa = PBXGroup;
			children = (
				585B3A572DF819DC00E6E08F /* WYOffLineMethodController.swift */,
			);
			path = "离线方法调用";
			sourceTree = "<group>";
		};
		585B3A5A2DF819DC00E6E08F /* 屏幕旋转 */ = {
			isa = PBXGroup;
			children = (
				585B3A592DF819DC00E6E08F /* WYTestInterfaceOrientationController.swift */,
			);
			path = "屏幕旋转";
			sourceTree = "<group>";
		};
		585B3A5E2DF819DC00E6E08F /* 瀑布流 */ = {
			isa = PBXGroup;
			children = (
				585B3A5B2DF819DC00E6E08F /* CollectionReusableFooterView.swift */,
				585B3A5C2DF819DC00E6E08F /* CollectionReusableHeaderView.swift */,
				585B3A5D2DF819DC00E6E08F /* WYFlowLayoutAlignmentController.swift */,
			);
			path = "瀑布流";
			sourceTree = "<group>";
		};
		585B3A602DF819DC00E6E08F /* 网络请求 */ = {
			isa = PBXGroup;
			children = (
				585B3A5F2DF819DC00E6E08F /* WYTestRequestController.swift */,
			);
			path = "网络请求";
			sourceTree = "<group>";
		};
		585B3A622DF819DC00E6E08F /* 无限层折叠TableView */ = {
			isa = PBXGroup;
			children = (
				585B3A612DF819DC00E6E08F /* WYMultilevelTableViewController.swift */,
			);
			path = "无限层折叠TableView";
			sourceTree = "<group>";
		};
		585B3A642DF819DC00E6E08F /* 下载与缓存 */ = {
			isa = PBXGroup;
			children = (
				585B3A632DF819DC00E6E08F /* WYTestDownloadController.swift */,
			);
			path = "下载与缓存";
			sourceTree = "<group>";
		};
		585B3A672DF819DC00E6E08F /* 语音识别 */ = {
			isa = PBXGroup;
			children = (
				585B3A652DF819DC00E6E08F /* WYSpeechRecognitionController.swift */,
				585B3A662DF819DC00E6E08F /* WYSpeechRecognitionController.xib */,
			);
			path = "语音识别";
			sourceTree = "<group>";
		};
		585B3A692DF819DC00E6E08F /* 约束view添加动画 */ = {
			isa = PBXGroup;
			children = (
				585B3A682DF819DC00E6E08F /* WYTestAnimationController.swift */,
			);
			path = "约束view添加动画";
			sourceTree = "<group>";
		};
		585B3A6B2DF819DC00E6E08F /* 直播、点播播放器 */ = {
			isa = PBXGroup;
			children = (
				585B3A6A2DF819DC00E6E08F /* WYTestLiveStreamingController.swift */,
			);
			path = "直播、点播播放器";
			sourceTree = "<group>";
		};
		585B3A6F2DF819DC00E6E08F /* 内边距 */ = {
			isa = PBXGroup;
			children = (
				585B3A6E2DF819DC00E6E08F /* WYTestEdgeInsetsController.swift */,
			);
			path = "内边距";
			sourceTree = "<group>";
		};
		585B3A712DF819DC00E6E08F /* Center */ = {
			isa = PBXGroup;
			children = (
				585B3A702DF819DC00E6E08F /* WYCenterController.swift */,
			);
			path = Center;
			sourceTree = "<group>";
		};
		585B3A732DF819DC00E6E08F /* Gif加载 */ = {
			isa = PBXGroup;
			children = (
				585B3A722DF819DC00E6E08F /* WYParseGifController.swift */,
			);
			path = "Gif加载";
			sourceTree = "<group>";
		};
		585B3A762DF819DC00E6E08F /* IM即时通讯 */ = {
			isa = PBXGroup;
			children = (
				585B3A742DF819DC00E6E08F /* WYTestChatController.swift */,
				585B3A752DF819DC00E6E08F /* WYTestChatDataSource.swift */,
			);
			path = "IM即时通讯";
			sourceTree = "<group>";
		};
		585B3A782DF819DC00E6E08F /* Main */ = {
			isa = PBXGroup;
			children = (
				585B3A772DF819DC00E6E08F /* WYMainController.swift */,
			);
			path = Main;
			sourceTree = "<group>";
		};
		585B3A7A2DF819DC00E6E08F /* 富文本 */ = {
			isa = PBXGroup;
			children = (
				585B3A792DF819DC00E6E08F /* WYTestRichTextController.swift */,
			);
			path = "富文本";
			sourceTree = "<group>";
		};
		585B3A7C2DF819DC00E6E08F /* Right */ = {
			isa = PBXGroup;
			children = (
				585B3A7B2DF819DC00E6E08F /* WYRightController.swift */,
			);
			path = Right;
			sourceTree = "<group>";
		};
		585B3A7E2DF819DC00E6E08F /* tableView.grouped */ = {
			isa = PBXGroup;
			children = (
				585B3A7D2DF819DC00E6E08F /* WYTableViewGroupedController.swift */,
			);
			path = tableView.grouped;
			sourceTree = "<group>";
		};
		585B3A802DF819DC00E6E08F /* tableView.plain */ = {
			isa = PBXGroup;
			children = (
				585B3A7F2DF819DC00E6E08F /* WYTableViewPlainController.swift */,
			);
			path = tableView.plain;
			sourceTree = "<group>";
		};
		585B3A822DF819DC00E6E08F /* WKWebView */ = {
			isa = PBXGroup;
			children = (
				585B3A812DF819DC00E6E08F /* WYWebViewController.swift */,
			);
			path = WKWebView;
			sourceTree = "<group>";
		};
		585B3A832DF819DC00E6E08F /* Controller */ = {
			isa = PBXGroup;
			children = (
				58C0C113300DF98B00425A85 /* 无限切换 */,
				580BB8AA2FF63F3B00C1B986 /* 气泡图 */,
				58EE7B0C2FB88B12009AA0CC /* 字符串子串点击 */,
				584D75092F723605006C05E7 /* 图片渲染 */,
				58C359612F3C607A000E6EF0 /* 图片拼接 */,
				585B3A4B2DF819DC00E6E08F /* 暗夜、白昼模式 */,
				585B3A4D2DF819DC00E6E08F /* 边框、圆角、阴影、渐变 */,
				585B3A4F2DF819DC00E6E08F /* 二维码 */,
				585B3A562DF819DC00E6E08F /* 泛型 */,
				583234172E68380100EFCAD9 /* 分页控制器 */,
				585B3A7A2DF819DC00E6E08F /* 富文本 */,
				AAA7086B2E1C10AE0040F2ED /* 归档解归档 */,
				585B3A582DF819DC00E6E08F /* 离线方法调用 */,
				585B3A5A2DF819DC00E6E08F /* 屏幕旋转 */,
				585B3A5E2DF819DC00E6E08F /* 瀑布流 */,
				58CDEE592E34900D00ACE975 /* 日志输出与保存 */,
				5882EAEF2E518A4900638FD3 /* 设备振动 */,
				585B3A602DF819DC00E6E08F /* 网络请求 */,
				585B3A622DF819DC00E6E08F /* 无限层折叠TableView */,
				585B3A642DF819DC00E6E08F /* 下载与缓存 */,
				58E7127F2E4B0CC30095E71C /* 音频录制与播放 */,
				585B3A672DF819DC00E6E08F /* 语音识别 */,
				585B3A692DF819DC00E6E08F /* 约束view添加动画 */,
				585B3A6B2DF819DC00E6E08F /* 直播、点播播放器 */,
				585B3A6F2DF819DC00E6E08F /* 内边距 */,
				585B3A732DF819DC00E6E08F /* Gif加载 */,
				585B3A762DF819DC00E6E08F /* IM即时通讯 */,
				58155C0A2E6A7C3200D957F3 /* Tabbar */,
				585B3A7E2DF819DC00E6E08F /* tableView.grouped */,
				585B3A802DF819DC00E6E08F /* tableView.plain */,
				5814080B2EC83EDF0099D41B /* TableViewCell侧滑 */,
				585B3A822DF819DC00E6E08F /* WKWebView */,
			);
			path = Controller;
			sourceTree = "<group>";
		};
		585B3A882DF819DC00E6E08F /* View */ = {
			isa = PBXGroup;
			children = (
				585B3A842DF819DC00E6E08F /* WYLeftControllerHeaderView.swift */,
				585B3A852DF819DC00E6E08F /* WYTestTableViewFooterView.swift */,
				585B3A862DF819DC00E6E08F /* WYTestTableViewHeaderView.swift */,
				585B3A872DF819DC00E6E08F /* WYTestView.swift */,
				58EE7B0F2FB990FB009AA0CC /* WYTestTextViewCell.swift */,
			);
			path = View;
			sourceTree = "<group>";
		};
		585B3A892DF819DC00E6E08F /* Examples */ = {
			isa = PBXGroup;
			children = (
				585B3A832DF819DC00E6E08F /* Controller */,
				585B3A882DF819DC00E6E08F /* View */,
			);
			path = Examples;
			sourceTree = "<group>";
		};
		585B3A942DF819DC00E6E08F /* Resource */ = {
			isa = PBXGroup;
			children = (
				584D751A2F7281E3006C05E7 /* 彩色花.webp */,
				58155BE42E6A7ABA00D957F3 /* 窗花.png */,
				58155BE52E6A7ABA00D957F3 /* 帆船.png */,
				58155BE62E6A7ABA00D957F3 /* 红色爱心.png */,
				58155BE72E6A7ABA00D957F3 /* 红色花.png */,
				58155BE82E6A7ABA00D957F3 /* 蓝色小屋.png */,
				58155BE92E6A7ABA00D957F3 /* 蓝天下的红色花.png */,
				58155BEA2E6A7ABA00D957F3 /* 蓝天下的花.png */,
				58155BEB2E6A7ABA00D957F3 /* 啤酒.png */,
				58155BEC2E6A7ABA00D957F3 /* 墙上的花.png */,
				58155BED2E6A7ABA00D957F3 /* 秋天的树.png */,
				58155BEE2E6A7ABA00D957F3 /* 沙滩.png */,
				58155BEF2E6A7ABA00D957F3 /* 沙滩上的花.png */,
				58155BF02E6A7ABA00D957F3 /* 沙滩上的石头.png */,
				58155BF12E6A7ABA00D957F3 /* 石头上的花.png */,
				58155BF22E6A7ABA00D957F3 /* 夕阳下的花.png */,
				58155BF32E6A7ABA00D957F3 /* 阳光和窗户.png */,
				58155BF42E6A7ABA00D957F3 /* 阳光蓝天下的花.png */,
				58155BF52E6A7ABA00D957F3 /* 樱花.png */,
				589B0A3B2E49CE12000DBD10 /* bird.gif */,
				585B3A8C2DF819DC00E6E08F /* [666].gif */,
				585B3A8D2DF819DC00E6E08F /* 1650855755919.mp4 */,
				585B3A8E2DF819DC00E6E08F /* 动图1.gif */,
				585B3A8F2DF819DC00E6E08F /* 动图2.gif */,
				585B3A902DF819DC00E6E08F /* apng_[666].png */,
				585B3A912DF819DC00E6E08F /* apng格式图片1.png */,
				585B3A922DF819DC00E6E08F /* apng格式图片2.png */,
				585B3A932DF819DC00E6E08F /* mpeg4_local.mp4 */,
			);
			path = Resource;
			sourceTree = "<group>";
		};
		585B3AA12DF819DC00E6E08F /* SwiftVerify */ = {
			isa = PBXGroup;
			children = (
				585B3A892DF819DC00E6E08F /* Examples */,
				585B3A942DF819DC00E6E08F /* Resource */,
				585B3A952DF819DC00E6E08F /* [爱心].png */,
				585B3A962DF819DC00E6E08F /* [唇].png */,
				585B3A972DF819DC00E6E08F /* [喝彩].png */,
				582917402FB0C3E70006F98D /* NotoSans-Regular.ttf */,
				581955322E4DB9B800469F1A /* 世间美好与你环环相扣.mp3 */,
				585B3A982DF819DC00E6E08F /* AppDelegate.swift */,
				585B3A9F2DF819DC00E6E08F /* ViewController.swift */,
				585B3AA02DF819DC00E6E08F /* WYTabBarController.swift */,
				585B3A992DF819DC00E6E08F /* Assets.xcassets */,
				585B3A9A2DF819DC00E6E08F /* Info.plist */,
				585B3A9C2DF819DC00E6E08F /* LaunchScreen.storyboard */,
				585B3A9E2DF819DC00E6E08F /* Main.storyboard */,
			);
			path = SwiftVerify;
			sourceTree = "<group>";
		};
		5882EAEF2E518A4900638FD3 /* 设备振动 */ = {
			isa = PBXGroup;
			children = (
				5882EAF02E518A5D00638FD3 /* WYTestVibrateController.swift */,
			);
			path = "设备振动";
			sourceTree = "<group>";
		};
		58C0C113300DF98B00425A85 /* 无限切换 */ = {
			isa = PBXGroup;
			children = (
				585E7C323017050B00C461A3 /* WYTestInfiniteSwitchController.swift */,
			);
			path = "无限切换";
			sourceTree = "<group>";
		};
		58C359612F3C607A000E6EF0 /* 图片拼接 */ = {
			isa = PBXGroup;
			children = (
				58C359692F3C6159000E6EF0 /* WYTestCombineImagesController.swift */,
			);
			path = "图片拼接";
			sourceTree = "<group>";
		};
		58CDEE592E34900D00ACE975 /* 日志输出与保存 */ = {
			isa = PBXGroup;
			children = (
				58CDEE5C2E34907800ACE975 /* WYLogController.swift */,
			);
			path = "日志输出与保存";
			sourceTree = "<group>";
		};
		58E7127F2E4B0CC30095E71C /* 音频录制与播放 */ = {
			isa = PBXGroup;
			children = (
				58E712802E4B0CE90095E71C /* WYTestAudioController.swift */,
			);
			path = "音频录制与播放";
			sourceTree = "<group>";
		};
		58EE7B0C2FB88B12009AA0CC /* 字符串子串点击 */ = {
			isa = PBXGroup;
			children = (
				58EE7B0D2FB88B3E009AA0CC /* WYTestTextViewController.swift */,
			);
			path = "字符串子串点击";
			sourceTree = "<group>";
		};
		59C921CD84EA9D39B92C17B9 /* Frameworks */ = {
			isa = PBXGroup;
			children = (
				D62E6505DE49C40968A38E0D /* Pods_SwiftVerify.framework */,
			);
			name = Frameworks;
			sourceTree = "<group>";
		};
		AAA7086B2E1C10AE0040F2ED /* 归档解归档 */ = {
			isa = PBXGroup;
			children = (
				AAA7086F2E1C11060040F2ED /* WYArchivedController.swift */,
			);
			path = "归档解归档";
			sourceTree = "<group>";
		};
/* End PBXGroup section */

/* Begin PBXNativeTarget section */
		585B35422DF8081800E6E08F /* SwiftVerify */ = {
			isa = PBXNativeTarget;
			buildConfigurationList = 585B35562DF8081900E6E08F /* Build configuration list for PBXNativeTarget "SwiftVerify" */;
			buildPhases = (
				C3C2EF56AB0D9126FDA130CD /* [CP] Check Pods Manifest.lock */,
				585B353F2DF8081800E6E08F /* Sources */,
				585B35402DF8081800E6E08F /* Frameworks */,
				585B35412DF8081800E6E08F /* Resources */,
				8E7D567CE4166AC47025499E /* [CP] Embed Pods Frameworks */,
				33DFA57C59FC9341D60D2DEF /* [CP] Copy Pods Resources */,
			);
			buildRules = (
			);
			dependencies = (
			);
			name = SwiftVerify;
			productName = WYBasisKitVerify;
			productReference = 585B35432DF8081800E6E08F /* SwiftVerify.app */;
			productType = "com.apple.product-type.application";
		};
/* End PBXNativeTarget section */

/* Begin PBXProject section */
		585B353B2DF8081800E6E08F /* Project object */ = {
			isa = PBXProject;
			attributes = {
				BuildIndependentTargetsInParallel = 1;
				LastSwiftUpdateCheck = 1420;
				LastUpgradeCheck = 1420;
				TargetAttributes = {
					585B35422DF8081800E6E08F = {
						CreatedOnToolsVersion = 14.2;
						LastSwiftMigration = 1420;
					};
				};
			};
			buildConfigurationList = 585B353E2DF8081800E6E08F /* Build configuration list for PBXProject "SwiftVerify" */;
			compatibilityVersion = "Xcode 2.4";
			developmentRegion = en;
			hasScannedForEncodings = 0;
			knownRegions = (
				en,
				Base,
				"zh-Hans",
				"zh-Hant",
				fr,
				de,
				it,
				sv,
				nl,
				da,
				el,
				tr,
				la,
				pl,
				hu,
				nb,
				uk,
				ru,
				es,
				pt,
				ja,
				ko,
				th,
				mn,
				ms,
				id,
				vi,
				hi,
				km,
			);
			mainGroup = 585B353A2DF8081800E6E08F;
			productRefGroup = 585B35442DF8081800E6E08F /* Products */;
			projectDirPath = "";
			projectRoot = "";
			targets = (
				585B35422DF8081800E6E08F /* SwiftVerify */,
			);
		};
/* End PBXProject section */

/* Begin PBXResourcesBuildPhase section */
		585B35412DF8081800E6E08F /* Resources */ = {
			isa = PBXResourcesBuildPhase;
			buildActionMask = 2147483647;
			files = (
				582917412FB0C3E70006F98D /* NotoSans-Regular.ttf in Resources */,
				585B3AA22DF819DC00E6E08F /* WYSpeechRecognitionController.xib in Resources */,
				585B3AA32DF819DC00E6E08F /* [666].gif in Resources */,
				584D751B2F7281E3006C05E7 /* 彩色花.webp in Resources */,
				585B3AA42DF819DC00E6E08F /* 1650855755919.mp4 in Resources */,
				585B3AA52DF819DC00E6E08F /* 动图1.gif in Resources */,
				585B3AA62DF819DC00E6E08F /* 动图2.gif in Resources */,
				585B3AA72DF819DC00E6E08F /* apng_[666].png in Resources */,
				585B3AA82DF819DC00E6E08F /* apng格式图片1.png in Resources */,
				585B3AA92DF819DC00E6E08F /* apng格式图片2.png in Resources */,
				581955332E4DB9B800469F1A /* 世间美好与你环环相扣.mp3 in Resources */,
				585B3AAA2DF819DC00E6E08F /* mpeg4_local.mp4 in Resources */,
				585B3AAB2DF819DC00E6E08F /* [爱心].png in Resources */,
				589B0A3C2E49CE12000DBD10 /* bird.gif in Resources */,
				58155BF62E6A7ABA00D957F3 /* 沙滩上的花.png in Resources */,
				58155BF72E6A7ABA00D957F3 /* 沙滩上的石头.png in Resources */,
				584D750F2F723683006C05E7 /* WYTestImageRenderingController.xib in Resources */,
				58155BF82E6A7ABA00D957F3 /* 啤酒.png in Resources */,
				58155BF92E6A7ABA00D957F3 /* 红色花.png in Resources */,
				58155BFB2E6A7ABA00D957F3 /* 帆船.png in Resources */,
				58155BFC2E6A7ABA00D957F3 /* 红色爱心.png in Resources */,
				58155BFD2E6A7ABA00D957F3 /* 沙滩.png in Resources */,
				58155BFE2E6A7ABA00D957F3 /* 蓝色小屋.png in Resources */,
				58155BFF2E6A7ABA00D957F3 /* 阳光蓝天下的花.png in Resources */,
				58155C002E6A7ABA00D957F3 /* 蓝天下的花.png in Resources */,
				58155C012E6A7ABA00D957F3 /* 窗花.png in Resources */,
				58155C022E6A7ABA00D957F3 /* 蓝天下的红色花.png in Resources */,
				58155C032E6A7ABA00D957F3 /* 墙上的花.png in Resources */,
				58155C042E6A7ABA00D957F3 /* 石头上的花.png in Resources */,
				58155C052E6A7ABA00D957F3 /* 夕阳下的花.png in Resources */,
				58155C062E6A7ABA00D957F3 /* 樱花.png in Resources */,
				58155C072E6A7ABA00D957F3 /* 阳光和窗户.png in Resources */,
				58155C082E6A7ABA00D957F3 /* 秋天的树.png in Resources */,
				585B3AAC2DF819DC00E6E08F /* [唇].png in Resources */,
				585B3AAD2DF819DC00E6E08F /* [喝彩].png in Resources */,
				585B3AAE2DF819DC00E6E08F /* Assets.xcassets in Resources */,
				585B3AB02DF819DC00E6E08F /* LaunchScreen.storyboard in Resources */,
				585B3AB12DF819DC00E6E08F /* Main.storyboard in Resources */,
			);
			runOnlyForDeploymentPostprocessing = 0;
		};
/* End PBXResourcesBuildPhase section */

/* Begin PBXShellScriptBuildPhase section */
		33DFA57C59FC9341D60D2DEF /* [CP] Copy Pods Resources */ = {
			isa = PBXShellScriptBuildPhase;
			buildActionMask = 2147483647;
			files = (
			);
			inputPaths = (
				"${PODS_ROOT}/Target Support Files/Pods-SwiftVerify/Pods-SwiftVerify-resources.sh",
				"${PODS_CONFIGURATION_BUILD_DIR}/Alamofire/Alamofire.bundle",
				"${PODS_CONFIGURATION_BUILD_DIR}/Kingfisher/Kingfisher.bundle",
				"${PODS_CONFIGURATION_BUILD_DIR}/SnapKit/SnapKit_Privacy.bundle",
				"${PODS_CONFIGURATION_BUILD_DIR}/IJKPlayerKit/IJKPlayerKit.bundle",
				"${PODS_CONFIGURATION_BUILD_DIR}/IQKeyboardCore/IQKeyboardCore.bundle",
				"${PODS_CONFIGURATION_BUILD_DIR}/IQKeyboardManagerSwift/IQKeyboardManagerSwift.bundle",
				"${PODS_CONFIGURATION_BUILD_DIR}/IQKeyboardNotification/IQKeyboardNotification.bundle",
				"${PODS_CONFIGURATION_BUILD_DIR}/IQKeyboardReturnManager/IQKeyboardReturnManager.bundle",
				"${PODS_CONFIGURATION_BUILD_DIR}/IQKeyboardToolbar/IQKeyboardToolbar.bundle",
				"${PODS_CONFIGURATION_BUILD_DIR}/IQKeyboardToolbarManager/IQKeyboardToolbarManager.bundle",
				"${PODS_CONFIGURATION_BUILD_DIR}/IQTextInputViewNotification/IQTextInputViewNotification.bundle",
				"${PODS_CONFIGURATION_BUILD_DIR}/IQTextView/IQTextView.bundle",
				"${PODS_CONFIGURATION_BUILD_DIR}/WYBasisKit-swift/WYBasisKitSwift.bundle",
				"${PODS_ROOT}/../WYBasisKit/WYBasisKit/WYBasisKit/Swift/Localizable/WYLocalizable.bundle",
				"${PODS_ROOT}/../WYBasisKit/WYBasisKit/WYBasisKit/Swift/Activity/WYActivity.bundle",
				"${PODS_CONFIGURATION_BUILD_DIR}/WYBasisKit-swift/WYBasisKitSwiftActivity.bundle",
				"${PODS_CONFIGURATION_BUILD_DIR}/WYBasisKit-swift/WYBasisKitSwiftAudioKit.bundle",
				"${PODS_CONFIGURATION_BUILD_DIR}/WYBasisKit-swift/WYBasisKitSwiftAuthorization.bundle",
				"${PODS_CONFIGURATION_BUILD_DIR}/WYBasisKit-swift/WYBasisKitSwiftAuthorizationBiometric.bundle",
				"${PODS_CONFIGURATION_BUILD_DIR}/WYBasisKit-swift/WYBasisKitSwiftAuthorizationCamera.bundle",
				"${PODS_CONFIGURATION_BUILD_DIR}/WYBasisKit-swift/WYBasisKitSwiftAuthorizationContacts.bundle",
				"${PODS_CONFIGURATION_BUILD_DIR}/WYBasisKit-swift/WYBasisKitSwiftAuthorizationLocation.bundle",
				"${PODS_CONFIGURATION_BUILD_DIR}/WYBasisKit-swift/WYBasisKitSwiftAuthorizationMicrophone.bundle",
				"${PODS_CONFIGURATION_BUILD_DIR}/WYBasisKit-swift/WYBasisKitSwiftAuthorizationPhotoAlbums.bundle",
				"${PODS_CONFIGURATION_BUILD_DIR}/WYBasisKit-swift/WYBasisKitSwiftAuthorizationSpeechRecognition.bundle",
				"${PODS_CONFIGURATION_BUILD_DIR}/WYBasisKit-swift/WYBasisKitSwiftCodable.bundle",
				"${PODS_CONFIGURATION_BUILD_DIR}/WYBasisKit-swift/WYBasisKitSwiftConfig.bundle",
				"${PODS_CONFIGURATION_BUILD_DIR}/WYBasisKit-swift/WYBasisKitSwiftEventHandler.bundle",
				"${PODS_CONFIGURATION_BUILD_DIR}/WYBasisKit-swift/WYBasisKitSwiftExtension.bundle",
				"${PODS_CONFIGURATION_BUILD_DIR}/WYBasisKit-swift/WYBasisKitSwiftLayout.bundle",
				"${PODS_CONFIGURATION_BUILD_DIR}/WYBasisKit-swift/WYBasisKitSwiftLayoutAirBubbleView.bundle",
				"${PODS_ROOT}/../WYBasisKit/WYBasisKit/WYBasisKit/Swift/Layout/ChatView/WYChatView.bundle",
				"${PODS_CONFIGURATION_BUILD_DIR}/WYBasisKit-swift/WYBasisKitSwiftLayoutChatView.bundle",
				"${PODS_CONFIGURATION_BUILD_DIR}/WYBasisKit-swift/WYBasisKitSwiftLayoutContentScrollView.bundle",
				"${PODS_CONFIGURATION_BUILD_DIR}/WYBasisKit-swift/WYBasisKitSwiftMediaPlayer.bundle",
				"${PODS_CONFIGURATION_BUILD_DIR}/WYBasisKit-swift/WYBasisKitSwiftLayoutPagingView.bundle",
				"${PODS_CONFIGURATION_BUILD_DIR}/WYBasisKit-swift/WYBasisKitSwiftLayoutSoundWavesView.bundle",
				"${PODS_CONFIGURATION_BUILD_DIR}/WYBasisKit-swift/WYBasisKitSwiftLocalizable.bundle",
				"${PODS_CONFIGURATION_BUILD_DIR}/WYBasisKit-swift/WYBasisKitSwiftLogManager.bundle",
				"${PODS_CONFIGURATION_BUILD_DIR}/WYBasisKit-swift/WYBasisKitSwiftMethodSwizzler.bundle",
				"${PODS_CONFIGURATION_BUILD_DIR}/WYBasisKit-swift/WYBasisKitSwiftNetworking.bundle",
				"${PODS_CONFIGURATION_BUILD_DIR}/WYBasisKit-swift/WYBasisKitSwiftStorage.bundle",
			);
			name = "[CP] Copy Pods Resources";
			outputPaths = (
				"${TARGET_BUILD_DIR}/${UNLOCALIZED_RESOURCES_FOLDER_PATH}/Alamofire.bundle",
				"${TARGET_BUILD_DIR}/${UNLOCALIZED_RESOURCES_FOLDER_PATH}/Kingfisher.bundle",
				"${TARGET_BUILD_DIR}/${UNLOCALIZED_RESOURCES_FOLDER_PATH}/SnapKit_Privacy.bundle",
				"${TARGET_BUILD_DIR}/${UNLOCALIZED_RESOURCES_FOLDER_PATH}/IJKPlayerKit.bundle",
				"${TARGET_BUILD_DIR}/${UNLOCALIZED_RESOURCES_FOLDER_PATH}/IQKeyboardCore.bundle",
				"${TARGET_BUILD_DIR}/${UNLOCALIZED_RESOURCES_FOLDER_PATH}/IQKeyboardManagerSwift.bundle",
				"${TARGET_BUILD_DIR}/${UNLOCALIZED_RESOURCES_FOLDER_PATH}/IQKeyboardNotification.bundle",
				"${TARGET_BUILD_DIR}/${UNLOCALIZED_RESOURCES_FOLDER_PATH}/IQKeyboardReturnManager.bundle",
				"${TARGET_BUILD_DIR}/${UNLOCALIZED_RESOURCES_FOLDER_PATH}/IQKeyboardToolbar.bundle",
				"${TARGET_BUILD_DIR}/${UNLOCALIZED_RESOURCES_FOLDER_PATH}/IQKeyboardToolbarManager.bundle",
				"${TARGET_BUILD_DIR}/${UNLOCALIZED_RESOURCES_FOLDER_PATH}/IQTextInputViewNotification.bundle",
				"${TARGET_BUILD_DIR}/${UNLOCALIZED_RESOURCES_FOLDER_PATH}/IQTextView.bundle",
				"${TARGET_BUILD_DIR}/${UNLOCALIZED_RESOURCES_FOLDER_PATH}/WYBasisKitSwift.bundle",
				"${TARGET_BUILD_DIR}/${UNLOCALIZED_RESOURCES_FOLDER_PATH}/WYLocalizable.bundle",
				"${TARGET_BUILD_DIR}/${UNLOCALIZED_RESOURCES_FOLDER_PATH}/WYActivity.bundle",
				"${TARGET_BUILD_DIR}/${UNLOCALIZED_RESOURCES_FOLDER_PATH}/WYBasisKitSwiftActivity.bundle",
				"${TARGET_BUILD_DIR}/${UNLOCALIZED_RESOURCES_FOLDER_PATH}/WYBasisKitSwiftAudioKit.bundle",
				"${TARGET_BUILD_DIR}/${UNLOCALIZED_RESOURCES_FOLDER_PATH}/WYBasisKitSwiftAuthorization.bundle",
				"${TARGET_BUILD_DIR}/${UNLOCALIZED_RESOURCES_FOLDER_PATH}/WYBasisKitSwiftAuthorizationBiometric.bundle",
				"${TARGET_BUILD_DIR}/${UNLOCALIZED_RESOURCES_FOLDER_PATH}/WYBasisKitSwiftAuthorizationCamera.bundle",
				"${TARGET_BUILD_DIR}/${UNLOCALIZED_RESOURCES_FOLDER_PATH}/WYBasisKitSwiftAuthorizationContacts.bundle",
				"${TARGET_BUILD_DIR}/${UNLOCALIZED_RESOURCES_FOLDER_PATH}/WYBasisKitSwiftAuthorizationLocation.bundle",
				"${TARGET_BUILD_DIR}/${UNLOCALIZED_RESOURCES_FOLDER_PATH}/WYBasisKitSwiftAuthorizationMicrophone.bundle",
				"${TARGET_BUILD_DIR}/${UNLOCALIZED_RESOURCES_FOLDER_PATH}/WYBasisKitSwiftAuthorizationPhotoAlbums.bundle",
				"${TARGET_BUILD_DIR}/${UNLOCALIZED_RESOURCES_FOLDER_PATH}/WYBasisKitSwiftAuthorizationSpeechRecognition.bundle",
				"${TARGET_BUILD_DIR}/${UNLOCALIZED_RESOURCES_FOLDER_PATH}/WYBasisKitSwiftCodable.bundle",
				"${TARGET_BUILD_DIR}/${UNLOCALIZED_RESOURCES_FOLDER_PATH}/WYBasisKitSwiftConfig.bundle",
				"${TARGET_BUILD_DIR}/${UNLOCALIZED_RESOURCES_FOLDER_PATH}/WYBasisKitSwiftEventHandler.bundle",
				"${TARGET_BUILD_DIR}/${UNLOCALIZED_RESOURCES_FOLDER_PATH}/WYBasisKitSwiftExtension.bundle",
				"${TARGET_BUILD_DIR}/${UNLOCALIZED_RESOURCES_FOLDER_PATH}/WYBasisKitSwiftLayout.bundle",
				"${TARGET_BUILD_DIR}/${UNLOCALIZED_RESOURCES_FOLDER_PATH}/WYBasisKitSwiftLayoutAirBubbleView.bundle",
				"${TARGET_BUILD_DIR}/${UNLOCALIZED_RESOURCES_FOLDER_PATH}/WYChatView.bundle",
				"${TARGET_BUILD_DIR}/${UNLOCALIZED_RESOURCES_FOLDER_PATH}/WYBasisKitSwiftLayoutChatView.bundle",
				"${TARGET_BUILD_DIR}/${UNLOCALIZED_RESOURCES_FOLDER_PATH}/WYBasisKitSwiftLayoutContentScrollView.bundle",
				"${TARGET_BUILD_DIR}/${UNLOCALIZED_RESOURCES_FOLDER_PATH}/WYBasisKitSwiftMediaPlayer.bundle",
				"${TARGET_BUILD_DIR}/${UNLOCALIZED_RESOURCES_FOLDER_PATH}/WYBasisKitSwiftLayoutPagingView.bundle",
				"${TARGET_BUILD_DIR}/${UNLOCALIZED_RESOURCES_FOLDER_PATH}/WYBasisKitSwiftLayoutSoundWavesView.bundle",
				"${TARGET_BUILD_DIR}/${UNLOCALIZED_RESOURCES_FOLDER_PATH}/WYBasisKitSwiftLocalizable.bundle",
				"${TARGET_BUILD_DIR}/${UNLOCALIZED_RESOURCES_FOLDER_PATH}/WYBasisKitSwiftLogManager.bundle",
				"${TARGET_BUILD_DIR}/${UNLOCALIZED_RESOURCES_FOLDER_PATH}/WYBasisKitSwiftMethodSwizzler.bundle",
				"${TARGET_BUILD_DIR}/${UNLOCALIZED_RESOURCES_FOLDER_PATH}/WYBasisKitSwiftNetworking.bundle",
				"${TARGET_BUILD_DIR}/${UNLOCALIZED_RESOURCES_FOLDER_PATH}/WYBasisKitSwiftStorage.bundle",
			);
			runOnlyForDeploymentPostprocessing = 0;
			shellPath = /bin/sh;
			shellScript = "\"${PODS_ROOT}/Target Support Files/Pods-SwiftVerify/Pods-SwiftVerify-resources.sh\"\n";
			showEnvVarsInLog = 0;
		};
		8E7D567CE4166AC47025499E /* [CP] Embed Pods Frameworks */ = {
			isa = PBXShellScriptBuildPhase;
			buildActionMask = 2147483647;
			files = (
			);
			inputPaths = (
				"${PODS_ROOT}/Target Support Files/Pods-SwiftVerify/Pods-SwiftVerify-frameworks.sh",
				"${PODS_XCFRAMEWORKS_BUILD_DIR}/IJKPlayerKit/IJKPlayerKit.framework/IJKPlayerKit",
			);
			name = "[CP] Embed Pods Frameworks";
			outputPaths = (
				"${TARGET_BUILD_DIR}/${FRAMEWORKS_FOLDER_PATH}/IJKPlayerKit.framework",
			);
			runOnlyForDeploymentPostprocessing = 0;
			shellPath = /bin/sh;
			shellScript = "\"${PODS_ROOT}/Target Support Files/Pods-SwiftVerify/Pods-SwiftVerify-frameworks.sh\"\n";
			showEnvVarsInLog = 0;
		};
		C3C2EF56AB0D9126FDA130CD /* [CP] Check Pods Manifest.lock */ = {
			isa = PBXShellScriptBuildPhase;
			buildActionMask = 2147483647;
			files = (
			);
			inputFileListPaths = (
			);
			inputPaths = (
				"${PODS_PODFILE_DIR_PATH}/Podfile.lock",
				"${PODS_ROOT}/Manifest.lock",
			);
			name = "[CP] Check Pods Manifest.lock";
			outputFileListPaths = (
			);
			outputPaths = (
				"$(DERIVED_FILE_DIR)/Pods-SwiftVerify-checkManifestLockResult.txt",
			);
			runOnlyForDeploymentPostprocessing = 0;
			shellPath = /bin/sh;
			shellScript = "diff \"${PODS_PODFILE_DIR_PATH}/Podfile.lock\" \"${PODS_ROOT}/Manifest.lock\" > /dev/null\nif [ $? != 0 ] ; then\n    # print error to STDERR\n    echo \"error: The sandbox is not in sync with the Podfile.lock. Run 'pod install' or update your CocoaPods installation.\" >&2\n    exit 1\nfi\n# This output is used by Xcode 'outputs' to avoid re-running this script phase.\necho \"SUCCESS\" > \"${SCRIPT_OUTPUT_FILE_0}\"\n";
			showEnvVarsInLog = 0;
		};
/* End PBXShellScriptBuildPhase section */

/* Begin PBXSourcesBuildPhase section */
		585B353F2DF8081800E6E08F /* Sources */ = {
			isa = PBXSourcesBuildPhase;
			buildActionMask = 2147483647;
			files = (
				585B3AB22DF819DC00E6E08F /* WYTestDarkNightModeController.swift in Sources */,
				585B3AB32DF819DC00E6E08F /* WYTestVisualController.swift in Sources */,
				58EE7B0E2FB88B3E009AA0CC /* WYTestTextViewController.swift in Sources */,
				5814080D2EC83F1B0099D41B /* WYTestSideslipCellController.swift in Sources */,
				585B3AB42DF819DC00E6E08F /* WYQRCodeController.swift in Sources */,
				585B3AB52DF819DC00E6E08F /* SDKRequest.swift in Sources */,
				58CDEE5D2E34907800ACE975 /* WYLogController.swift in Sources */,
				585B3AB62DF819DC00E6E08F /* SDKRequestContext.swift in Sources */,
				585B3AB72DF819DC00E6E08F /* SDKResponse.swift in Sources */,
				585B3AB82DF819DC00E6E08F /* UserRequest.swift in Sources */,
				585E7C333017050B00C461A3 /* WYTestInfiniteSwitchController.swift in Sources */,
				585B3AB92DF819DC00E6E08F /* UserResponse.swift in Sources */,
				585B3ABA2DF819DC00E6E08F /* WYGenericTypeController.swift in Sources */,
				585B3ABB2DF819DC00E6E08F /* WYOffLineMethodController.swift in Sources */,
				585B3ABC2DF819DC00E6E08F /* WYTestInterfaceOrientationController.swift in Sources */,
				585B3ABD2DF819DC00E6E08F /* CollectionReusableFooterView.swift in Sources */,
				585B3ABE2DF819DC00E6E08F /* CollectionReusableHeaderView.swift in Sources */,
				585B3ABF2DF819DC00E6E08F /* WYFlowLayoutAlignmentController.swift in Sources */,
				585B3AC02DF819DC00E6E08F /* WYTestRequestController.swift in Sources */,
				58EE7B102FB990FB009AA0CC /* WYTestTextViewCell.swift in Sources */,
				585B3AC12DF819DC00E6E08F /* WYMultilevelTableViewController.swift in Sources */,
				58C3596A2F3C6159000E6EF0 /* WYTestCombineImagesController.swift in Sources */,
				585B3AC22DF819DC00E6E08F /* WYTestDownloadController.swift in Sources */,
				58E712812E4B0CE90095E71C /* WYTestAudioController.swift in Sources */,
				585B3AC32DF819DC00E6E08F /* WYSpeechRecognitionController.swift in Sources */,
				585B3AC42DF819DC00E6E08F /* WYTestAnimationController.swift in Sources */,
				585B3AC52DF819DC00E6E08F /* WYTestLiveStreamingController.swift in Sources */,
				585B3AC72DF819DC00E6E08F /* WYTestEdgeInsetsController.swift in Sources */,
				585B3AC82DF819DC00E6E08F /* WYCenterController.swift in Sources */,
				585B3AC92DF819DC00E6E08F /* WYParseGifController.swift in Sources */,
				585B3ACA2DF819DC00E6E08F /* WYTestChatController.swift in Sources */,
				585B3ACB2DF819DC00E6E08F /* WYTestChatDataSource.swift in Sources */,
				585B3ACC2DF819DC00E6E08F /* WYMainController.swift in Sources */,
				580BB8AC2FF63F6900C1B986 /* WYTestAirBubbleController.swift in Sources */,
				583234192E68382700EFCAD9 /* WYTestPagingViewController.swift in Sources */,
				585B3ACD2DF819DC00E6E08F /* WYTestRichTextController.swift in Sources */,
				5882EAF12E518A5D00638FD3 /* WYTestVibrateController.swift in Sources */,
				585B3ACE2DF819DC00E6E08F /* WYRightController.swift in Sources */,
				584D750E2F723683006C05E7 /* WYTestImageRenderingController.swift in Sources */,
				585B3ACF2DF819DC00E6E08F /* WYTableViewGroupedController.swift in Sources */,
				585B3AD02DF819DC00E6E08F /* WYTableViewPlainController.swift in Sources */,
				585B3AD12DF819DC00E6E08F /* WYWebViewController.swift in Sources */,
				585B3AD22DF819DC00E6E08F /* WYLeftControllerHeaderView.swift in Sources */,
				585B3AD32DF819DC00E6E08F /* WYTestTableViewFooterView.swift in Sources */,
				585B3AD42DF819DC00E6E08F /* WYTestTableViewHeaderView.swift in Sources */,
				585B3AD52DF819DC00E6E08F /* WYTestView.swift in Sources */,
				585B3AD72DF819DC00E6E08F /* AppDelegate.swift in Sources */,
				585B3AD82DF819DC00E6E08F /* ViewController.swift in Sources */,
				585B3AD92DF819DC00E6E08F /* WYTabBarController.swift in Sources */,
				AAA708702E1C11060040F2ED /* WYArchivedController.swift in Sources */,
			);
			runOnlyForDeploymentPostprocessing = 0;
		};
/* End PBXSourcesBuildPhase section */

/* Begin PBXVariantGroup section */
		585B3A9C2DF819DC00E6E08F /* LaunchScreen.storyboard */ = {
			isa = PBXVariantGroup;
			children = (
				585B3A9B2DF819DC00E6E08F /* Base */,
				585B3ADB2DF8201F00E6E08F /* zh-Hans */,
				585B3ADD2DF8202500E6E08F /* zh-Hant */,
				582732142E9F9B8500DAD1AA /* fr */,
				582732162E9F9B8F00DAD1AA /* de */,
				582732182E9F9BAD00DAD1AA /* it */,
				5827321A2E9F9BBE00DAD1AA /* sv */,
				5827321C2E9F9BCD00DAD1AA /* nl */,
				5827321E2E9F9BDE00DAD1AA /* da */,
				582732202E9F9BEB00DAD1AA /* el */,
				582732222E9F9BFF00DAD1AA /* tr */,
				582732242E9F9C4D00DAD1AA /* la */,
				582732262E9F9C8100DAD1AA /* pl */,
				582732282E9F9CC100DAD1AA /* hu */,
				5827322A2E9F9D1000DAD1AA /* nb */,
				5827322C2E9F9D4900DAD1AA /* uk */,
				5827322E2E9F9D5F00DAD1AA /* ru */,
				582732302E9F9DAD00DAD1AA /* es */,
				582732322E9F9DDC00DAD1AA /* pt */,
				582732342E9F9DF800DAD1AA /* ja */,
				582732362E9F9E0D00DAD1AA /* ko */,
				582732382E9F9E5300DAD1AA /* th */,
				5827323A2E9F9E7C00DAD1AA /* mn */,
				5827323C2E9FA37E00DAD1AA /* ms */,
				5827323E2E9FA39E00DAD1AA /* id */,
				582732402E9FA3A800DAD1AA /* vi */,
				582732422E9FA3B900DAD1AA /* hi */,
				582732442E9FA3D200DAD1AA /* km */,
			);
			name = LaunchScreen.storyboard;
			sourceTree = "<group>";
		};
		585B3A9E2DF819DC00E6E08F /* Main.storyboard */ = {
			isa = PBXVariantGroup;
			children = (
				585B3A9D2DF819DC00E6E08F /* Base */,
				5874BC852DF9176700703A4B /* zh-Hans */,
				5874BC892DF9179300703A4B /* zh-Hant */,
				582732132E9F9AD900DAD1AA /* en */,
				582732152E9F9B8500DAD1AA /* fr */,
				582732172E9F9B8F00DAD1AA /* de */,
				582732192E9F9BAD00DAD1AA /* it */,
				5827321B2E9F9BBE00DAD1AA /* sv */,
				5827321D2E9F9BCD00DAD1AA /* nl */,
				5827321F2E9F9BDE00DAD1AA /* da */,
				582732212E9F9BEB00DAD1AA /* el */,
				582732232E9F9BFF00DAD1AA /* tr */,
				582732252E9F9C4D00DAD1AA /* la */,
				582732272E9F9C8100DAD1AA /* pl */,
				582732292E9F9CC100DAD1AA /* hu */,
				5827322B2E9F9D1000DAD1AA /* nb */,
				5827322D2E9F9D4900DAD1AA /* uk */,
				5827322F2E9F9D5F00DAD1AA /* ru */,
				582732312E9F9DAD00DAD1AA /* es */,
				582732332E9F9DDC00DAD1AA /* pt */,
				582732352E9F9DF800DAD1AA /* ja */,
				582732372E9F9E0D00DAD1AA /* ko */,
				582732392E9F9E5300DAD1AA /* th */,
				5827323B2E9F9E7C00DAD1AA /* mn */,
				5827323D2E9FA37E00DAD1AA /* ms */,
				5827323F2E9FA39E00DAD1AA /* id */,
				582732412E9FA3A800DAD1AA /* vi */,
				582732432E9FA3B900DAD1AA /* hi */,
				582732452E9FA3D200DAD1AA /* km */,
			);
			name = Main.storyboard;
			sourceTree = "<group>";
		};
/* End PBXVariantGroup section */

/* Begin XCBuildConfiguration section */
		585B35572DF8081900E6E08F /* Debug */ = {
			isa = XCBuildConfiguration;
			baseConfigurationReference = 0953BDDD566655048899DC64 /* Pods-SwiftVerify.debug.xcconfig */;
			buildSettings = {
				ASSETCATALOG_COMPILER_APPICON_NAME = AppIcon;
				ASSETCATALOG_COMPILER_GLOBAL_ACCENT_COLOR_NAME = AccentColor;
				CLANG_ENABLE_MODULES = YES;
				CODE_SIGN_STYLE = Automatic;
				CURRENT_PROJECT_VERSION = 1;
				DEVELOPMENT_TEAM = AAZ295K3HU;
				GENERATE_INFOPLIST_FILE = YES;
				INFOPLIST_FILE = SwiftVerify/Info.plist;
				INFOPLIST_KEY_CFBundleDisplayName = "WYBasisKit(Swift)";
				INFOPLIST_KEY_LSApplicationCategoryType = "public.app-category.developer-tools";
				INFOPLIST_KEY_LSSupportsOpeningDocumentsInPlace = YES;
				INFOPLIST_KEY_NSCameraUsageDescription = "WYBasisKit申请使用相机权限，用于拍摄相关的测试";
				INFOPLIST_KEY_NSLocationWhenInUseUsageDescription = "WYBasisKit申请使用位置权限，用于定位相关的测试";
				INFOPLIST_KEY_NSMicrophoneUsageDescription = "WYBasisKit申请使用麦克风权限用于语音相关的测试";
				INFOPLIST_KEY_NSPhotoLibraryUsageDescription = "WYBasisKit申请使用相册权限用于照片相关的测试";
				INFOPLIST_KEY_NSSpeechRecognitionUsageDescription = "WYBasisKit申请使用语音转文字权限，用于语音与文字之间的转换测试";
				INFOPLIST_KEY_UILaunchStoryboardName = LaunchScreen.storyboard;
				INFOPLIST_KEY_UIMainStoryboardFile = Main;
				INFOPLIST_KEY_UISupportedInterfaceOrientations = "UIInterfaceOrientationLandscapeLeft UIInterfaceOrientationLandscapeRight UIInterfaceOrientationPortrait UIInterfaceOrientationPortraitUpsideDown";
				IPHONEOS_DEPLOYMENT_TARGET = 13.0;
				LD_RUNPATH_SEARCH_PATHS = (
					"$(inherited)",
					"@executable_path/Frameworks",
				);
				MARKETING_VERSION = 1.0;
				PRODUCT_BUNDLE_IDENTIFIER = com.guanren.SwiftVerify;
				PRODUCT_NAME = "$(TARGET_NAME)";
				SWIFT_EMIT_LOC_STRINGS = YES;
				SWIFT_OPTIMIZATION_LEVEL = "-Onone";
				SWIFT_VERSION = 5.0;
				TARGETED_DEVICE_FAMILY = "1,2";
			};
			name = Debug;
		};
		585B35582DF8081900E6E08F /* Release */ = {
			isa = XCBuildConfiguration;
			baseConfigurationReference = 039BD45456A5083D50E3564E /* Pods-SwiftVerify.release.xcconfig */;
			buildSettings = {
				ASSETCATALOG_COMPILER_APPICON_NAME = AppIcon;
				ASSETCATALOG_COMPILER_GLOBAL_ACCENT_COLOR_NAME = AccentColor;
				CLANG_ENABLE_MODULES = YES;
				CODE_SIGN_STYLE = Automatic;
				CURRENT_PROJECT_VERSION = 1;
				DEVELOPMENT_TEAM = AAZ295K3HU;
				GENERATE_INFOPLIST_FILE = YES;
				INFOPLIST_FILE = SwiftVerify/Info.plist;
				INFOPLIST_KEY_CFBundleDisplayName = "WYBasisKit(Swift)";
				INFOPLIST_KEY_LSApplicationCategoryType = "public.app-category.developer-tools";
				INFOPLIST_KEY_LSSupportsOpeningDocumentsInPlace = YES;
				INFOPLIST_KEY_NSCameraUsageDescription = "WYBasisKit申请使用相机权限，用于拍摄相关的测试";
				INFOPLIST_KEY_NSLocationWhenInUseUsageDescription = "WYBasisKit申请使用位置权限，用于定位相关的测试";
				INFOPLIST_KEY_NSMicrophoneUsageDescription = "WYBasisKit申请使用麦克风权限用于语音相关的测试";
				INFOPLIST_KEY_NSPhotoLibraryUsageDescription = "WYBasisKit申请使用相册权限用于照片相关的测试";
				INFOPLIST_KEY_NSSpeechRecognitionUsageDescription = "WYBasisKit申请使用语音转文字权限，用于语音与文字之间的转换测试";
				INFOPLIST_KEY_UILaunchStoryboardName = LaunchScreen.storyboard;
				INFOPLIST_KEY_UIMainStoryboardFile = Main;
				INFOPLIST_KEY_UISupportedInterfaceOrientations = "UIInterfaceOrientationLandscapeLeft UIInterfaceOrientationLandscapeRight UIInterfaceOrientationPortrait UIInterfaceOrientationPortraitUpsideDown";
				IPHONEOS_DEPLOYMENT_TARGET = 13.0;
				LD_RUNPATH_SEARCH_PATHS = (
					"$(inherited)",
					"@executable_path/Frameworks",
				);
				MARKETING_VERSION = 1.0;
				PRODUCT_BUNDLE_IDENTIFIER = com.guanren.SwiftVerify;
				PRODUCT_NAME = "$(TARGET_NAME)";
				SWIFT_EMIT_LOC_STRINGS = YES;
				SWIFT_VERSION = 5.0;
				TARGETED_DEVICE_FAMILY = "1,2";
			};
			name = Release;
		};
		585B35592DF8081900E6E08F /* Debug */ = {
			isa = XCBuildConfiguration;
			buildSettings = {
				ALWAYS_SEARCH_USER_PATHS = NO;
				CLANG_ANALYZER_NONNULL = YES;
				CLANG_ANALYZER_NUMBER_OBJECT_CONVERSION = YES_AGGRESSIVE;
				CLANG_CXX_LANGUAGE_STANDARD = "gnu++17";
				CLANG_ENABLE_MODULES = YES;
				CLANG_ENABLE_OBJC_ARC = YES;
				CLANG_ENABLE_OBJC_WEAK = YES;
				CLANG_WARN_BLOCK_CAPTURE_AUTORELEASING = YES;
				CLANG_WARN_BOOL_CONVERSION = YES;
				CLANG_WARN_COMMA = YES;
				CLANG_WARN_CONSTANT_CONVERSION = YES;
				CLANG_WARN_DEPRECATED_OBJC_IMPLEMENTATIONS = YES;
				CLANG_WARN_DIRECT_OBJC_ISA_USAGE = YES_ERROR;
				CLANG_WARN_DOCUMENTATION_COMMENTS = YES;
				CLANG_WARN_EMPTY_BODY = YES;
				CLANG_WARN_ENUM_CONVERSION = YES;
				CLANG_WARN_INFINITE_RECURSION = YES;
				CLANG_WARN_INT_CONVERSION = YES;
				CLANG_WARN_NON_LITERAL_NULL_CONVERSION = YES;
				CLANG_WARN_OBJC_IMPLICIT_RETAIN_SELF = YES;
				CLANG_WARN_OBJC_LITERAL_CONVERSION = YES;
				CLANG_WARN_OBJC_ROOT_CLASS = YES_ERROR;
				CLANG_WARN_RANGE_LOOP_ANALYSIS = YES;
				CLANG_WARN_STRICT_PROTOTYPES = YES;
				CLANG_WARN_SUSPICIOUS_MOVE = YES;
				CLANG_WARN_UNGUARDED_AVAILABILITY = YES_AGGRESSIVE;
				CLANG_WARN_UNREACHABLE_CODE = YES;
				CLANG_WARN__DUPLICATE_METHOD_MATCH = YES;
				COPY_PHASE_STRIP = NO;
				DEBUG_INFORMATION_FORMAT = dwarf;
				DEVELOPMENT_TEAM = 48Q2YZZG66;
				ENABLE_STRICT_OBJC_MSGSEND = YES;
				ENABLE_TESTABILITY = YES;
				GCC_C_LANGUAGE_STANDARD = gnu11;
				GCC_DYNAMIC_NO_PIC = NO;
				GCC_NO_COMMON_BLOCKS = YES;
				GCC_OPTIMIZATION_LEVEL = 0;
				GCC_PREPROCESSOR_DEFINITIONS = (
					"DEBUG=1",
					"$(inherited)",
				);
				GCC_WARN_64_TO_32_BIT_CONVERSION = YES;
				GCC_WARN_ABOUT_RETURN_TYPE = YES_ERROR;
				GCC_WARN_UNDECLARED_SELECTOR = YES;
				GCC_WARN_UNINITIALIZED_AUTOS = YES_AGGRESSIVE;
				GCC_WARN_UNUSED_FUNCTION = YES;
				GCC_WARN_UNUSED_VARIABLE = YES;
				IPHONEOS_DEPLOYMENT_TARGET = 13.0;
				MTL_ENABLE_DEBUG_INFO = INCLUDE_SOURCE;
				MTL_FAST_MATH = YES;
				ONLY_ACTIVE_ARCH = YES;
				SDKROOT = iphoneos;
				SWIFT_ACTIVE_COMPILATION_CONDITIONS = DEBUG;
				SWIFT_OPTIMIZATION_LEVEL = "-Onone";
				SWIFT_VERSION = "";
			};
			name = Debug;
		};
		585B355A2DF8081900E6E08F /* Release */ = {
			isa = XCBuildConfiguration;
			buildSettings = {
				ALWAYS_SEARCH_USER_PATHS = NO;
				CLANG_ANALYZER_NONNULL = YES;
				CLANG_ANALYZER_NUMBER_OBJECT_CONVERSION = YES_AGGRESSIVE;
				CLANG_CXX_LANGUAGE_STANDARD = "gnu++17";
				CLANG_ENABLE_MODULES = YES;
				CLANG_ENABLE_OBJC_ARC = YES;
				CLANG_ENABLE_OBJC_WEAK = YES;
				CLANG_WARN_BLOCK_CAPTURE_AUTORELEASING = YES;
				CLANG_WARN_BOOL_CONVERSION = YES;
				CLANG_WARN_COMMA = YES;
				CLANG_WARN_CONSTANT_CONVERSION = YES;
				CLANG_WARN_DEPRECATED_OBJC_IMPLEMENTATIONS = YES;
				CLANG_WARN_DIRECT_OBJC_ISA_USAGE = YES_ERROR;
				CLANG_WARN_DOCUMENTATION_COMMENTS = YES;
				CLANG_WARN_EMPTY_BODY = YES;
				CLANG_WARN_ENUM_CONVERSION = YES;
				CLANG_WARN_INFINITE_RECURSION = YES;
				CLANG_WARN_INT_CONVERSION = YES;
				CLANG_WARN_NON_LITERAL_NULL_CONVERSION = YES;
				CLANG_WARN_OBJC_IMPLICIT_RETAIN_SELF = YES;
				CLANG_WARN_OBJC_LITERAL_CONVERSION = YES;
				CLANG_WARN_OBJC_ROOT_CLASS = YES_ERROR;
				CLANG_WARN_RANGE_LOOP_ANALYSIS = YES;
				CLANG_WARN_STRICT_PROTOTYPES = YES;
				CLANG_WARN_SUSPICIOUS_MOVE = YES;
				CLANG_WARN_UNGUARDED_AVAILABILITY = YES_AGGRESSIVE;
				CLANG_WARN_UNREACHABLE_CODE = YES;
				CLANG_WARN__DUPLICATE_METHOD_MATCH = YES;
				COPY_PHASE_STRIP = NO;
				DEBUG_INFORMATION_FORMAT = "dwarf-with-dsym";
				DEVELOPMENT_TEAM = 48Q2YZZG66;
				ENABLE_NS_ASSERTIONS = NO;
				ENABLE_STRICT_OBJC_MSGSEND = YES;
				GCC_C_LANGUAGE_STANDARD = gnu11;
				GCC_NO_COMMON_BLOCKS = YES;
				GCC_WARN_64_TO_32_BIT_CONVERSION = YES;
				GCC_WARN_ABOUT_RETURN_TYPE = YES_ERROR;
				GCC_WARN_UNDECLARED_SELECTOR = YES;
				GCC_WARN_UNINITIALIZED_AUTOS = YES_AGGRESSIVE;
				GCC_WARN_UNUSED_FUNCTION = YES;
				GCC_WARN_UNUSED_VARIABLE = YES;
				IPHONEOS_DEPLOYMENT_TARGET = 13.0;
				MTL_ENABLE_DEBUG_INFO = NO;
				MTL_FAST_MATH = YES;
				SDKROOT = iphoneos;
				SWIFT_COMPILATION_MODE = wholemodule;
				SWIFT_VERSION = "";
				VALIDATE_PRODUCT = YES;
			};
			name = Release;
		};
/* End XCBuildConfiguration section */

/* Begin XCConfigurationList section */
		585B353E2DF8081800E6E08F /* Build configuration list for PBXProject "SwiftVerify" */ = {
			isa = XCConfigurationList;
			buildConfigurations = (
				585B35592DF8081900E6E08F /* Debug */,
				585B355A2DF8081900E6E08F /* Release */,
			);
			defaultConfigurationIsVisible = 0;
			defaultConfigurationName = Release;
		};
		585B35562DF8081900E6E08F /* Build configuration list for PBXNativeTarget "SwiftVerify" */ = {
			isa = XCConfigurationList;
			buildConfigurations = (
				585B35572DF8081900E6E08F /* Debug */,
				585B35582DF8081900E6E08F /* Release */,
			);
			defaultConfigurationIsVisible = 0;
			defaultConfigurationName = Release;
		};
/* End XCConfigurationList section */
	};
	rootObject = 585B353B2DF8081800E6E08F /* Project object */;
}
